
Microsoft Visual Studio Solution File, Format Version 9.00
# Visual Studio 2005
Project("{8BC9CEB8-8B4A-11D0-8D11-00A0C91BC942}") = "TripServer", "TripServer.vcproj", "{C0930BA9-7766-4B04-8981-6327124CE414}"
	ProjectSection(ProjectDependencies) = postProject
		{EA4679E5-59DC-4D50-943B-F658BF2C68A4} = {EA4679E5-59DC-4D50-943B-F658BF2C68A4}
		{C0DEE18A-189A-444C-99E2-BCF2FE865792} = {C0DEE18A-189A-444C-99E2-BCF2FE865792}
		{9F8ECD24-A06B-4F6D-BF2C-B51334E14C0F} = {9F8ECD24-A06B-4F6D-BF2C-B51334E14C0F}
	EndProjectSection
EndProject
Project("{8BC9CEB8-8B4A-11D0-8D11-00A0C91BC942}") = "DataPostHouse", "..\..\..\Common\DataPostHouse\DataPostHouse.vcproj", "{EA4679E5-59DC-4D50-943B-F658BF2C68A4}"
EndProject
Project("{8BC9CEB8-8B4A-11D0-8D11-00A0C91BC942}") = "TianShanIce", "..\..\Ice\TianShanIce.vcproj", "{9F8ECD24-A06B-4F6D-BF2C-B51334E14C0F}"
EndProject
Project("{8BC9CEB8-8B4A-11D0-8D11-00A0C91BC942}") = "ZQCommonStlp", "..\..\..\Common\dll\ZQCommonStlp.vcproj", "{C0DEE18A-189A-444C-99E2-BCF2FE865792}"
EndProject
Project("{8BC9CEB8-8B4A-11D0-8D11-00A0C91BC942}") = "TripClient", "..\TripClient\CRG_Client.vcproj", "{92DA032A-8268-4AE8-9DC3-889DC3C39709}"
	ProjectSection(ProjectDependencies) = postProject
		{9F8ECD24-A06B-4F6D-BF2C-B51334E14C0F} = {9F8ECD24-A06B-4F6D-BF2C-B51334E14C0F}
		{C0DEE18A-189A-444C-99E2-BCF2FE865792} = {C0DEE18A-189A-444C-99E2-BCF2FE865792}
		{EA4679E5-59DC-4D50-943B-F658BF2C68A4} = {EA4679E5-59DC-4D50-943B-F658BF2C68A4}
	EndProjectSection
EndProject
Global
	GlobalSection(SolutionConfigurationPlatforms) = preSolution
		Debug|Win32 = Debug|Win32
		Debug|x64 = Debug|x64
		Java|Win32 = Java|Win32
		Java|x64 = Java|x64
		Release|Win32 = Release|Win32
		Release|x64 = Release|x64
	EndGlobalSection
	GlobalSection(ProjectConfigurationPlatforms) = postSolution
		{C0930BA9-7766-4B04-8981-6327124CE414}.Debug|Win32.ActiveCfg = Debug|Win32
		{C0930BA9-7766-4B04-8981-6327124CE414}.Debug|Win32.Build.0 = Debug|Win32
		{C0930BA9-7766-4B04-8981-6327124CE414}.Debug|x64.ActiveCfg = Debug|Win32
		{C0930BA9-7766-4B04-8981-6327124CE414}.Java|Win32.ActiveCfg = Release|Win32
		{C0930BA9-7766-4B04-8981-6327124CE414}.Java|Win32.Build.0 = Release|Win32
		{C0930BA9-7766-4B04-8981-6327124CE414}.Java|x64.ActiveCfg = Release|Win32
		{C0930BA9-7766-4B04-8981-6327124CE414}.Release|Win32.ActiveCfg = Release|Win32
		{C0930BA9-7766-4B04-8981-6327124CE414}.Release|Win32.Build.0 = Release|Win32
		{C0930BA9-7766-4B04-8981-6327124CE414}.Release|x64.ActiveCfg = Release|Win32
		{EA4679E5-59DC-4D50-943B-F658BF2C68A4}.Debug|Win32.ActiveCfg = Debug|Win32
		{EA4679E5-59DC-4D50-943B-F658BF2C68A4}.Debug|Win32.Build.0 = Debug|Win32
		{EA4679E5-59DC-4D50-943B-F658BF2C68A4}.Debug|x64.ActiveCfg = Debug|x64
		{EA4679E5-59DC-4D50-943B-F658BF2C68A4}.Debug|x64.Build.0 = Debug|x64
		{EA4679E5-59DC-4D50-943B-F658BF2C68A4}.Java|Win32.ActiveCfg = Release|x64
		{EA4679E5-59DC-4D50-943B-F658BF2C68A4}.Java|x64.ActiveCfg = Release|x64
		{EA4679E5-59DC-4D50-943B-F658BF2C68A4}.Java|x64.Build.0 = Release|x64
		{EA4679E5-59DC-4D50-943B-F658BF2C68A4}.Release|Win32.ActiveCfg = Release|Win32
		{EA4679E5-59DC-4D50-943B-F658BF2C68A4}.Release|Win32.Build.0 = Release|Win32
		{EA4679E5-59DC-4D50-943B-F658BF2C68A4}.Release|x64.ActiveCfg = Release|x64
		{EA4679E5-59DC-4D50-943B-F658BF2C68A4}.Release|x64.Build.0 = Release|x64
		{9F8ECD24-A06B-4F6D-BF2C-B51334E14C0F}.Debug|Win32.ActiveCfg = Debug|Win32
		{9F8ECD24-A06B-4F6D-BF2C-B51334E14C0F}.Debug|Win32.Build.0 = Debug|Win32
		{9F8ECD24-A06B-4F6D-BF2C-B51334E14C0F}.Debug|x64.ActiveCfg = Debug|x64
		{9F8ECD24-A06B-4F6D-BF2C-B51334E14C0F}.Debug|x64.Build.0 = Debug|x64
		{9F8ECD24-A06B-4F6D-BF2C-B51334E14C0F}.Java|Win32.ActiveCfg = Java|Win32
		{9F8ECD24-A06B-4F6D-BF2C-B51334E14C0F}.Java|Win32.Build.0 = Java|Win32
		{9F8ECD24-A06B-4F6D-BF2C-B51334E14C0F}.Java|x64.ActiveCfg = Java|x64
		{9F8ECD24-A06B-4F6D-BF2C-B51334E14C0F}.Java|x64.Build.0 = Java|x64
		{9F8ECD24-A06B-4F6D-BF2C-B51334E14C0F}.Release|Win32.ActiveCfg = Release|Win32
		{9F8ECD24-A06B-4F6D-BF2C-B51334E14C0F}.Release|Win32.Build.0 = Release|Win32
		{9F8ECD24-A06B-4F6D-BF2C-B51334E14C0F}.Release|x64.ActiveCfg = Release|x64
		{9F8ECD24-A06B-4F6D-BF2C-B51334E14C0F}.Release|x64.Build.0 = Release|x64
		{C0DEE18A-189A-444C-99E2-BCF2FE865792}.Debug|Win32.ActiveCfg = Debug|Win32
		{C0DEE18A-189A-444C-99E2-BCF2FE865792}.Debug|Win32.Build.0 = Debug|Win32
		{C0DEE18A-189A-444C-99E2-BCF2FE865792}.Debug|x64.ActiveCfg = Debug|x64
		{C0DEE18A-189A-444C-99E2-BCF2FE865792}.Debug|x64.Build.0 = Debug|x64
		{C0DEE18A-189A-444C-99E2-BCF2FE865792}.Java|Win32.ActiveCfg = Debug|x64
		{C0DEE18A-189A-444C-99E2-BCF2FE865792}.Java|x64.ActiveCfg = Debug|x64
		{C0DEE18A-189A-444C-99E2-BCF2FE865792}.Java|x64.Build.0 = Debug|x64
		{C0DEE18A-189A-444C-99E2-BCF2FE865792}.Release|Win32.ActiveCfg = Release|Win32
		{C0DEE18A-189A-444C-99E2-BCF2FE865792}.Release|Win32.Build.0 = Release|Win32
		{C0DEE18A-189A-444C-99E2-BCF2FE865792}.Release|x64.ActiveCfg = Release|x64
		{C0DEE18A-189A-444C-99E2-BCF2FE865792}.Release|x64.Build.0 = Release|x64
		{92DA032A-8268-4AE8-9DC3-889DC3C39709}.Debug|Win32.ActiveCfg = Debug|Win32
		{92DA032A-8268-4AE8-9DC3-889DC3C39709}.Debug|Win32.Build.0 = Debug|Win32
		{92DA032A-8268-4AE8-9DC3-889DC3C39709}.Debug|x64.ActiveCfg = Debug|Win32
		{92DA032A-8268-4AE8-9DC3-889DC3C39709}.Java|Win32.ActiveCfg = Release|Win32
		{92DA032A-8268-4AE8-9DC3-889DC3C39709}.Java|Win32.Build.0 = Release|Win32
		{92DA032A-8268-4AE8-9DC3-889DC3C39709}.Java|x64.ActiveCfg = Release|Win32
		{92DA032A-8268-4AE8-9DC3-889DC3C39709}.Release|Win32.ActiveCfg = Release|Win32
		{92DA032A-8268-4AE8-9DC3-889DC3C39709}.Release|Win32.Build.0 = Release|Win32
		{92DA032A-8268-4AE8-9DC3-889DC3C39709}.Release|x64.ActiveCfg = Release|Win32
	EndGlobalSection
	GlobalSection(SolutionProperties) = preSolution
		HideSolutionNode = FALSE
	EndGlobalSection
EndGlobal
