
Microsoft Visual Studio Solution File, Format Version 9.00
# Visual Studio 2005
Project("{8BC9CEB8-8B4A-11D0-8D11-00A0C91BC942}") = "RtspParser", "..\..\..\COMMON\Rtsp\RtspParser\RtspParser.vcproj", "{C369D53E-858C-4282-9E12-6129BA529839}"
EndProject
Project("{8BC9CEB8-8B4A-11D0-8D11-00A0C91BC942}") = "ServiceFrame", "..\..\..\COMMON\ServiceFrame\Lib\ServiceFrame.vcproj", "{521B27CB-C9E7-4ED4-BB65-BF1F9FE84138}"
EndProject
Project("{8BC9CEB8-8B4A-11D0-8D11-00A0C91BC942}") = "TianShanShell", "..\..\Shell\ZQShell\TianShanShell.vcproj", "{8162B094-7F98-42D1-9DF1-9EDE698A4598}"
	ProjectSection(ProjectDependencies) = postProject
		{8E824A81-8EBB-453E-8EBA-6362F6F31AFB} = {8E824A81-8EBB-453E-8EBA-6362F6F31AFB}
		{C0DEE18A-189A-444C-99E2-BCF2FE865792} = {C0DEE18A-189A-444C-99E2-BCF2FE865792}
		{EC152ADA-BADB-4312-8BB3-106264D9F149} = {EC152ADA-BADB-4312-8BB3-106264D9F149}
		{A94D8EEC-4B58-4811-961F-3AA78BAA6C87} = {A94D8EEC-4B58-4811-961F-3AA78BAA6C87}
	EndProjectSection
EndProject
Project("{8BC9CEB8-8B4A-11D0-8D11-00A0C91BC942}") = "ZQAppshell", "..\..\Shell\zqappshell\zqappshell.vcproj", "{8E824A81-8EBB-453E-8EBA-6362F6F31AFB}"
EndProject
Project("{8BC9CEB8-8B4A-11D0-8D11-00A0C91BC942}") = "ZQCfgPkg", "..\..\Shell\ZQCfgPkg\ZQcfgpkg.vcproj", "{EC152ADA-BADB-4312-8BB3-106264D9F149}"
EndProject
Project("{8BC9CEB8-8B4A-11D0-8D11-00A0C91BC942}") = "ZQCommonStlp", "..\..\..\COMMON\dll\ZQCommonStlp.vcproj", "{C0DEE18A-189A-444C-99E2-BCF2FE865792}"
EndProject
Project("{8BC9CEB8-8B4A-11D0-8D11-00A0C91BC942}") = "ZQSNMPManPkg", "..\..\Shell\zqsnmpmanpkg\ZQSNMPManPkg.vcproj", "{A94D8EEC-4B58-4811-961F-3AA78BAA6C87}"
	ProjectSection(ProjectDependencies) = postProject
		{C0DEE18A-189A-444C-99E2-BCF2FE865792} = {C0DEE18A-189A-444C-99E2-BCF2FE865792}
		{EC152ADA-BADB-4312-8BB3-106264D9F149} = {EC152ADA-BADB-4312-8BB3-106264D9F149}
	EndProjectSection
EndProject
Project("{8BC9CEB8-8B4A-11D0-8D11-00A0C91BC942}") = "ZQShellMsgs", "..\..\Shell\zqshellmsgs\ZQShellMsgs.vcproj", "{7A2946C2-49B6-43E1-AE6B-D7CE019CED73}"
EndProject
Project("{8BC9CEB8-8B4A-11D0-8D11-00A0C91BC942}") = "lscpLib", "..\LSCP\lscpLib\lscpLib.vcproj", "{62C30158-33B2-4B0C-B643-317A75EA4474}"
EndProject
Project("{8BC9CEB8-8B4A-11D0-8D11-00A0C91BC942}") = "rtspProxy", "rtspProxy.vcproj", "{4A36C06A-CD97-4CEA-AF54-39D3C0E54289}"
	ProjectSection(ProjectDependencies) = postProject
		{C369D53E-858C-4282-9E12-6129BA529839} = {C369D53E-858C-4282-9E12-6129BA529839}
		{62C30158-33B2-4B0C-B643-317A75EA4474} = {62C30158-33B2-4B0C-B643-317A75EA4474}
		{8E824A81-8EBB-453E-8EBA-6362F6F31AFB} = {8E824A81-8EBB-453E-8EBA-6362F6F31AFB}
		{C0DEE18A-189A-444C-99E2-BCF2FE865792} = {C0DEE18A-189A-444C-99E2-BCF2FE865792}
		{8162B094-7F98-42D1-9DF1-9EDE698A4598} = {8162B094-7F98-42D1-9DF1-9EDE698A4598}
		{7A2946C2-49B6-43E1-AE6B-D7CE019CED73} = {7A2946C2-49B6-43E1-AE6B-D7CE019CED73}
		{EC152ADA-BADB-4312-8BB3-106264D9F149} = {EC152ADA-BADB-4312-8BB3-106264D9F149}
		{EA4679E5-59DC-4D50-943B-F658BF2C68A4} = {EA4679E5-59DC-4D50-943B-F658BF2C68A4}
		{A94D8EEC-4B58-4811-961F-3AA78BAA6C87} = {A94D8EEC-4B58-4811-961F-3AA78BAA6C87}
	EndProjectSection
EndProject
Project("{8BC9CEB8-8B4A-11D0-8D11-00A0C91BC942}") = "DataPostHouse", "..\..\..\Common\DataPostHouse\DataPostHouse.vcproj", "{EA4679E5-59DC-4D50-943B-F658BF2C68A4}"
EndProject
Project("{8BC9CEB8-8B4A-11D0-8D11-00A0C91BC942}") = "TestDataPostHouse", "..\..\..\Common\DataPostHouse\TestDataPostHouse\TestDataPostHouse.vcproj", "{E65588EF-F69B-4606-AFA5-E57D809FD282}"
EndProject
Global
	GlobalSection(SolutionConfigurationPlatforms) = preSolution
		Debug_Local|Win32 = Debug_Local|Win32
		Debug|Win32 = Debug|Win32
		Release|Win32 = Release|Win32
		Unicode Debug|Win32 = Unicode Debug|Win32
		Unicode Release|Win32 = Unicode Release|Win32
	EndGlobalSection
	GlobalSection(ProjectConfigurationPlatforms) = postSolution
		{C369D53E-858C-4282-9E12-6129BA529839}.Debug_Local|Win32.ActiveCfg = Debug_Local|Win32
		{C369D53E-858C-4282-9E12-6129BA529839}.Debug_Local|Win32.Build.0 = Debug_Local|Win32
		{C369D53E-858C-4282-9E12-6129BA529839}.Debug|Win32.ActiveCfg = Debug|Win32
		{C369D53E-858C-4282-9E12-6129BA529839}.Debug|Win32.Build.0 = Debug|Win32
		{C369D53E-858C-4282-9E12-6129BA529839}.Release|Win32.ActiveCfg = Release|Win32
		{C369D53E-858C-4282-9E12-6129BA529839}.Release|Win32.Build.0 = Release|Win32
		{C369D53E-858C-4282-9E12-6129BA529839}.Unicode Debug|Win32.ActiveCfg = Debug|Win32
		{C369D53E-858C-4282-9E12-6129BA529839}.Unicode Debug|Win32.Build.0 = Debug|Win32
		{C369D53E-858C-4282-9E12-6129BA529839}.Unicode Release|Win32.ActiveCfg = Release|Win32
		{C369D53E-858C-4282-9E12-6129BA529839}.Unicode Release|Win32.Build.0 = Release|Win32
		{521B27CB-C9E7-4ED4-BB65-BF1F9FE84138}.Debug_Local|Win32.ActiveCfg = Debug|Win32
		{521B27CB-C9E7-4ED4-BB65-BF1F9FE84138}.Debug_Local|Win32.Build.0 = Debug|Win32
		{521B27CB-C9E7-4ED4-BB65-BF1F9FE84138}.Debug|Win32.ActiveCfg = Debug|Win32
		{521B27CB-C9E7-4ED4-BB65-BF1F9FE84138}.Debug|Win32.Build.0 = Debug|Win32
		{521B27CB-C9E7-4ED4-BB65-BF1F9FE84138}.Release|Win32.ActiveCfg = Release|Win32
		{521B27CB-C9E7-4ED4-BB65-BF1F9FE84138}.Release|Win32.Build.0 = Release|Win32
		{521B27CB-C9E7-4ED4-BB65-BF1F9FE84138}.Unicode Debug|Win32.ActiveCfg = Debug|Win32
		{521B27CB-C9E7-4ED4-BB65-BF1F9FE84138}.Unicode Debug|Win32.Build.0 = Debug|Win32
		{521B27CB-C9E7-4ED4-BB65-BF1F9FE84138}.Unicode Release|Win32.ActiveCfg = Release|Win32
		{521B27CB-C9E7-4ED4-BB65-BF1F9FE84138}.Unicode Release|Win32.Build.0 = Release|Win32
		{8162B094-7F98-42D1-9DF1-9EDE698A4598}.Debug_Local|Win32.ActiveCfg = Debug|Win32
		{8162B094-7F98-42D1-9DF1-9EDE698A4598}.Debug_Local|Win32.Build.0 = Debug|Win32
		{8162B094-7F98-42D1-9DF1-9EDE698A4598}.Debug|Win32.ActiveCfg = Debug|Win32
		{8162B094-7F98-42D1-9DF1-9EDE698A4598}.Debug|Win32.Build.0 = Debug|Win32
		{8162B094-7F98-42D1-9DF1-9EDE698A4598}.Release|Win32.ActiveCfg = Release|Win32
		{8162B094-7F98-42D1-9DF1-9EDE698A4598}.Release|Win32.Build.0 = Release|Win32
		{8162B094-7F98-42D1-9DF1-9EDE698A4598}.Unicode Debug|Win32.ActiveCfg = Unicode Debug|Win32
		{8162B094-7F98-42D1-9DF1-9EDE698A4598}.Unicode Debug|Win32.Build.0 = Unicode Debug|Win32
		{8162B094-7F98-42D1-9DF1-9EDE698A4598}.Unicode Release|Win32.ActiveCfg = Unicode Release|Win32
		{8162B094-7F98-42D1-9DF1-9EDE698A4598}.Unicode Release|Win32.Build.0 = Unicode Release|Win32
		{8E824A81-8EBB-453E-8EBA-6362F6F31AFB}.Debug_Local|Win32.ActiveCfg = Debug|Win32
		{8E824A81-8EBB-453E-8EBA-6362F6F31AFB}.Debug_Local|Win32.Build.0 = Debug|Win32
		{8E824A81-8EBB-453E-8EBA-6362F6F31AFB}.Debug|Win32.ActiveCfg = Debug|Win32
		{8E824A81-8EBB-453E-8EBA-6362F6F31AFB}.Debug|Win32.Build.0 = Debug|Win32
		{8E824A81-8EBB-453E-8EBA-6362F6F31AFB}.Release|Win32.ActiveCfg = Release|Win32
		{8E824A81-8EBB-453E-8EBA-6362F6F31AFB}.Release|Win32.Build.0 = Release|Win32
		{8E824A81-8EBB-453E-8EBA-6362F6F31AFB}.Unicode Debug|Win32.ActiveCfg = Unicode Debug|Win32
		{8E824A81-8EBB-453E-8EBA-6362F6F31AFB}.Unicode Debug|Win32.Build.0 = Unicode Debug|Win32
		{8E824A81-8EBB-453E-8EBA-6362F6F31AFB}.Unicode Release|Win32.ActiveCfg = Unicode Release|Win32
		{8E824A81-8EBB-453E-8EBA-6362F6F31AFB}.Unicode Release|Win32.Build.0 = Unicode Release|Win32
		{EC152ADA-BADB-4312-8BB3-106264D9F149}.Debug_Local|Win32.ActiveCfg = Debug|Win32
		{EC152ADA-BADB-4312-8BB3-106264D9F149}.Debug_Local|Win32.Build.0 = Debug|Win32
		{EC152ADA-BADB-4312-8BB3-106264D9F149}.Debug|Win32.ActiveCfg = Debug|Win32
		{EC152ADA-BADB-4312-8BB3-106264D9F149}.Debug|Win32.Build.0 = Debug|Win32
		{EC152ADA-BADB-4312-8BB3-106264D9F149}.Release|Win32.ActiveCfg = Release|Win32
		{EC152ADA-BADB-4312-8BB3-106264D9F149}.Release|Win32.Build.0 = Release|Win32
		{EC152ADA-BADB-4312-8BB3-106264D9F149}.Unicode Debug|Win32.ActiveCfg = Unicode Debug|Win32
		{EC152ADA-BADB-4312-8BB3-106264D9F149}.Unicode Debug|Win32.Build.0 = Unicode Debug|Win32
		{EC152ADA-BADB-4312-8BB3-106264D9F149}.Unicode Release|Win32.ActiveCfg = Unicode Release|Win32
		{EC152ADA-BADB-4312-8BB3-106264D9F149}.Unicode Release|Win32.Build.0 = Unicode Release|Win32
		{C0DEE18A-189A-444C-99E2-BCF2FE865792}.Debug_Local|Win32.ActiveCfg = Debug|Win32
		{C0DEE18A-189A-444C-99E2-BCF2FE865792}.Debug_Local|Win32.Build.0 = Debug|Win32
		{C0DEE18A-189A-444C-99E2-BCF2FE865792}.Debug|Win32.ActiveCfg = Debug|Win32
		{C0DEE18A-189A-444C-99E2-BCF2FE865792}.Debug|Win32.Build.0 = Debug|Win32
		{C0DEE18A-189A-444C-99E2-BCF2FE865792}.Release|Win32.ActiveCfg = Release|Win32
		{C0DEE18A-189A-444C-99E2-BCF2FE865792}.Release|Win32.Build.0 = Release|Win32
		{C0DEE18A-189A-444C-99E2-BCF2FE865792}.Unicode Debug|Win32.ActiveCfg = Debug|Win32
		{C0DEE18A-189A-444C-99E2-BCF2FE865792}.Unicode Debug|Win32.Build.0 = Debug|Win32
		{C0DEE18A-189A-444C-99E2-BCF2FE865792}.Unicode Release|Win32.ActiveCfg = Release|Win32
		{C0DEE18A-189A-444C-99E2-BCF2FE865792}.Unicode Release|Win32.Build.0 = Release|Win32
		{A94D8EEC-4B58-4811-961F-3AA78BAA6C87}.Debug_Local|Win32.ActiveCfg = Debug|Win32
		{A94D8EEC-4B58-4811-961F-3AA78BAA6C87}.Debug_Local|Win32.Build.0 = Debug|Win32
		{A94D8EEC-4B58-4811-961F-3AA78BAA6C87}.Debug|Win32.ActiveCfg = Debug|Win32
		{A94D8EEC-4B58-4811-961F-3AA78BAA6C87}.Debug|Win32.Build.0 = Debug|Win32
		{A94D8EEC-4B58-4811-961F-3AA78BAA6C87}.Release|Win32.ActiveCfg = Release|Win32
		{A94D8EEC-4B58-4811-961F-3AA78BAA6C87}.Release|Win32.Build.0 = Release|Win32
		{A94D8EEC-4B58-4811-961F-3AA78BAA6C87}.Unicode Debug|Win32.ActiveCfg = Unicode Debug|Win32
		{A94D8EEC-4B58-4811-961F-3AA78BAA6C87}.Unicode Debug|Win32.Build.0 = Unicode Debug|Win32
		{A94D8EEC-4B58-4811-961F-3AA78BAA6C87}.Unicode Release|Win32.ActiveCfg = Unicode Release|Win32
		{A94D8EEC-4B58-4811-961F-3AA78BAA6C87}.Unicode Release|Win32.Build.0 = Unicode Release|Win32
		{7A2946C2-49B6-43E1-AE6B-D7CE019CED73}.Debug_Local|Win32.ActiveCfg = Debug|Win32
		{7A2946C2-49B6-43E1-AE6B-D7CE019CED73}.Debug_Local|Win32.Build.0 = Debug|Win32
		{7A2946C2-49B6-43E1-AE6B-D7CE019CED73}.Debug|Win32.ActiveCfg = Debug|Win32
		{7A2946C2-49B6-43E1-AE6B-D7CE019CED73}.Debug|Win32.Build.0 = Debug|Win32
		{7A2946C2-49B6-43E1-AE6B-D7CE019CED73}.Release|Win32.ActiveCfg = Release|Win32
		{7A2946C2-49B6-43E1-AE6B-D7CE019CED73}.Release|Win32.Build.0 = Release|Win32
		{7A2946C2-49B6-43E1-AE6B-D7CE019CED73}.Unicode Debug|Win32.ActiveCfg = Unicode Debug|Win32
		{7A2946C2-49B6-43E1-AE6B-D7CE019CED73}.Unicode Debug|Win32.Build.0 = Unicode Debug|Win32
		{7A2946C2-49B6-43E1-AE6B-D7CE019CED73}.Unicode Release|Win32.ActiveCfg = Unicode Release|Win32
		{7A2946C2-49B6-43E1-AE6B-D7CE019CED73}.Unicode Release|Win32.Build.0 = Unicode Release|Win32
		{62C30158-33B2-4B0C-B643-317A75EA4474}.Debug_Local|Win32.ActiveCfg = Debug|Win32
		{62C30158-33B2-4B0C-B643-317A75EA4474}.Debug_Local|Win32.Build.0 = Debug|Win32
		{62C30158-33B2-4B0C-B643-317A75EA4474}.Debug|Win32.ActiveCfg = Debug|Win32
		{62C30158-33B2-4B0C-B643-317A75EA4474}.Debug|Win32.Build.0 = Debug|Win32
		{62C30158-33B2-4B0C-B643-317A75EA4474}.Release|Win32.ActiveCfg = Release|Win32
		{62C30158-33B2-4B0C-B643-317A75EA4474}.Release|Win32.Build.0 = Release|Win32
		{62C30158-33B2-4B0C-B643-317A75EA4474}.Unicode Debug|Win32.ActiveCfg = Debug|Win32
		{62C30158-33B2-4B0C-B643-317A75EA4474}.Unicode Debug|Win32.Build.0 = Debug|Win32
		{62C30158-33B2-4B0C-B643-317A75EA4474}.Unicode Release|Win32.ActiveCfg = Release|Win32
		{62C30158-33B2-4B0C-B643-317A75EA4474}.Unicode Release|Win32.Build.0 = Release|Win32
		{4A36C06A-CD97-4CEA-AF54-39D3C0E54289}.Debug_Local|Win32.ActiveCfg = Debug|Win32
		{4A36C06A-CD97-4CEA-AF54-39D3C0E54289}.Debug_Local|Win32.Build.0 = Debug|Win32
		{4A36C06A-CD97-4CEA-AF54-39D3C0E54289}.Debug|Win32.ActiveCfg = Debug|Win32
		{4A36C06A-CD97-4CEA-AF54-39D3C0E54289}.Debug|Win32.Build.0 = Debug|Win32
		{4A36C06A-CD97-4CEA-AF54-39D3C0E54289}.Release|Win32.ActiveCfg = Release|Win32
		{4A36C06A-CD97-4CEA-AF54-39D3C0E54289}.Release|Win32.Build.0 = Release|Win32
		{4A36C06A-CD97-4CEA-AF54-39D3C0E54289}.Unicode Debug|Win32.ActiveCfg = Debug|Win32
		{4A36C06A-CD97-4CEA-AF54-39D3C0E54289}.Unicode Debug|Win32.Build.0 = Debug|Win32
		{4A36C06A-CD97-4CEA-AF54-39D3C0E54289}.Unicode Release|Win32.ActiveCfg = Release|Win32
		{4A36C06A-CD97-4CEA-AF54-39D3C0E54289}.Unicode Release|Win32.Build.0 = Release|Win32
		{EA4679E5-59DC-4D50-943B-F658BF2C68A4}.Debug_Local|Win32.ActiveCfg = Debug|Win32
		{EA4679E5-59DC-4D50-943B-F658BF2C68A4}.Debug_Local|Win32.Build.0 = Debug|Win32
		{EA4679E5-59DC-4D50-943B-F658BF2C68A4}.Debug|Win32.ActiveCfg = Debug|Win32
		{EA4679E5-59DC-4D50-943B-F658BF2C68A4}.Debug|Win32.Build.0 = Debug|Win32
		{EA4679E5-59DC-4D50-943B-F658BF2C68A4}.Release|Win32.ActiveCfg = Release|Win32
		{EA4679E5-59DC-4D50-943B-F658BF2C68A4}.Release|Win32.Build.0 = Release|Win32
		{EA4679E5-59DC-4D50-943B-F658BF2C68A4}.Unicode Debug|Win32.ActiveCfg = Debug|Win32
		{EA4679E5-59DC-4D50-943B-F658BF2C68A4}.Unicode Debug|Win32.Build.0 = Debug|Win32
		{EA4679E5-59DC-4D50-943B-F658BF2C68A4}.Unicode Release|Win32.ActiveCfg = Release|Win32
		{EA4679E5-59DC-4D50-943B-F658BF2C68A4}.Unicode Release|Win32.Build.0 = Release|Win32
		{E65588EF-F69B-4606-AFA5-E57D809FD282}.Debug_Local|Win32.ActiveCfg = Debug|Win32
		{E65588EF-F69B-4606-AFA5-E57D809FD282}.Debug_Local|Win32.Build.0 = Debug|Win32
		{E65588EF-F69B-4606-AFA5-E57D809FD282}.Debug|Win32.ActiveCfg = Debug|Win32
		{E65588EF-F69B-4606-AFA5-E57D809FD282}.Debug|Win32.Build.0 = Debug|Win32
		{E65588EF-F69B-4606-AFA5-E57D809FD282}.Release|Win32.ActiveCfg = Release|Win32
		{E65588EF-F69B-4606-AFA5-E57D809FD282}.Release|Win32.Build.0 = Release|Win32
		{E65588EF-F69B-4606-AFA5-E57D809FD282}.Unicode Debug|Win32.ActiveCfg = Debug|Win32
		{E65588EF-F69B-4606-AFA5-E57D809FD282}.Unicode Debug|Win32.Build.0 = Debug|Win32
		{E65588EF-F69B-4606-AFA5-E57D809FD282}.Unicode Release|Win32.ActiveCfg = Release|Win32
		{E65588EF-F69B-4606-AFA5-E57D809FD282}.Unicode Release|Win32.Build.0 = Release|Win32
	EndGlobalSection
	GlobalSection(SolutionProperties) = preSolution
		HideSolutionNode = FALSE
	EndGlobalSection
EndGlobal
