
Microsoft Visual Studio Solution File, Format Version 9.00
# Visual Studio 2005
Project("{8BC9CEB8-8B4A-11D0-8D11-00A0C91BC942}") = "EdgeRMService", "EdgeRMService.vcproj", "{B9808E68-1445-490C-A635-98AADFDC8576}"
	ProjectSection(ProjectDependencies) = postProject
		{7A2946C2-49B6-43E1-AE6B-D7CE019CED73} = {7A2946C2-49B6-43E1-AE6B-D7CE019CED73}
		{09620FE8-59EF-407E-8DB1-FBDA089BF8BC} = {09620FE8-59EF-407E-8DB1-FBDA089BF8BC}
		{EC152ADA-BADB-4312-8BB3-106264D9F149} = {EC152ADA-BADB-4312-8BB3-106264D9F149}
		{EA4679E5-59DC-4D50-943B-F658BF2C68A4} = {EA4679E5-59DC-4D50-943B-F658BF2C68A4}
		{AF4C8F39-3AB3-43C5-A36E-0628D5C334CD} = {AF4C8F39-3AB3-43C5-A36E-0628D5C334CD}
		{8E824A81-8EBB-453E-8EBA-6362F6F31AFB} = {8E824A81-8EBB-453E-8EBA-6362F6F31AFB}
		{C0DEE18A-189A-444C-99E2-BCF2FE865792} = {C0DEE18A-189A-444C-99E2-BCF2FE865792}
		{8162B094-7F98-42D1-9DF1-9EDE698A4598} = {8162B094-7F98-42D1-9DF1-9EDE698A4598}
		{A94D8EEC-4B58-4811-961F-3AA78BAA6C87} = {A94D8EEC-4B58-4811-961F-3AA78BAA6C87}
		{23E7B8D4-8231-4227-9AAF-27DB05E8B608} = {23E7B8D4-8231-4227-9AAF-27DB05E8B608}
		{9F8ECD24-A06B-4F6D-BF2C-B51334E14C0F} = {9F8ECD24-A06B-4F6D-BF2C-B51334E14C0F}
		{5CC530C9-A905-4393-B624-4530C393A82D} = {5CC530C9-A905-4393-B624-4530C393A82D}
	EndProjectSection
EndProject
Project("{8BC9CEB8-8B4A-11D0-8D11-00A0C91BC942}") = "ZQCommonStlp", "..\..\..\Common\dll\ZQCommonStlp.vcproj", "{C0DEE18A-189A-444C-99E2-BCF2FE865792}"
EndProject
Project("{8BC9CEB8-8B4A-11D0-8D11-00A0C91BC942}") = "TianShanCommon", "..\..\common\TianShanCommon.vcproj", "{AF4C8F39-3AB3-43C5-A36E-0628D5C334CD}"
EndProject
Project("{8BC9CEB8-8B4A-11D0-8D11-00A0C91BC942}") = "TianShanIce", "..\..\Ice\TianShanIce.vcproj", "{9F8ECD24-A06B-4F6D-BF2C-B51334E14C0F}"
EndProject
Project("{8BC9CEB8-8B4A-11D0-8D11-00A0C91BC942}") = "ZQAppshell", "..\..\Shell\ZQAppShell\zqappshell.vcproj", "{8E824A81-8EBB-453E-8EBA-6362F6F31AFB}"
	ProjectSection(ProjectDependencies) = postProject
		{7A2946C2-49B6-43E1-AE6B-D7CE019CED73} = {7A2946C2-49B6-43E1-AE6B-D7CE019CED73}
	EndProjectSection
EndProject
Project("{8BC9CEB8-8B4A-11D0-8D11-00A0C91BC942}") = "ZQCfgPkg", "..\..\Shell\ZQCfgPkg\ZQcfgpkg.vcproj", "{EC152ADA-BADB-4312-8BB3-106264D9F149}"
	ProjectSection(ProjectDependencies) = postProject
		{C0DEE18A-189A-444C-99E2-BCF2FE865792} = {C0DEE18A-189A-444C-99E2-BCF2FE865792}
	EndProjectSection
EndProject
Project("{8BC9CEB8-8B4A-11D0-8D11-00A0C91BC942}") = "TianShanShell", "..\..\Shell\ZQShell\TianShanShell.vcproj", "{8162B094-7F98-42D1-9DF1-9EDE698A4598}"
	ProjectSection(ProjectDependencies) = postProject
		{EC152ADA-BADB-4312-8BB3-106264D9F149} = {EC152ADA-BADB-4312-8BB3-106264D9F149}
		{A94D8EEC-4B58-4811-961F-3AA78BAA6C87} = {A94D8EEC-4B58-4811-961F-3AA78BAA6C87}
		{7A2946C2-49B6-43E1-AE6B-D7CE019CED73} = {7A2946C2-49B6-43E1-AE6B-D7CE019CED73}
		{8E824A81-8EBB-453E-8EBA-6362F6F31AFB} = {8E824A81-8EBB-453E-8EBA-6362F6F31AFB}
		{C0DEE18A-189A-444C-99E2-BCF2FE865792} = {C0DEE18A-189A-444C-99E2-BCF2FE865792}
	EndProjectSection
EndProject
Project("{8BC9CEB8-8B4A-11D0-8D11-00A0C91BC942}") = "ZQShellMsgs", "..\..\Shell\ZQShellMsgs\ZQShellMsgs.vcproj", "{7A2946C2-49B6-43E1-AE6B-D7CE019CED73}"
	ProjectSection(ProjectDependencies) = postProject
		{C0DEE18A-189A-444C-99E2-BCF2FE865792} = {C0DEE18A-189A-444C-99E2-BCF2FE865792}
	EndProjectSection
EndProject
Project("{8BC9CEB8-8B4A-11D0-8D11-00A0C91BC942}") = "ZQSNMPManPkg", "..\..\Shell\ZQSNMPManPkg\ZQSNMPManPkg.vcproj", "{A94D8EEC-4B58-4811-961F-3AA78BAA6C87}"
	ProjectSection(ProjectDependencies) = postProject
		{C0DEE18A-189A-444C-99E2-BCF2FE865792} = {C0DEE18A-189A-444C-99E2-BCF2FE865792}
		{EC152ADA-BADB-4312-8BB3-106264D9F149} = {EC152ADA-BADB-4312-8BB3-106264D9F149}
	EndProjectSection
EndProject
Project("{8BC9CEB8-8B4A-11D0-8D11-00A0C91BC942}") = "DataPostHouse", "..\..\..\Common\DataPostHouse\DataPostHouse.vcproj", "{EA4679E5-59DC-4D50-943B-F658BF2C68A4}"
EndProject
Project("{8BC9CEB8-8B4A-11D0-8D11-00A0C91BC942}") = "Pho_ERM", "..\Pho_ERM\Pho_ERM.vcproj", "{49B72BDA-7803-4F44-B885-D40EF0834C2E}"
	ProjectSection(ProjectDependencies) = postProject
		{C0DEE18A-189A-444C-99E2-BCF2FE865792} = {C0DEE18A-189A-444C-99E2-BCF2FE865792}
		{EA4679E5-59DC-4D50-943B-F658BF2C68A4} = {EA4679E5-59DC-4D50-943B-F658BF2C68A4}
		{AF4C8F39-3AB3-43C5-A36E-0628D5C334CD} = {AF4C8F39-3AB3-43C5-A36E-0628D5C334CD}
		{9F8ECD24-A06B-4F6D-BF2C-B51334E14C0F} = {9F8ECD24-A06B-4F6D-BF2C-B51334E14C0F}
	EndProjectSection
EndProject
Project("{8BC9CEB8-8B4A-11D0-8D11-00A0C91BC942}") = "RtspServerLib", "..\..\..\Common\RtspLib\RtspServerLib\RtspServerLib.vcproj", "{23E7B8D4-8231-4227-9AAF-27DB05E8B608}"
	ProjectSection(ProjectDependencies) = postProject
		{EA4679E5-59DC-4D50-943B-F658BF2C68A4} = {EA4679E5-59DC-4D50-943B-F658BF2C68A4}
		{C0DEE18A-189A-444C-99E2-BCF2FE865792} = {C0DEE18A-189A-444C-99E2-BCF2FE865792}
	EndProjectSection
EndProject
Project("{8BC9CEB8-8B4A-11D0-8D11-00A0C91BC942}") = "vrep", "..\..\common\vrep\vrep.vcproj", "{5CC530C9-A905-4393-B624-4530C393A82D}"
	ProjectSection(ProjectDependencies) = postProject
		{C0DEE18A-189A-444C-99E2-BCF2FE865792} = {C0DEE18A-189A-444C-99E2-BCF2FE865792}
	EndProjectSection
EndProject
Project("{8BC9CEB8-8B4A-11D0-8D11-00A0C91BC942}") = "VrepClient", "..\VrepClient\VrepClient.vcproj", "{2520CF78-1B29-42F2-8C24-B974DB345D1D}"
	ProjectSection(ProjectDependencies) = postProject
		{EA4679E5-59DC-4D50-943B-F658BF2C68A4} = {EA4679E5-59DC-4D50-943B-F658BF2C68A4}
		{5CC530C9-A905-4393-B624-4530C393A82D} = {5CC530C9-A905-4393-B624-4530C393A82D}
		{C0DEE18A-189A-444C-99E2-BCF2FE865792} = {C0DEE18A-189A-444C-99E2-BCF2FE865792}
		{AF4C8F39-3AB3-43C5-A36E-0628D5C334CD} = {AF4C8F39-3AB3-43C5-A36E-0628D5C334CD}
		{9F8ECD24-A06B-4F6D-BF2C-B51334E14C0F} = {9F8ECD24-A06B-4F6D-BF2C-B51334E14C0F}
	EndProjectSection
EndProject
Project("{8BC9CEB8-8B4A-11D0-8D11-00A0C91BC942}") = "SnmpLib", "..\..\common\snmp\SnmpLib.vcproj", "{09620FE8-59EF-407E-8DB1-FBDA089BF8BC}"
EndProject
Global
	GlobalSection(SolutionConfigurationPlatforms) = preSolution
		Debug|Win32 = Debug|Win32
		Debug|x64 = Debug|x64
		Java|Win32 = Java|Win32
		Java|x64 = Java|x64
		Release|Win32 = Release|Win32
		Release|x64 = Release|x64
		Unicode Debug|Win32 = Unicode Debug|Win32
		Unicode Debug|x64 = Unicode Debug|x64
		Unicode Release|Win32 = Unicode Release|Win32
		Unicode Release|x64 = Unicode Release|x64
	EndGlobalSection
	GlobalSection(ProjectConfigurationPlatforms) = postSolution
		{B9808E68-1445-490C-A635-98AADFDC8576}.Debug|Win32.ActiveCfg = Debug|Win32
		{B9808E68-1445-490C-A635-98AADFDC8576}.Debug|Win32.Build.0 = Debug|Win32
		{B9808E68-1445-490C-A635-98AADFDC8576}.Debug|x64.ActiveCfg = Debug|x64
		{B9808E68-1445-490C-A635-98AADFDC8576}.Debug|x64.Build.0 = Debug|x64
		{B9808E68-1445-490C-A635-98AADFDC8576}.Java|Win32.ActiveCfg = Release|x64
		{B9808E68-1445-490C-A635-98AADFDC8576}.Java|x64.ActiveCfg = Release|x64
		{B9808E68-1445-490C-A635-98AADFDC8576}.Java|x64.Build.0 = Release|x64
		{B9808E68-1445-490C-A635-98AADFDC8576}.Release|Win32.ActiveCfg = Release|Win32
		{B9808E68-1445-490C-A635-98AADFDC8576}.Release|Win32.Build.0 = Release|Win32
		{B9808E68-1445-490C-A635-98AADFDC8576}.Release|x64.ActiveCfg = Release|x64
		{B9808E68-1445-490C-A635-98AADFDC8576}.Release|x64.Build.0 = Release|x64
		{B9808E68-1445-490C-A635-98AADFDC8576}.Unicode Debug|Win32.ActiveCfg = Debug|Win32
		{B9808E68-1445-490C-A635-98AADFDC8576}.Unicode Debug|Win32.Build.0 = Debug|Win32
		{B9808E68-1445-490C-A635-98AADFDC8576}.Unicode Debug|x64.ActiveCfg = Debug|x64
		{B9808E68-1445-490C-A635-98AADFDC8576}.Unicode Debug|x64.Build.0 = Debug|x64
		{B9808E68-1445-490C-A635-98AADFDC8576}.Unicode Release|Win32.ActiveCfg = Release|Win32
		{B9808E68-1445-490C-A635-98AADFDC8576}.Unicode Release|Win32.Build.0 = Release|Win32
		{B9808E68-1445-490C-A635-98AADFDC8576}.Unicode Release|x64.ActiveCfg = Release|x64
		{B9808E68-1445-490C-A635-98AADFDC8576}.Unicode Release|x64.Build.0 = Release|x64
		{C0DEE18A-189A-444C-99E2-BCF2FE865792}.Debug|Win32.ActiveCfg = Debug|Win32
		{C0DEE18A-189A-444C-99E2-BCF2FE865792}.Debug|Win32.Build.0 = Debug|Win32
		{C0DEE18A-189A-444C-99E2-BCF2FE865792}.Debug|x64.ActiveCfg = Debug|x64
		{C0DEE18A-189A-444C-99E2-BCF2FE865792}.Debug|x64.Build.0 = Debug|x64
		{C0DEE18A-189A-444C-99E2-BCF2FE865792}.Java|Win32.ActiveCfg = Debug|x64
		{C0DEE18A-189A-444C-99E2-BCF2FE865792}.Java|x64.ActiveCfg = Debug|x64
		{C0DEE18A-189A-444C-99E2-BCF2FE865792}.Java|x64.Build.0 = Debug|x64
		{C0DEE18A-189A-444C-99E2-BCF2FE865792}.Release|Win32.ActiveCfg = Release|Win32
		{C0DEE18A-189A-444C-99E2-BCF2FE865792}.Release|Win32.Build.0 = Release|Win32
		{C0DEE18A-189A-444C-99E2-BCF2FE865792}.Release|x64.ActiveCfg = Release|x64
		{C0DEE18A-189A-444C-99E2-BCF2FE865792}.Release|x64.Build.0 = Release|x64
		{C0DEE18A-189A-444C-99E2-BCF2FE865792}.Unicode Debug|Win32.ActiveCfg = Debug|Win32
		{C0DEE18A-189A-444C-99E2-BCF2FE865792}.Unicode Debug|Win32.Build.0 = Debug|Win32
		{C0DEE18A-189A-444C-99E2-BCF2FE865792}.Unicode Debug|x64.ActiveCfg = Debug|x64
		{C0DEE18A-189A-444C-99E2-BCF2FE865792}.Unicode Debug|x64.Build.0 = Debug|x64
		{C0DEE18A-189A-444C-99E2-BCF2FE865792}.Unicode Release|Win32.ActiveCfg = Release|Win32
		{C0DEE18A-189A-444C-99E2-BCF2FE865792}.Unicode Release|Win32.Build.0 = Release|Win32
		{C0DEE18A-189A-444C-99E2-BCF2FE865792}.Unicode Release|x64.ActiveCfg = Release|x64
		{C0DEE18A-189A-444C-99E2-BCF2FE865792}.Unicode Release|x64.Build.0 = Release|x64
		{AF4C8F39-3AB3-43C5-A36E-0628D5C334CD}.Debug|Win32.ActiveCfg = Debug|Win32
		{AF4C8F39-3AB3-43C5-A36E-0628D5C334CD}.Debug|Win32.Build.0 = Debug|Win32
		{AF4C8F39-3AB3-43C5-A36E-0628D5C334CD}.Debug|x64.ActiveCfg = Debug|x64
		{AF4C8F39-3AB3-43C5-A36E-0628D5C334CD}.Debug|x64.Build.0 = Debug|x64
		{AF4C8F39-3AB3-43C5-A36E-0628D5C334CD}.Java|Win32.ActiveCfg = Release|x64
		{AF4C8F39-3AB3-43C5-A36E-0628D5C334CD}.Java|x64.ActiveCfg = Release|x64
		{AF4C8F39-3AB3-43C5-A36E-0628D5C334CD}.Java|x64.Build.0 = Release|x64
		{AF4C8F39-3AB3-43C5-A36E-0628D5C334CD}.Release|Win32.ActiveCfg = Release|Win32
		{AF4C8F39-3AB3-43C5-A36E-0628D5C334CD}.Release|Win32.Build.0 = Release|Win32
		{AF4C8F39-3AB3-43C5-A36E-0628D5C334CD}.Release|x64.ActiveCfg = Release|x64
		{AF4C8F39-3AB3-43C5-A36E-0628D5C334CD}.Release|x64.Build.0 = Release|x64
		{AF4C8F39-3AB3-43C5-A36E-0628D5C334CD}.Unicode Debug|Win32.ActiveCfg = Debug|Win32
		{AF4C8F39-3AB3-43C5-A36E-0628D5C334CD}.Unicode Debug|Win32.Build.0 = Debug|Win32
		{AF4C8F39-3AB3-43C5-A36E-0628D5C334CD}.Unicode Debug|x64.ActiveCfg = Debug|x64
		{AF4C8F39-3AB3-43C5-A36E-0628D5C334CD}.Unicode Debug|x64.Build.0 = Debug|x64
		{AF4C8F39-3AB3-43C5-A36E-0628D5C334CD}.Unicode Release|Win32.ActiveCfg = Release|Win32
		{AF4C8F39-3AB3-43C5-A36E-0628D5C334CD}.Unicode Release|Win32.Build.0 = Release|Win32
		{AF4C8F39-3AB3-43C5-A36E-0628D5C334CD}.Unicode Release|x64.ActiveCfg = Release|x64
		{AF4C8F39-3AB3-43C5-A36E-0628D5C334CD}.Unicode Release|x64.Build.0 = Release|x64
		{9F8ECD24-A06B-4F6D-BF2C-B51334E14C0F}.Debug|Win32.ActiveCfg = Debug|Win32
		{9F8ECD24-A06B-4F6D-BF2C-B51334E14C0F}.Debug|Win32.Build.0 = Debug|Win32
		{9F8ECD24-A06B-4F6D-BF2C-B51334E14C0F}.Debug|x64.ActiveCfg = Debug|x64
		{9F8ECD24-A06B-4F6D-BF2C-B51334E14C0F}.Debug|x64.Build.0 = Debug|x64
		{9F8ECD24-A06B-4F6D-BF2C-B51334E14C0F}.Java|Win32.ActiveCfg = Java|Win32
		{9F8ECD24-A06B-4F6D-BF2C-B51334E14C0F}.Java|Win32.Build.0 = Java|Win32
		{9F8ECD24-A06B-4F6D-BF2C-B51334E14C0F}.Java|x64.ActiveCfg = Java|x64
		{9F8ECD24-A06B-4F6D-BF2C-B51334E14C0F}.Java|x64.Build.0 = Java|x64
		{9F8ECD24-A06B-4F6D-BF2C-B51334E14C0F}.Release|Win32.ActiveCfg = Release|Win32
		{9F8ECD24-A06B-4F6D-BF2C-B51334E14C0F}.Release|Win32.Build.0 = Release|Win32
		{9F8ECD24-A06B-4F6D-BF2C-B51334E14C0F}.Release|x64.ActiveCfg = Release|x64
		{9F8ECD24-A06B-4F6D-BF2C-B51334E14C0F}.Release|x64.Build.0 = Release|x64
		{9F8ECD24-A06B-4F6D-BF2C-B51334E14C0F}.Unicode Debug|Win32.ActiveCfg = Debug|Win32
		{9F8ECD24-A06B-4F6D-BF2C-B51334E14C0F}.Unicode Debug|Win32.Build.0 = Debug|Win32
		{9F8ECD24-A06B-4F6D-BF2C-B51334E14C0F}.Unicode Debug|x64.ActiveCfg = Debug|x64
		{9F8ECD24-A06B-4F6D-BF2C-B51334E14C0F}.Unicode Debug|x64.Build.0 = Debug|x64
		{9F8ECD24-A06B-4F6D-BF2C-B51334E14C0F}.Unicode Release|Win32.ActiveCfg = Release|Win32
		{9F8ECD24-A06B-4F6D-BF2C-B51334E14C0F}.Unicode Release|Win32.Build.0 = Release|Win32
		{9F8ECD24-A06B-4F6D-BF2C-B51334E14C0F}.Unicode Release|x64.ActiveCfg = Release|x64
		{9F8ECD24-A06B-4F6D-BF2C-B51334E14C0F}.Unicode Release|x64.Build.0 = Release|x64
		{8E824A81-8EBB-453E-8EBA-6362F6F31AFB}.Debug|Win32.ActiveCfg = Debug|Win32
		{8E824A81-8EBB-453E-8EBA-6362F6F31AFB}.Debug|Win32.Build.0 = Debug|Win32
		{8E824A81-8EBB-453E-8EBA-6362F6F31AFB}.Debug|x64.ActiveCfg = Debug|x64
		{8E824A81-8EBB-453E-8EBA-6362F6F31AFB}.Debug|x64.Build.0 = Debug|x64
		{8E824A81-8EBB-453E-8EBA-6362F6F31AFB}.Java|Win32.ActiveCfg = Release|x64
		{8E824A81-8EBB-453E-8EBA-6362F6F31AFB}.Java|x64.ActiveCfg = Release|x64
		{8E824A81-8EBB-453E-8EBA-6362F6F31AFB}.Java|x64.Build.0 = Release|x64
		{8E824A81-8EBB-453E-8EBA-6362F6F31AFB}.Release|Win32.ActiveCfg = Release|Win32
		{8E824A81-8EBB-453E-8EBA-6362F6F31AFB}.Release|Win32.Build.0 = Release|Win32
		{8E824A81-8EBB-453E-8EBA-6362F6F31AFB}.Release|x64.ActiveCfg = Release|x64
		{8E824A81-8EBB-453E-8EBA-6362F6F31AFB}.Release|x64.Build.0 = Release|x64
		{8E824A81-8EBB-453E-8EBA-6362F6F31AFB}.Unicode Debug|Win32.ActiveCfg = Debug|Win32
		{8E824A81-8EBB-453E-8EBA-6362F6F31AFB}.Unicode Debug|Win32.Build.0 = Debug|Win32
		{8E824A81-8EBB-453E-8EBA-6362F6F31AFB}.Unicode Debug|x64.ActiveCfg = Debug|x64
		{8E824A81-8EBB-453E-8EBA-6362F6F31AFB}.Unicode Debug|x64.Build.0 = Debug|x64
		{8E824A81-8EBB-453E-8EBA-6362F6F31AFB}.Unicode Release|Win32.ActiveCfg = Release|Win32
		{8E824A81-8EBB-453E-8EBA-6362F6F31AFB}.Unicode Release|Win32.Build.0 = Release|Win32
		{8E824A81-8EBB-453E-8EBA-6362F6F31AFB}.Unicode Release|x64.ActiveCfg = Release|x64
		{8E824A81-8EBB-453E-8EBA-6362F6F31AFB}.Unicode Release|x64.Build.0 = Release|x64
		{EC152ADA-BADB-4312-8BB3-106264D9F149}.Debug|Win32.ActiveCfg = Debug|Win32
		{EC152ADA-BADB-4312-8BB3-106264D9F149}.Debug|Win32.Build.0 = Debug|Win32
		{EC152ADA-BADB-4312-8BB3-106264D9F149}.Debug|x64.ActiveCfg = Debug|x64
		{EC152ADA-BADB-4312-8BB3-106264D9F149}.Debug|x64.Build.0 = Debug|x64
		{EC152ADA-BADB-4312-8BB3-106264D9F149}.Java|Win32.ActiveCfg = Release|x64
		{EC152ADA-BADB-4312-8BB3-106264D9F149}.Java|x64.ActiveCfg = Release|x64
		{EC152ADA-BADB-4312-8BB3-106264D9F149}.Java|x64.Build.0 = Release|x64
		{EC152ADA-BADB-4312-8BB3-106264D9F149}.Release|Win32.ActiveCfg = Release|Win32
		{EC152ADA-BADB-4312-8BB3-106264D9F149}.Release|Win32.Build.0 = Release|Win32
		{EC152ADA-BADB-4312-8BB3-106264D9F149}.Release|x64.ActiveCfg = Release|x64
		{EC152ADA-BADB-4312-8BB3-106264D9F149}.Release|x64.Build.0 = Release|x64
		{EC152ADA-BADB-4312-8BB3-106264D9F149}.Unicode Debug|Win32.ActiveCfg = Debug|Win32
		{EC152ADA-BADB-4312-8BB3-106264D9F149}.Unicode Debug|Win32.Build.0 = Debug|Win32
		{EC152ADA-BADB-4312-8BB3-106264D9F149}.Unicode Debug|x64.ActiveCfg = Debug|x64
		{EC152ADA-BADB-4312-8BB3-106264D9F149}.Unicode Debug|x64.Build.0 = Debug|x64
		{EC152ADA-BADB-4312-8BB3-106264D9F149}.Unicode Release|Win32.ActiveCfg = Release|Win32
		{EC152ADA-BADB-4312-8BB3-106264D9F149}.Unicode Release|Win32.Build.0 = Release|Win32
		{EC152ADA-BADB-4312-8BB3-106264D9F149}.Unicode Release|x64.ActiveCfg = Release|x64
		{EC152ADA-BADB-4312-8BB3-106264D9F149}.Unicode Release|x64.Build.0 = Release|x64
		{8162B094-7F98-42D1-9DF1-9EDE698A4598}.Debug|Win32.ActiveCfg = Debug|Win32
		{8162B094-7F98-42D1-9DF1-9EDE698A4598}.Debug|Win32.Build.0 = Debug|Win32
		{8162B094-7F98-42D1-9DF1-9EDE698A4598}.Debug|x64.ActiveCfg = Debug|x64
		{8162B094-7F98-42D1-9DF1-9EDE698A4598}.Debug|x64.Build.0 = Debug|x64
		{8162B094-7F98-42D1-9DF1-9EDE698A4598}.Java|Win32.ActiveCfg = Debug|x64
		{8162B094-7F98-42D1-9DF1-9EDE698A4598}.Java|x64.ActiveCfg = Debug|x64
		{8162B094-7F98-42D1-9DF1-9EDE698A4598}.Java|x64.Build.0 = Debug|x64
		{8162B094-7F98-42D1-9DF1-9EDE698A4598}.Release|Win32.ActiveCfg = Release|Win32
		{8162B094-7F98-42D1-9DF1-9EDE698A4598}.Release|Win32.Build.0 = Release|Win32
		{8162B094-7F98-42D1-9DF1-9EDE698A4598}.Release|x64.ActiveCfg = Release|x64
		{8162B094-7F98-42D1-9DF1-9EDE698A4598}.Release|x64.Build.0 = Release|x64
		{8162B094-7F98-42D1-9DF1-9EDE698A4598}.Unicode Debug|Win32.ActiveCfg = Debug|Win32
		{8162B094-7F98-42D1-9DF1-9EDE698A4598}.Unicode Debug|Win32.Build.0 = Debug|Win32
		{8162B094-7F98-42D1-9DF1-9EDE698A4598}.Unicode Debug|x64.ActiveCfg = Debug|x64
		{8162B094-7F98-42D1-9DF1-9EDE698A4598}.Unicode Debug|x64.Build.0 = Debug|x64
		{8162B094-7F98-42D1-9DF1-9EDE698A4598}.Unicode Release|Win32.ActiveCfg = Release|Win32
		{8162B094-7F98-42D1-9DF1-9EDE698A4598}.Unicode Release|Win32.Build.0 = Release|Win32
		{8162B094-7F98-42D1-9DF1-9EDE698A4598}.Unicode Release|x64.ActiveCfg = Release|x64
		{8162B094-7F98-42D1-9DF1-9EDE698A4598}.Unicode Release|x64.Build.0 = Release|x64
		{7A2946C2-49B6-43E1-AE6B-D7CE019CED73}.Debug|Win32.ActiveCfg = Debug|Win32
		{7A2946C2-49B6-43E1-AE6B-D7CE019CED73}.Debug|Win32.Build.0 = Debug|Win32
		{7A2946C2-49B6-43E1-AE6B-D7CE019CED73}.Debug|x64.ActiveCfg = Debug|x64
		{7A2946C2-49B6-43E1-AE6B-D7CE019CED73}.Debug|x64.Build.0 = Debug|x64
		{7A2946C2-49B6-43E1-AE6B-D7CE019CED73}.Java|Win32.ActiveCfg = Debug|x64
		{7A2946C2-49B6-43E1-AE6B-D7CE019CED73}.Java|x64.ActiveCfg = Debug|x64
		{7A2946C2-49B6-43E1-AE6B-D7CE019CED73}.Java|x64.Build.0 = Debug|x64
		{7A2946C2-49B6-43E1-AE6B-D7CE019CED73}.Release|Win32.ActiveCfg = Release|Win32
		{7A2946C2-49B6-43E1-AE6B-D7CE019CED73}.Release|Win32.Build.0 = Release|Win32
		{7A2946C2-49B6-43E1-AE6B-D7CE019CED73}.Release|x64.ActiveCfg = Release|x64
		{7A2946C2-49B6-43E1-AE6B-D7CE019CED73}.Release|x64.Build.0 = Release|x64
		{7A2946C2-49B6-43E1-AE6B-D7CE019CED73}.Unicode Debug|Win32.ActiveCfg = Debug|Win32
		{7A2946C2-49B6-43E1-AE6B-D7CE019CED73}.Unicode Debug|Win32.Build.0 = Debug|Win32
		{7A2946C2-49B6-43E1-AE6B-D7CE019CED73}.Unicode Debug|x64.ActiveCfg = Debug|x64
		{7A2946C2-49B6-43E1-AE6B-D7CE019CED73}.Unicode Debug|x64.Build.0 = Debug|x64
		{7A2946C2-49B6-43E1-AE6B-D7CE019CED73}.Unicode Release|Win32.ActiveCfg = Release|Win32
		{7A2946C2-49B6-43E1-AE6B-D7CE019CED73}.Unicode Release|Win32.Build.0 = Release|Win32
		{7A2946C2-49B6-43E1-AE6B-D7CE019CED73}.Unicode Release|x64.ActiveCfg = Release|x64
		{7A2946C2-49B6-43E1-AE6B-D7CE019CED73}.Unicode Release|x64.Build.0 = Release|x64
		{A94D8EEC-4B58-4811-961F-3AA78BAA6C87}.Debug|Win32.ActiveCfg = Debug|Win32
		{A94D8EEC-4B58-4811-961F-3AA78BAA6C87}.Debug|Win32.Build.0 = Debug|Win32
		{A94D8EEC-4B58-4811-961F-3AA78BAA6C87}.Debug|x64.ActiveCfg = Debug|x64
		{A94D8EEC-4B58-4811-961F-3AA78BAA6C87}.Debug|x64.Build.0 = Debug|x64
		{A94D8EEC-4B58-4811-961F-3AA78BAA6C87}.Java|Win32.ActiveCfg = Unicode Debug|x64
		{A94D8EEC-4B58-4811-961F-3AA78BAA6C87}.Java|x64.ActiveCfg = Unicode Debug|x64
		{A94D8EEC-4B58-4811-961F-3AA78BAA6C87}.Java|x64.Build.0 = Unicode Debug|x64
		{A94D8EEC-4B58-4811-961F-3AA78BAA6C87}.Release|Win32.ActiveCfg = Release|Win32
		{A94D8EEC-4B58-4811-961F-3AA78BAA6C87}.Release|Win32.Build.0 = Release|Win32
		{A94D8EEC-4B58-4811-961F-3AA78BAA6C87}.Release|x64.ActiveCfg = Release|x64
		{A94D8EEC-4B58-4811-961F-3AA78BAA6C87}.Release|x64.Build.0 = Release|x64
		{A94D8EEC-4B58-4811-961F-3AA78BAA6C87}.Unicode Debug|Win32.ActiveCfg = Unicode Debug|Win32
		{A94D8EEC-4B58-4811-961F-3AA78BAA6C87}.Unicode Debug|Win32.Build.0 = Unicode Debug|Win32
		{A94D8EEC-4B58-4811-961F-3AA78BAA6C87}.Unicode Debug|x64.ActiveCfg = Unicode Debug|x64
		{A94D8EEC-4B58-4811-961F-3AA78BAA6C87}.Unicode Debug|x64.Build.0 = Unicode Debug|x64
		{A94D8EEC-4B58-4811-961F-3AA78BAA6C87}.Unicode Release|Win32.ActiveCfg = Unicode Release|Win32
		{A94D8EEC-4B58-4811-961F-3AA78BAA6C87}.Unicode Release|Win32.Build.0 = Unicode Release|Win32
		{A94D8EEC-4B58-4811-961F-3AA78BAA6C87}.Unicode Release|x64.ActiveCfg = Unicode Release|x64
		{A94D8EEC-4B58-4811-961F-3AA78BAA6C87}.Unicode Release|x64.Build.0 = Unicode Release|x64
		{EA4679E5-59DC-4D50-943B-F658BF2C68A4}.Debug|Win32.ActiveCfg = Debug|Win32
		{EA4679E5-59DC-4D50-943B-F658BF2C68A4}.Debug|Win32.Build.0 = Debug|Win32
		{EA4679E5-59DC-4D50-943B-F658BF2C68A4}.Debug|x64.ActiveCfg = Debug|x64
		{EA4679E5-59DC-4D50-943B-F658BF2C68A4}.Debug|x64.Build.0 = Debug|x64
		{EA4679E5-59DC-4D50-943B-F658BF2C68A4}.Java|Win32.ActiveCfg = Release|x64
		{EA4679E5-59DC-4D50-943B-F658BF2C68A4}.Java|x64.ActiveCfg = Release|x64
		{EA4679E5-59DC-4D50-943B-F658BF2C68A4}.Java|x64.Build.0 = Release|x64
		{EA4679E5-59DC-4D50-943B-F658BF2C68A4}.Release|Win32.ActiveCfg = Release|Win32
		{EA4679E5-59DC-4D50-943B-F658BF2C68A4}.Release|Win32.Build.0 = Release|Win32
		{EA4679E5-59DC-4D50-943B-F658BF2C68A4}.Release|x64.ActiveCfg = Release|x64
		{EA4679E5-59DC-4D50-943B-F658BF2C68A4}.Release|x64.Build.0 = Release|x64
		{EA4679E5-59DC-4D50-943B-F658BF2C68A4}.Unicode Debug|Win32.ActiveCfg = Debug|Win32
		{EA4679E5-59DC-4D50-943B-F658BF2C68A4}.Unicode Debug|Win32.Build.0 = Debug|Win32
		{EA4679E5-59DC-4D50-943B-F658BF2C68A4}.Unicode Debug|x64.ActiveCfg = Debug|x64
		{EA4679E5-59DC-4D50-943B-F658BF2C68A4}.Unicode Debug|x64.Build.0 = Debug|x64
		{EA4679E5-59DC-4D50-943B-F658BF2C68A4}.Unicode Release|Win32.ActiveCfg = Release|Win32
		{EA4679E5-59DC-4D50-943B-F658BF2C68A4}.Unicode Release|Win32.Build.0 = Release|Win32
		{EA4679E5-59DC-4D50-943B-F658BF2C68A4}.Unicode Release|x64.ActiveCfg = Release|x64
		{EA4679E5-59DC-4D50-943B-F658BF2C68A4}.Unicode Release|x64.Build.0 = Release|x64
		{49B72BDA-7803-4F44-B885-D40EF0834C2E}.Debug|Win32.ActiveCfg = Debug|Win32
		{49B72BDA-7803-4F44-B885-D40EF0834C2E}.Debug|Win32.Build.0 = Debug|Win32
		{49B72BDA-7803-4F44-B885-D40EF0834C2E}.Debug|x64.ActiveCfg = Debug|x64
		{49B72BDA-7803-4F44-B885-D40EF0834C2E}.Debug|x64.Build.0 = Debug|x64
		{49B72BDA-7803-4F44-B885-D40EF0834C2E}.Java|Win32.ActiveCfg = Release|x64
		{49B72BDA-7803-4F44-B885-D40EF0834C2E}.Java|x64.ActiveCfg = Release|x64
		{49B72BDA-7803-4F44-B885-D40EF0834C2E}.Java|x64.Build.0 = Release|x64
		{49B72BDA-7803-4F44-B885-D40EF0834C2E}.Release|Win32.ActiveCfg = Release|Win32
		{49B72BDA-7803-4F44-B885-D40EF0834C2E}.Release|Win32.Build.0 = Release|Win32
		{49B72BDA-7803-4F44-B885-D40EF0834C2E}.Release|x64.ActiveCfg = Release|x64
		{49B72BDA-7803-4F44-B885-D40EF0834C2E}.Release|x64.Build.0 = Release|x64
		{49B72BDA-7803-4F44-B885-D40EF0834C2E}.Unicode Debug|Win32.ActiveCfg = Debug|Win32
		{49B72BDA-7803-4F44-B885-D40EF0834C2E}.Unicode Debug|Win32.Build.0 = Debug|Win32
		{49B72BDA-7803-4F44-B885-D40EF0834C2E}.Unicode Debug|x64.ActiveCfg = Debug|x64
		{49B72BDA-7803-4F44-B885-D40EF0834C2E}.Unicode Debug|x64.Build.0 = Debug|x64
		{49B72BDA-7803-4F44-B885-D40EF0834C2E}.Unicode Release|Win32.ActiveCfg = Release|Win32
		{49B72BDA-7803-4F44-B885-D40EF0834C2E}.Unicode Release|Win32.Build.0 = Release|Win32
		{49B72BDA-7803-4F44-B885-D40EF0834C2E}.Unicode Release|x64.ActiveCfg = Release|x64
		{49B72BDA-7803-4F44-B885-D40EF0834C2E}.Unicode Release|x64.Build.0 = Release|x64
		{23E7B8D4-8231-4227-9AAF-27DB05E8B608}.Debug|Win32.ActiveCfg = Debug|Win32
		{23E7B8D4-8231-4227-9AAF-27DB05E8B608}.Debug|Win32.Build.0 = Debug|Win32
		{23E7B8D4-8231-4227-9AAF-27DB05E8B608}.Debug|x64.ActiveCfg = Debug|x64
		{23E7B8D4-8231-4227-9AAF-27DB05E8B608}.Debug|x64.Build.0 = Debug|x64
		{23E7B8D4-8231-4227-9AAF-27DB05E8B608}.Java|Win32.ActiveCfg = Release|x64
		{23E7B8D4-8231-4227-9AAF-27DB05E8B608}.Java|x64.ActiveCfg = Release|x64
		{23E7B8D4-8231-4227-9AAF-27DB05E8B608}.Java|x64.Build.0 = Release|x64
		{23E7B8D4-8231-4227-9AAF-27DB05E8B608}.Release|Win32.ActiveCfg = Release|Win32
		{23E7B8D4-8231-4227-9AAF-27DB05E8B608}.Release|Win32.Build.0 = Release|Win32
		{23E7B8D4-8231-4227-9AAF-27DB05E8B608}.Release|x64.ActiveCfg = Release|x64
		{23E7B8D4-8231-4227-9AAF-27DB05E8B608}.Release|x64.Build.0 = Release|x64
		{23E7B8D4-8231-4227-9AAF-27DB05E8B608}.Unicode Debug|Win32.ActiveCfg = Debug|Win32
		{23E7B8D4-8231-4227-9AAF-27DB05E8B608}.Unicode Debug|Win32.Build.0 = Debug|Win32
		{23E7B8D4-8231-4227-9AAF-27DB05E8B608}.Unicode Debug|x64.ActiveCfg = Debug|x64
		{23E7B8D4-8231-4227-9AAF-27DB05E8B608}.Unicode Debug|x64.Build.0 = Debug|x64
		{23E7B8D4-8231-4227-9AAF-27DB05E8B608}.Unicode Release|Win32.ActiveCfg = Release|Win32
		{23E7B8D4-8231-4227-9AAF-27DB05E8B608}.Unicode Release|Win32.Build.0 = Release|Win32
		{23E7B8D4-8231-4227-9AAF-27DB05E8B608}.Unicode Release|x64.ActiveCfg = Release|x64
		{23E7B8D4-8231-4227-9AAF-27DB05E8B608}.Unicode Release|x64.Build.0 = Release|x64
		{5CC530C9-A905-4393-B624-4530C393A82D}.Debug|Win32.ActiveCfg = Debug|Win32
		{5CC530C9-A905-4393-B624-4530C393A82D}.Debug|Win32.Build.0 = Debug|Win32
		{5CC530C9-A905-4393-B624-4530C393A82D}.Debug|x64.ActiveCfg = Debug|x64
		{5CC530C9-A905-4393-B624-4530C393A82D}.Debug|x64.Build.0 = Debug|x64
		{5CC530C9-A905-4393-B624-4530C393A82D}.Java|Win32.ActiveCfg = Release|x64
		{5CC530C9-A905-4393-B624-4530C393A82D}.Java|x64.ActiveCfg = Release|x64
		{5CC530C9-A905-4393-B624-4530C393A82D}.Java|x64.Build.0 = Release|x64
		{5CC530C9-A905-4393-B624-4530C393A82D}.Release|Win32.ActiveCfg = Release|Win32
		{5CC530C9-A905-4393-B624-4530C393A82D}.Release|Win32.Build.0 = Release|Win32
		{5CC530C9-A905-4393-B624-4530C393A82D}.Release|x64.ActiveCfg = Release|x64
		{5CC530C9-A905-4393-B624-4530C393A82D}.Release|x64.Build.0 = Release|x64
		{5CC530C9-A905-4393-B624-4530C393A82D}.Unicode Debug|Win32.ActiveCfg = Debug|Win32
		{5CC530C9-A905-4393-B624-4530C393A82D}.Unicode Debug|Win32.Build.0 = Debug|Win32
		{5CC530C9-A905-4393-B624-4530C393A82D}.Unicode Debug|x64.ActiveCfg = Debug|x64
		{5CC530C9-A905-4393-B624-4530C393A82D}.Unicode Debug|x64.Build.0 = Debug|x64
		{5CC530C9-A905-4393-B624-4530C393A82D}.Unicode Release|Win32.ActiveCfg = Release|Win32
		{5CC530C9-A905-4393-B624-4530C393A82D}.Unicode Release|Win32.Build.0 = Release|Win32
		{5CC530C9-A905-4393-B624-4530C393A82D}.Unicode Release|x64.ActiveCfg = Release|x64
		{5CC530C9-A905-4393-B624-4530C393A82D}.Unicode Release|x64.Build.0 = Release|x64
		{2520CF78-1B29-42F2-8C24-B974DB345D1D}.Debug|Win32.ActiveCfg = Debug|Win32
		{2520CF78-1B29-42F2-8C24-B974DB345D1D}.Debug|Win32.Build.0 = Debug|Win32
		{2520CF78-1B29-42F2-8C24-B974DB345D1D}.Debug|x64.ActiveCfg = Debug|Win32
		{2520CF78-1B29-42F2-8C24-B974DB345D1D}.Java|Win32.ActiveCfg = Release|Win32
		{2520CF78-1B29-42F2-8C24-B974DB345D1D}.Java|Win32.Build.0 = Release|Win32
		{2520CF78-1B29-42F2-8C24-B974DB345D1D}.Java|x64.ActiveCfg = Release|Win32
		{2520CF78-1B29-42F2-8C24-B974DB345D1D}.Release|Win32.ActiveCfg = Release|Win32
		{2520CF78-1B29-42F2-8C24-B974DB345D1D}.Release|Win32.Build.0 = Release|Win32
		{2520CF78-1B29-42F2-8C24-B974DB345D1D}.Release|x64.ActiveCfg = Release|Win32
		{2520CF78-1B29-42F2-8C24-B974DB345D1D}.Unicode Debug|Win32.ActiveCfg = Debug|Win32
		{2520CF78-1B29-42F2-8C24-B974DB345D1D}.Unicode Debug|Win32.Build.0 = Debug|Win32
		{2520CF78-1B29-42F2-8C24-B974DB345D1D}.Unicode Debug|x64.ActiveCfg = Debug|Win32
		{2520CF78-1B29-42F2-8C24-B974DB345D1D}.Unicode Release|Win32.ActiveCfg = Release|Win32
		{2520CF78-1B29-42F2-8C24-B974DB345D1D}.Unicode Release|Win32.Build.0 = Release|Win32
		{2520CF78-1B29-42F2-8C24-B974DB345D1D}.Unicode Release|x64.ActiveCfg = Release|Win32
		{09620FE8-59EF-407E-8DB1-FBDA089BF8BC}.Debug|Win32.ActiveCfg = Debug|Win32
		{09620FE8-59EF-407E-8DB1-FBDA089BF8BC}.Debug|Win32.Build.0 = Debug|Win32
		{09620FE8-59EF-407E-8DB1-FBDA089BF8BC}.Debug|x64.ActiveCfg = Debug|x64
		{09620FE8-59EF-407E-8DB1-FBDA089BF8BC}.Debug|x64.Build.0 = Debug|x64
		{09620FE8-59EF-407E-8DB1-FBDA089BF8BC}.Java|Win32.ActiveCfg = Release|x64
		{09620FE8-59EF-407E-8DB1-FBDA089BF8BC}.Java|x64.ActiveCfg = Release|x64
		{09620FE8-59EF-407E-8DB1-FBDA089BF8BC}.Java|x64.Build.0 = Release|x64
		{09620FE8-59EF-407E-8DB1-FBDA089BF8BC}.Release|Win32.ActiveCfg = Release|Win32
		{09620FE8-59EF-407E-8DB1-FBDA089BF8BC}.Release|Win32.Build.0 = Release|Win32
		{09620FE8-59EF-407E-8DB1-FBDA089BF8BC}.Release|x64.ActiveCfg = Release|x64
		{09620FE8-59EF-407E-8DB1-FBDA089BF8BC}.Release|x64.Build.0 = Release|x64
		{09620FE8-59EF-407E-8DB1-FBDA089BF8BC}.Unicode Debug|Win32.ActiveCfg = Debug|Win32
		{09620FE8-59EF-407E-8DB1-FBDA089BF8BC}.Unicode Debug|Win32.Build.0 = Debug|Win32
		{09620FE8-59EF-407E-8DB1-FBDA089BF8BC}.Unicode Debug|x64.ActiveCfg = Debug|x64
		{09620FE8-59EF-407E-8DB1-FBDA089BF8BC}.Unicode Debug|x64.Build.0 = Debug|x64
		{09620FE8-59EF-407E-8DB1-FBDA089BF8BC}.Unicode Release|Win32.ActiveCfg = Release|Win32
		{09620FE8-59EF-407E-8DB1-FBDA089BF8BC}.Unicode Release|Win32.Build.0 = Release|Win32
		{09620FE8-59EF-407E-8DB1-FBDA089BF8BC}.Unicode Release|x64.ActiveCfg = Release|x64
		{09620FE8-59EF-407E-8DB1-FBDA089BF8BC}.Unicode Release|x64.Build.0 = Release|x64
	EndGlobalSection
	GlobalSection(SolutionProperties) = preSolution
		HideSolutionNode = FALSE
	EndGlobalSection
EndGlobal
