
Microsoft Visual Studio Solution File, Format Version 9.00
# Visual Studio 2005
Project("{8BC9CEB8-8B4A-11D0-8D11-00A0C91BC942}") = "MediaClusterCS", "MediaClusterCS.vcproj", "{8E247E52-A850-4098-A026-C3E02C8576EE}"
	ProjectSection(ProjectDependencies) = postProject
		{55862687-E75D-40EF-95DD-69B74688C13C} = {55862687-E75D-40EF-95DD-69B74688C13C}
		{C0DEE18A-189A-444C-99E2-BCF2FE865792} = {C0DEE18A-189A-444C-99E2-BCF2FE865792}
		{EC152ADA-BADB-4312-8BB3-106264D9F149} = {EC152ADA-BADB-4312-8BB3-106264D9F149}
		{A94D8EEC-4B58-4811-961F-3AA78BAA6C87} = {A94D8EEC-4B58-4811-961F-3AA78BAA6C87}
		{AF4C8F39-3AB3-43C5-A36E-0628D5C334CD} = {AF4C8F39-3AB3-43C5-A36E-0628D5C334CD}
		{8E824A81-8EBB-453E-8EBA-6362F6F31AFB} = {8E824A81-8EBB-453E-8EBA-6362F6F31AFB}
		{9F8ECD24-A06B-4F6D-BF2C-B51334E14C0F} = {9F8ECD24-A06B-4F6D-BF2C-B51334E14C0F}
	EndProjectSection
EndProject
Project("{8BC9CEB8-8B4A-11D0-8D11-00A0C91BC942}") = "ZQCommonStlp", "..\..\..\Common\dll\ZQCommonStlp.vcproj", "{C0DEE18A-189A-444C-99E2-BCF2FE865792}"
EndProject
Project("{8BC9CEB8-8B4A-11D0-8D11-00A0C91BC942}") = "TianShanCommon", "..\..\common\TianShanCommon.vcproj", "{AF4C8F39-3AB3-43C5-A36E-0628D5C334CD}"
	ProjectSection(ProjectDependencies) = postProject
		{C0DEE18A-189A-444C-99E2-BCF2FE865792} = {C0DEE18A-189A-444C-99E2-BCF2FE865792}
		{9F8ECD24-A06B-4F6D-BF2C-B51334E14C0F} = {9F8ECD24-A06B-4F6D-BF2C-B51334E14C0F}
	EndProjectSection
EndProject
Project("{8BC9CEB8-8B4A-11D0-8D11-00A0C91BC942}") = "TianShanIce", "..\..\Ice\TianShanIce.vcproj", "{9F8ECD24-A06B-4F6D-BF2C-B51334E14C0F}"
EndProject
Project("{8BC9CEB8-8B4A-11D0-8D11-00A0C91BC942}") = "ZQSNMPManPkg", "..\..\Shell\ZQSNMPManPkg\ZQSNMPManPkg.vcproj", "{A94D8EEC-4B58-4811-961F-3AA78BAA6C87}"
	ProjectSection(ProjectDependencies) = postProject
		{C0DEE18A-189A-444C-99E2-BCF2FE865792} = {C0DEE18A-189A-444C-99E2-BCF2FE865792}
		{EC152ADA-BADB-4312-8BB3-106264D9F149} = {EC152ADA-BADB-4312-8BB3-106264D9F149}
	EndProjectSection
EndProject
Project("{8BC9CEB8-8B4A-11D0-8D11-00A0C91BC942}") = "ZQAppshell", "..\..\Shell\ZQAppShell\zqappshell.vcproj", "{8E824A81-8EBB-453E-8EBA-6362F6F31AFB}"
	ProjectSection(ProjectDependencies) = postProject
		{C0DEE18A-189A-444C-99E2-BCF2FE865792} = {C0DEE18A-189A-444C-99E2-BCF2FE865792}
		{EC152ADA-BADB-4312-8BB3-106264D9F149} = {EC152ADA-BADB-4312-8BB3-106264D9F149}
	EndProjectSection
EndProject
Project("{8BC9CEB8-8B4A-11D0-8D11-00A0C91BC942}") = "ZQCfgPkg", "..\..\Shell\ZQCfgPkg\ZQcfgpkg.vcproj", "{EC152ADA-BADB-4312-8BB3-106264D9F149}"
	ProjectSection(ProjectDependencies) = postProject
		{C0DEE18A-189A-444C-99E2-BCF2FE865792} = {C0DEE18A-189A-444C-99E2-BCF2FE865792}
	EndProjectSection
EndProject
Project("{8BC9CEB8-8B4A-11D0-8D11-00A0C91BC942}") = "CSClient", "..\CSClient\CSClient.vcproj", "{AF033A2D-AD64-4617-959E-9C2992934CF8}"
	ProjectSection(ProjectDependencies) = postProject
		{AF4C8F39-3AB3-43C5-A36E-0628D5C334CD} = {AF4C8F39-3AB3-43C5-A36E-0628D5C334CD}
	EndProjectSection
EndProject
Project("{8BC9CEB8-8B4A-11D0-8D11-00A0C91BC942}") = "ContentStoreLib", "..\lib\ContentStoreLib.vcproj", "{55862687-E75D-40EF-95DD-69B74688C13C}"
	ProjectSection(ProjectDependencies) = postProject
		{9F8ECD24-A06B-4F6D-BF2C-B51334E14C0F} = {9F8ECD24-A06B-4F6D-BF2C-B51334E14C0F}
	EndProjectSection
EndProject
Project("{8BC9CEB8-8B4A-11D0-8D11-00A0C91BC942}") = "AllTests", "..\AllTests\AllTests.vcproj", "{97073AF3-C755-46D6-A7B5-ED1B55C5B17F}"
	ProjectSection(ProjectDependencies) = postProject
		{A94D8EEC-4B58-4811-961F-3AA78BAA6C87} = {A94D8EEC-4B58-4811-961F-3AA78BAA6C87}
		{EC152ADA-BADB-4312-8BB3-106264D9F149} = {EC152ADA-BADB-4312-8BB3-106264D9F149}
		{C0DEE18A-189A-444C-99E2-BCF2FE865792} = {C0DEE18A-189A-444C-99E2-BCF2FE865792}
		{55862687-E75D-40EF-95DD-69B74688C13C} = {55862687-E75D-40EF-95DD-69B74688C13C}
		{AF4C8F39-3AB3-43C5-A36E-0628D5C334CD} = {AF4C8F39-3AB3-43C5-A36E-0628D5C334CD}
	EndProjectSection
EndProject
Project("{8BC9CEB8-8B4A-11D0-8D11-00A0C91BC942}") = "CPESvc", "..\..\CPE\service\CPESvc.vcproj", "{A4C18E30-76AB-41E8-B808-787BB5052AD8}"
	ProjectSection(ProjectDependencies) = postProject
		{AF4C8F39-3AB3-43C5-A36E-0628D5C334CD} = {AF4C8F39-3AB3-43C5-A36E-0628D5C334CD}
		{8E824A81-8EBB-453E-8EBA-6362F6F31AFB} = {8E824A81-8EBB-453E-8EBA-6362F6F31AFB}
		{C0DEE18A-189A-444C-99E2-BCF2FE865792} = {C0DEE18A-189A-444C-99E2-BCF2FE865792}
		{EC152ADA-BADB-4312-8BB3-106264D9F149} = {EC152ADA-BADB-4312-8BB3-106264D9F149}
		{A94D8EEC-4B58-4811-961F-3AA78BAA6C87} = {A94D8EEC-4B58-4811-961F-3AA78BAA6C87}
	EndProjectSection
EndProject
Project("{8BC9CEB8-8B4A-11D0-8D11-00A0C91BC942}") = "BaseCS", "..\BaseCS\BaseCSCmd.vcproj", "{AC03D8FA-44B3-4E14-9280-15754DC00A16}"
	ProjectSection(ProjectDependencies) = postProject
		{AF4C8F39-3AB3-43C5-A36E-0628D5C334CD} = {AF4C8F39-3AB3-43C5-A36E-0628D5C334CD}
		{8E824A81-8EBB-453E-8EBA-6362F6F31AFB} = {8E824A81-8EBB-453E-8EBA-6362F6F31AFB}
		{55862687-E75D-40EF-95DD-69B74688C13C} = {55862687-E75D-40EF-95DD-69B74688C13C}
		{C0DEE18A-189A-444C-99E2-BCF2FE865792} = {C0DEE18A-189A-444C-99E2-BCF2FE865792}
		{EC152ADA-BADB-4312-8BB3-106264D9F149} = {EC152ADA-BADB-4312-8BB3-106264D9F149}
		{A94D8EEC-4B58-4811-961F-3AA78BAA6C87} = {A94D8EEC-4B58-4811-961F-3AA78BAA6C87}
	EndProjectSection
EndProject
Project("{8BC9CEB8-8B4A-11D0-8D11-00A0C91BC942}") = "MCCS", "MCCS.vcproj", "{8E247E52-A850-4098-A026-C3E02A8576EE}"
	ProjectSection(ProjectDependencies) = postProject
		{A94D8EEC-4B58-4811-961F-3AA78BAA6C87} = {A94D8EEC-4B58-4811-961F-3AA78BAA6C87}
		{EC152ADA-BADB-4312-8BB3-106264D9F149} = {EC152ADA-BADB-4312-8BB3-106264D9F149}
		{C0DEE18A-189A-444C-99E2-BCF2FE865792} = {C0DEE18A-189A-444C-99E2-BCF2FE865792}
		{55862687-E75D-40EF-95DD-69B74688C13C} = {55862687-E75D-40EF-95DD-69B74688C13C}
		{AF4C8F39-3AB3-43C5-A36E-0628D5C334CD} = {AF4C8F39-3AB3-43C5-A36E-0628D5C334CD}
	EndProjectSection
EndProject
Project("{8BC9CEB8-8B4A-11D0-8D11-00A0C91BC942}") = "ContentClient", "..\ContentClient\ContentClient.vcproj", "{6D6FCB33-268F-44CE-B1C5-8BA3BEEE544C}"
	ProjectSection(ProjectDependencies) = postProject
		{9F8ECD24-A06B-4F6D-BF2C-B51334E14C0F} = {9F8ECD24-A06B-4F6D-BF2C-B51334E14C0F}
		{AF4C8F39-3AB3-43C5-A36E-0628D5C334CD} = {AF4C8F39-3AB3-43C5-A36E-0628D5C334CD}
		{55862687-E75D-40EF-95DD-69B74688C13C} = {55862687-E75D-40EF-95DD-69B74688C13C}
		{C0DEE18A-189A-444C-99E2-BCF2FE865792} = {C0DEE18A-189A-444C-99E2-BCF2FE865792}
		{EC152ADA-BADB-4312-8BB3-106264D9F149} = {EC152ADA-BADB-4312-8BB3-106264D9F149}
		{A94D8EEC-4B58-4811-961F-3AA78BAA6C87} = {A94D8EEC-4B58-4811-961F-3AA78BAA6C87}
	EndProjectSection
EndProject
Project("{8BC9CEB8-8B4A-11D0-8D11-00A0C91BC942}") = "StreamSmith", "..\..\StreamSmith\Service\StreamSmith.vcproj", "{4578BB84-4442-459C-81F1-8DD3C673AE7F}"
EndProject
Global
	GlobalSection(SolutionConfigurationPlatforms) = preSolution
		Debug|Win32 = Debug|Win32
		Debug|x64 = Debug|x64
		Java|Win32 = Java|Win32
		Java|x64 = Java|x64
		Release|Win32 = Release|Win32
		Release|x64 = Release|x64
		Unicode Debug|Win32 = Unicode Debug|Win32
		Unicode Debug|x64 = Unicode Debug|x64
		Unicode Release|Win32 = Unicode Release|Win32
		Unicode Release|x64 = Unicode Release|x64
	EndGlobalSection
	GlobalSection(ProjectConfigurationPlatforms) = postSolution
		{8E247E52-A850-4098-A026-C3E02C8576EE}.Debug|Win32.ActiveCfg = Debug|Win32
		{8E247E52-A850-4098-A026-C3E02C8576EE}.Debug|Win32.Build.0 = Debug|Win32
		{8E247E52-A850-4098-A026-C3E02C8576EE}.Debug|x64.ActiveCfg = Debug|Win32
		{8E247E52-A850-4098-A026-C3E02C8576EE}.Java|Win32.ActiveCfg = Release|Win32
		{8E247E52-A850-4098-A026-C3E02C8576EE}.Java|Win32.Build.0 = Release|Win32
		{8E247E52-A850-4098-A026-C3E02C8576EE}.Java|x64.ActiveCfg = Release|Win32
		{8E247E52-A850-4098-A026-C3E02C8576EE}.Release|Win32.ActiveCfg = Release|Win32
		{8E247E52-A850-4098-A026-C3E02C8576EE}.Release|Win32.Build.0 = Release|Win32
		{8E247E52-A850-4098-A026-C3E02C8576EE}.Release|x64.ActiveCfg = Release|Win32
		{8E247E52-A850-4098-A026-C3E02C8576EE}.Unicode Debug|Win32.ActiveCfg = Debug|Win32
		{8E247E52-A850-4098-A026-C3E02C8576EE}.Unicode Debug|Win32.Build.0 = Debug|Win32
		{8E247E52-A850-4098-A026-C3E02C8576EE}.Unicode Debug|x64.ActiveCfg = Debug|Win32
		{8E247E52-A850-4098-A026-C3E02C8576EE}.Unicode Release|Win32.ActiveCfg = Release|Win32
		{8E247E52-A850-4098-A026-C3E02C8576EE}.Unicode Release|Win32.Build.0 = Release|Win32
		{8E247E52-A850-4098-A026-C3E02C8576EE}.Unicode Release|x64.ActiveCfg = Release|Win32
		{C0DEE18A-189A-444C-99E2-BCF2FE865792}.Debug|Win32.ActiveCfg = Debug|Win32
		{C0DEE18A-189A-444C-99E2-BCF2FE865792}.Debug|Win32.Build.0 = Debug|Win32
		{C0DEE18A-189A-444C-99E2-BCF2FE865792}.Debug|x64.ActiveCfg = Debug|x64
		{C0DEE18A-189A-444C-99E2-BCF2FE865792}.Debug|x64.Build.0 = Debug|x64
		{C0DEE18A-189A-444C-99E2-BCF2FE865792}.Java|Win32.ActiveCfg = Debug|Win32
		{C0DEE18A-189A-444C-99E2-BCF2FE865792}.Java|Win32.Build.0 = Debug|Win32
		{C0DEE18A-189A-444C-99E2-BCF2FE865792}.Java|x64.ActiveCfg = Debug|x64
		{C0DEE18A-189A-444C-99E2-BCF2FE865792}.Java|x64.Build.0 = Debug|x64
		{C0DEE18A-189A-444C-99E2-BCF2FE865792}.Release|Win32.ActiveCfg = Release|Win32
		{C0DEE18A-189A-444C-99E2-BCF2FE865792}.Release|Win32.Build.0 = Release|Win32
		{C0DEE18A-189A-444C-99E2-BCF2FE865792}.Release|x64.ActiveCfg = Release|x64
		{C0DEE18A-189A-444C-99E2-BCF2FE865792}.Release|x64.Build.0 = Release|x64
		{C0DEE18A-189A-444C-99E2-BCF2FE865792}.Unicode Debug|Win32.ActiveCfg = Unicode Debug|Win32
		{C0DEE18A-189A-444C-99E2-BCF2FE865792}.Unicode Debug|Win32.Build.0 = Unicode Debug|Win32
		{C0DEE18A-189A-444C-99E2-BCF2FE865792}.Unicode Debug|x64.ActiveCfg = Unicode Debug|x64
		{C0DEE18A-189A-444C-99E2-BCF2FE865792}.Unicode Debug|x64.Build.0 = Unicode Debug|x64
		{C0DEE18A-189A-444C-99E2-BCF2FE865792}.Unicode Release|Win32.ActiveCfg = Unicode Release|Win32
		{C0DEE18A-189A-444C-99E2-BCF2FE865792}.Unicode Release|Win32.Build.0 = Unicode Release|Win32
		{C0DEE18A-189A-444C-99E2-BCF2FE865792}.Unicode Release|x64.ActiveCfg = Unicode Release|x64
		{C0DEE18A-189A-444C-99E2-BCF2FE865792}.Unicode Release|x64.Build.0 = Unicode Release|x64
		{AF4C8F39-3AB3-43C5-A36E-0628D5C334CD}.Debug|Win32.ActiveCfg = Debug|Win32
		{AF4C8F39-3AB3-43C5-A36E-0628D5C334CD}.Debug|Win32.Build.0 = Debug|Win32
		{AF4C8F39-3AB3-43C5-A36E-0628D5C334CD}.Debug|x64.ActiveCfg = Debug|x64
		{AF4C8F39-3AB3-43C5-A36E-0628D5C334CD}.Debug|x64.Build.0 = Debug|x64
		{AF4C8F39-3AB3-43C5-A36E-0628D5C334CD}.Java|Win32.ActiveCfg = Unicode Release|Win32
		{AF4C8F39-3AB3-43C5-A36E-0628D5C334CD}.Java|Win32.Build.0 = Unicode Release|Win32
		{AF4C8F39-3AB3-43C5-A36E-0628D5C334CD}.Java|x64.ActiveCfg = Unicode Release|x64
		{AF4C8F39-3AB3-43C5-A36E-0628D5C334CD}.Java|x64.Build.0 = Unicode Release|x64
		{AF4C8F39-3AB3-43C5-A36E-0628D5C334CD}.Release|Win32.ActiveCfg = Release|Win32
		{AF4C8F39-3AB3-43C5-A36E-0628D5C334CD}.Release|Win32.Build.0 = Release|Win32
		{AF4C8F39-3AB3-43C5-A36E-0628D5C334CD}.Release|x64.ActiveCfg = Release|x64
		{AF4C8F39-3AB3-43C5-A36E-0628D5C334CD}.Release|x64.Build.0 = Release|x64
		{AF4C8F39-3AB3-43C5-A36E-0628D5C334CD}.Unicode Debug|Win32.ActiveCfg = Unicode Debug|Win32
		{AF4C8F39-3AB3-43C5-A36E-0628D5C334CD}.Unicode Debug|Win32.Build.0 = Unicode Debug|Win32
		{AF4C8F39-3AB3-43C5-A36E-0628D5C334CD}.Unicode Debug|x64.ActiveCfg = Unicode Debug|x64
		{AF4C8F39-3AB3-43C5-A36E-0628D5C334CD}.Unicode Debug|x64.Build.0 = Unicode Debug|x64
		{AF4C8F39-3AB3-43C5-A36E-0628D5C334CD}.Unicode Release|Win32.ActiveCfg = Unicode Release|Win32
		{AF4C8F39-3AB3-43C5-A36E-0628D5C334CD}.Unicode Release|Win32.Build.0 = Unicode Release|Win32
		{AF4C8F39-3AB3-43C5-A36E-0628D5C334CD}.Unicode Release|x64.ActiveCfg = Unicode Release|x64
		{AF4C8F39-3AB3-43C5-A36E-0628D5C334CD}.Unicode Release|x64.Build.0 = Unicode Release|x64
		{9F8ECD24-A06B-4F6D-BF2C-B51334E14C0F}.Debug|Win32.ActiveCfg = Debug|Win32
		{9F8ECD24-A06B-4F6D-BF2C-B51334E14C0F}.Debug|Win32.Build.0 = Debug|Win32
		{9F8ECD24-A06B-4F6D-BF2C-B51334E14C0F}.Debug|x64.ActiveCfg = Debug|x64
		{9F8ECD24-A06B-4F6D-BF2C-B51334E14C0F}.Debug|x64.Build.0 = Debug|x64
		{9F8ECD24-A06B-4F6D-BF2C-B51334E14C0F}.Java|Win32.ActiveCfg = Java|Win32
		{9F8ECD24-A06B-4F6D-BF2C-B51334E14C0F}.Java|Win32.Build.0 = Java|Win32
		{9F8ECD24-A06B-4F6D-BF2C-B51334E14C0F}.Java|x64.ActiveCfg = Java|x64
		{9F8ECD24-A06B-4F6D-BF2C-B51334E14C0F}.Java|x64.Build.0 = Java|x64
		{9F8ECD24-A06B-4F6D-BF2C-B51334E14C0F}.Release|Win32.ActiveCfg = Release|Win32
		{9F8ECD24-A06B-4F6D-BF2C-B51334E14C0F}.Release|Win32.Build.0 = Release|Win32
		{9F8ECD24-A06B-4F6D-BF2C-B51334E14C0F}.Release|x64.ActiveCfg = Release|x64
		{9F8ECD24-A06B-4F6D-BF2C-B51334E14C0F}.Release|x64.Build.0 = Release|x64
		{9F8ECD24-A06B-4F6D-BF2C-B51334E14C0F}.Unicode Debug|Win32.ActiveCfg = Debug|Win32
		{9F8ECD24-A06B-4F6D-BF2C-B51334E14C0F}.Unicode Debug|Win32.Build.0 = Debug|Win32
		{9F8ECD24-A06B-4F6D-BF2C-B51334E14C0F}.Unicode Debug|x64.ActiveCfg = Debug|x64
		{9F8ECD24-A06B-4F6D-BF2C-B51334E14C0F}.Unicode Debug|x64.Build.0 = Debug|x64
		{9F8ECD24-A06B-4F6D-BF2C-B51334E14C0F}.Unicode Release|Win32.ActiveCfg = Release|Win32
		{9F8ECD24-A06B-4F6D-BF2C-B51334E14C0F}.Unicode Release|Win32.Build.0 = Release|Win32
		{9F8ECD24-A06B-4F6D-BF2C-B51334E14C0F}.Unicode Release|x64.ActiveCfg = Release|x64
		{9F8ECD24-A06B-4F6D-BF2C-B51334E14C0F}.Unicode Release|x64.Build.0 = Release|x64
		{A94D8EEC-4B58-4811-961F-3AA78BAA6C87}.Debug|Win32.ActiveCfg = Debug|Win32
		{A94D8EEC-4B58-4811-961F-3AA78BAA6C87}.Debug|Win32.Build.0 = Debug|Win32
		{A94D8EEC-4B58-4811-961F-3AA78BAA6C87}.Debug|x64.ActiveCfg = Debug|x64
		{A94D8EEC-4B58-4811-961F-3AA78BAA6C87}.Debug|x64.Build.0 = Debug|x64
		{A94D8EEC-4B58-4811-961F-3AA78BAA6C87}.Java|Win32.ActiveCfg = Unicode Debug|x64
		{A94D8EEC-4B58-4811-961F-3AA78BAA6C87}.Java|x64.ActiveCfg = Unicode Debug|x64
		{A94D8EEC-4B58-4811-961F-3AA78BAA6C87}.Java|x64.Build.0 = Unicode Debug|x64
		{A94D8EEC-4B58-4811-961F-3AA78BAA6C87}.Release|Win32.ActiveCfg = Release|Win32
		{A94D8EEC-4B58-4811-961F-3AA78BAA6C87}.Release|Win32.Build.0 = Release|Win32
		{A94D8EEC-4B58-4811-961F-3AA78BAA6C87}.Release|x64.ActiveCfg = Release|x64
		{A94D8EEC-4B58-4811-961F-3AA78BAA6C87}.Release|x64.Build.0 = Release|x64
		{A94D8EEC-4B58-4811-961F-3AA78BAA6C87}.Unicode Debug|Win32.ActiveCfg = Unicode Debug|Win32
		{A94D8EEC-4B58-4811-961F-3AA78BAA6C87}.Unicode Debug|Win32.Build.0 = Unicode Debug|Win32
		{A94D8EEC-4B58-4811-961F-3AA78BAA6C87}.Unicode Debug|x64.ActiveCfg = Unicode Debug|x64
		{A94D8EEC-4B58-4811-961F-3AA78BAA6C87}.Unicode Debug|x64.Build.0 = Unicode Debug|x64
		{A94D8EEC-4B58-4811-961F-3AA78BAA6C87}.Unicode Release|Win32.ActiveCfg = Unicode Release|Win32
		{A94D8EEC-4B58-4811-961F-3AA78BAA6C87}.Unicode Release|Win32.Build.0 = Unicode Release|Win32
		{A94D8EEC-4B58-4811-961F-3AA78BAA6C87}.Unicode Release|x64.ActiveCfg = Unicode Release|x64
		{A94D8EEC-4B58-4811-961F-3AA78BAA6C87}.Unicode Release|x64.Build.0 = Unicode Release|x64
		{8E824A81-8EBB-453E-8EBA-6362F6F31AFB}.Debug|Win32.ActiveCfg = Debug|Win32
		{8E824A81-8EBB-453E-8EBA-6362F6F31AFB}.Debug|Win32.Build.0 = Debug|Win32
		{8E824A81-8EBB-453E-8EBA-6362F6F31AFB}.Debug|x64.ActiveCfg = Debug|x64
		{8E824A81-8EBB-453E-8EBA-6362F6F31AFB}.Debug|x64.Build.0 = Debug|x64
		{8E824A81-8EBB-453E-8EBA-6362F6F31AFB}.Java|Win32.ActiveCfg = Unicode Release|x64
		{8E824A81-8EBB-453E-8EBA-6362F6F31AFB}.Java|x64.ActiveCfg = Unicode Release|x64
		{8E824A81-8EBB-453E-8EBA-6362F6F31AFB}.Java|x64.Build.0 = Unicode Release|x64
		{8E824A81-8EBB-453E-8EBA-6362F6F31AFB}.Release|Win32.ActiveCfg = Release|Win32
		{8E824A81-8EBB-453E-8EBA-6362F6F31AFB}.Release|Win32.Build.0 = Release|Win32
		{8E824A81-8EBB-453E-8EBA-6362F6F31AFB}.Release|x64.ActiveCfg = Release|x64
		{8E824A81-8EBB-453E-8EBA-6362F6F31AFB}.Release|x64.Build.0 = Release|x64
		{8E824A81-8EBB-453E-8EBA-6362F6F31AFB}.Unicode Debug|Win32.ActiveCfg = Unicode Debug|Win32
		{8E824A81-8EBB-453E-8EBA-6362F6F31AFB}.Unicode Debug|Win32.Build.0 = Unicode Debug|Win32
		{8E824A81-8EBB-453E-8EBA-6362F6F31AFB}.Unicode Debug|x64.ActiveCfg = Unicode Debug|x64
		{8E824A81-8EBB-453E-8EBA-6362F6F31AFB}.Unicode Debug|x64.Build.0 = Unicode Debug|x64
		{8E824A81-8EBB-453E-8EBA-6362F6F31AFB}.Unicode Release|Win32.ActiveCfg = Unicode Release|Win32
		{8E824A81-8EBB-453E-8EBA-6362F6F31AFB}.Unicode Release|Win32.Build.0 = Unicode Release|Win32
		{8E824A81-8EBB-453E-8EBA-6362F6F31AFB}.Unicode Release|x64.ActiveCfg = Unicode Release|x64
		{8E824A81-8EBB-453E-8EBA-6362F6F31AFB}.Unicode Release|x64.Build.0 = Unicode Release|x64
		{EC152ADA-BADB-4312-8BB3-106264D9F149}.Debug|Win32.ActiveCfg = Debug|Win32
		{EC152ADA-BADB-4312-8BB3-106264D9F149}.Debug|Win32.Build.0 = Debug|Win32
		{EC152ADA-BADB-4312-8BB3-106264D9F149}.Debug|x64.ActiveCfg = Debug|x64
		{EC152ADA-BADB-4312-8BB3-106264D9F149}.Debug|x64.Build.0 = Debug|x64
		{EC152ADA-BADB-4312-8BB3-106264D9F149}.Java|Win32.ActiveCfg = Unicode Release|x64
		{EC152ADA-BADB-4312-8BB3-106264D9F149}.Java|x64.ActiveCfg = Unicode Release|x64
		{EC152ADA-BADB-4312-8BB3-106264D9F149}.Java|x64.Build.0 = Unicode Release|x64
		{EC152ADA-BADB-4312-8BB3-106264D9F149}.Release|Win32.ActiveCfg = Release|Win32
		{EC152ADA-BADB-4312-8BB3-106264D9F149}.Release|Win32.Build.0 = Release|Win32
		{EC152ADA-BADB-4312-8BB3-106264D9F149}.Release|x64.ActiveCfg = Release|x64
		{EC152ADA-BADB-4312-8BB3-106264D9F149}.Release|x64.Build.0 = Release|x64
		{EC152ADA-BADB-4312-8BB3-106264D9F149}.Unicode Debug|Win32.ActiveCfg = Unicode Debug|Win32
		{EC152ADA-BADB-4312-8BB3-106264D9F149}.Unicode Debug|Win32.Build.0 = Unicode Debug|Win32
		{EC152ADA-BADB-4312-8BB3-106264D9F149}.Unicode Debug|x64.ActiveCfg = Unicode Debug|x64
		{EC152ADA-BADB-4312-8BB3-106264D9F149}.Unicode Debug|x64.Build.0 = Unicode Debug|x64
		{EC152ADA-BADB-4312-8BB3-106264D9F149}.Unicode Release|Win32.ActiveCfg = Unicode Release|Win32
		{EC152ADA-BADB-4312-8BB3-106264D9F149}.Unicode Release|Win32.Build.0 = Unicode Release|Win32
		{EC152ADA-BADB-4312-8BB3-106264D9F149}.Unicode Release|x64.ActiveCfg = Unicode Release|x64
		{EC152ADA-BADB-4312-8BB3-106264D9F149}.Unicode Release|x64.Build.0 = Unicode Release|x64
		{AF033A2D-AD64-4617-959E-9C2992934CF8}.Debug|Win32.ActiveCfg = Debug|Win32
		{AF033A2D-AD64-4617-959E-9C2992934CF8}.Debug|Win32.Build.0 = Debug|Win32
		{AF033A2D-AD64-4617-959E-9C2992934CF8}.Debug|x64.ActiveCfg = Debug|Win32
		{AF033A2D-AD64-4617-959E-9C2992934CF8}.Java|Win32.ActiveCfg = Release|Win32
		{AF033A2D-AD64-4617-959E-9C2992934CF8}.Java|Win32.Build.0 = Release|Win32
		{AF033A2D-AD64-4617-959E-9C2992934CF8}.Java|x64.ActiveCfg = Release|Win32
		{AF033A2D-AD64-4617-959E-9C2992934CF8}.Release|Win32.ActiveCfg = Release|Win32
		{AF033A2D-AD64-4617-959E-9C2992934CF8}.Release|Win32.Build.0 = Release|Win32
		{AF033A2D-AD64-4617-959E-9C2992934CF8}.Release|x64.ActiveCfg = Release|Win32
		{AF033A2D-AD64-4617-959E-9C2992934CF8}.Unicode Debug|Win32.ActiveCfg = Debug|Win32
		{AF033A2D-AD64-4617-959E-9C2992934CF8}.Unicode Debug|Win32.Build.0 = Debug|Win32
		{AF033A2D-AD64-4617-959E-9C2992934CF8}.Unicode Debug|x64.ActiveCfg = Debug|Win32
		{AF033A2D-AD64-4617-959E-9C2992934CF8}.Unicode Release|Win32.ActiveCfg = Release|Win32
		{AF033A2D-AD64-4617-959E-9C2992934CF8}.Unicode Release|Win32.Build.0 = Release|Win32
		{AF033A2D-AD64-4617-959E-9C2992934CF8}.Unicode Release|x64.ActiveCfg = Release|Win32
		{55862687-E75D-40EF-95DD-69B74688C13C}.Debug|Win32.ActiveCfg = Debug|Win32
		{55862687-E75D-40EF-95DD-69B74688C13C}.Debug|Win32.Build.0 = Debug|Win32
		{55862687-E75D-40EF-95DD-69B74688C13C}.Debug|x64.ActiveCfg = Debug|Win32
		{55862687-E75D-40EF-95DD-69B74688C13C}.Java|Win32.ActiveCfg = Release|Win32
		{55862687-E75D-40EF-95DD-69B74688C13C}.Java|Win32.Build.0 = Release|Win32
		{55862687-E75D-40EF-95DD-69B74688C13C}.Java|x64.ActiveCfg = Release|Win32
		{55862687-E75D-40EF-95DD-69B74688C13C}.Release|Win32.ActiveCfg = Release|Win32
		{55862687-E75D-40EF-95DD-69B74688C13C}.Release|Win32.Build.0 = Release|Win32
		{55862687-E75D-40EF-95DD-69B74688C13C}.Release|x64.ActiveCfg = Release|Win32
		{55862687-E75D-40EF-95DD-69B74688C13C}.Unicode Debug|Win32.ActiveCfg = Debug|Win32
		{55862687-E75D-40EF-95DD-69B74688C13C}.Unicode Debug|Win32.Build.0 = Debug|Win32
		{55862687-E75D-40EF-95DD-69B74688C13C}.Unicode Debug|x64.ActiveCfg = Debug|Win32
		{55862687-E75D-40EF-95DD-69B74688C13C}.Unicode Release|Win32.ActiveCfg = Release|Win32
		{55862687-E75D-40EF-95DD-69B74688C13C}.Unicode Release|Win32.Build.0 = Release|Win32
		{55862687-E75D-40EF-95DD-69B74688C13C}.Unicode Release|x64.ActiveCfg = Release|Win32
		{97073AF3-C755-46D6-A7B5-ED1B55C5B17F}.Debug|Win32.ActiveCfg = Debug|Win32
		{97073AF3-C755-46D6-A7B5-ED1B55C5B17F}.Debug|Win32.Build.0 = Debug|Win32
		{97073AF3-C755-46D6-A7B5-ED1B55C5B17F}.Debug|x64.ActiveCfg = Debug|Win32
		{97073AF3-C755-46D6-A7B5-ED1B55C5B17F}.Java|Win32.ActiveCfg = Debug|Win32
		{97073AF3-C755-46D6-A7B5-ED1B55C5B17F}.Java|Win32.Build.0 = Debug|Win32
		{97073AF3-C755-46D6-A7B5-ED1B55C5B17F}.Java|x64.ActiveCfg = Debug|Win32
		{97073AF3-C755-46D6-A7B5-ED1B55C5B17F}.Release|Win32.ActiveCfg = Release|Win32
		{97073AF3-C755-46D6-A7B5-ED1B55C5B17F}.Release|Win32.Build.0 = Release|Win32
		{97073AF3-C755-46D6-A7B5-ED1B55C5B17F}.Release|x64.ActiveCfg = Release|Win32
		{97073AF3-C755-46D6-A7B5-ED1B55C5B17F}.Unicode Debug|Win32.ActiveCfg = Debug|Win32
		{97073AF3-C755-46D6-A7B5-ED1B55C5B17F}.Unicode Debug|Win32.Build.0 = Debug|Win32
		{97073AF3-C755-46D6-A7B5-ED1B55C5B17F}.Unicode Debug|x64.ActiveCfg = Debug|Win32
		{97073AF3-C755-46D6-A7B5-ED1B55C5B17F}.Unicode Release|Win32.ActiveCfg = Release|Win32
		{97073AF3-C755-46D6-A7B5-ED1B55C5B17F}.Unicode Release|Win32.Build.0 = Release|Win32
		{97073AF3-C755-46D6-A7B5-ED1B55C5B17F}.Unicode Release|x64.ActiveCfg = Release|Win32
		{A4C18E30-76AB-41E8-B808-787BB5052AD8}.Debug|Win32.ActiveCfg = Debug|Win32
		{A4C18E30-76AB-41E8-B808-787BB5052AD8}.Debug|Win32.Build.0 = Debug|Win32
		{A4C18E30-76AB-41E8-B808-787BB5052AD8}.Debug|x64.ActiveCfg = Debug|x64
		{A4C18E30-76AB-41E8-B808-787BB5052AD8}.Debug|x64.Build.0 = Debug|x64
		{A4C18E30-76AB-41E8-B808-787BB5052AD8}.Java|Win32.ActiveCfg = Release|x64
		{A4C18E30-76AB-41E8-B808-787BB5052AD8}.Java|x64.ActiveCfg = Release|x64
		{A4C18E30-76AB-41E8-B808-787BB5052AD8}.Java|x64.Build.0 = Release|x64
		{A4C18E30-76AB-41E8-B808-787BB5052AD8}.Release|Win32.ActiveCfg = Release|Win32
		{A4C18E30-76AB-41E8-B808-787BB5052AD8}.Release|Win32.Build.0 = Release|Win32
		{A4C18E30-76AB-41E8-B808-787BB5052AD8}.Release|x64.ActiveCfg = Release|x64
		{A4C18E30-76AB-41E8-B808-787BB5052AD8}.Release|x64.Build.0 = Release|x64
		{A4C18E30-76AB-41E8-B808-787BB5052AD8}.Unicode Debug|Win32.ActiveCfg = Debug|Win32
		{A4C18E30-76AB-41E8-B808-787BB5052AD8}.Unicode Debug|Win32.Build.0 = Debug|Win32
		{A4C18E30-76AB-41E8-B808-787BB5052AD8}.Unicode Debug|x64.ActiveCfg = Debug|x64
		{A4C18E30-76AB-41E8-B808-787BB5052AD8}.Unicode Debug|x64.Build.0 = Debug|x64
		{A4C18E30-76AB-41E8-B808-787BB5052AD8}.Unicode Release|Win32.ActiveCfg = Release|Win32
		{A4C18E30-76AB-41E8-B808-787BB5052AD8}.Unicode Release|Win32.Build.0 = Release|Win32
		{A4C18E30-76AB-41E8-B808-787BB5052AD8}.Unicode Release|x64.ActiveCfg = Release|x64
		{A4C18E30-76AB-41E8-B808-787BB5052AD8}.Unicode Release|x64.Build.0 = Release|x64
		{AC03D8FA-44B3-4E14-9280-15754DC00A16}.Debug|Win32.ActiveCfg = Debug|Win32
		{AC03D8FA-44B3-4E14-9280-15754DC00A16}.Debug|Win32.Build.0 = Debug|Win32
		{AC03D8FA-44B3-4E14-9280-15754DC00A16}.Debug|x64.ActiveCfg = Debug|Win32
		{AC03D8FA-44B3-4E14-9280-15754DC00A16}.Java|Win32.ActiveCfg = Debug|Win32
		{AC03D8FA-44B3-4E14-9280-15754DC00A16}.Java|Win32.Build.0 = Debug|Win32
		{AC03D8FA-44B3-4E14-9280-15754DC00A16}.Java|x64.ActiveCfg = Debug|Win32
		{AC03D8FA-44B3-4E14-9280-15754DC00A16}.Release|Win32.ActiveCfg = Release|Win32
		{AC03D8FA-44B3-4E14-9280-15754DC00A16}.Release|Win32.Build.0 = Release|Win32
		{AC03D8FA-44B3-4E14-9280-15754DC00A16}.Release|x64.ActiveCfg = Release|Win32
		{AC03D8FA-44B3-4E14-9280-15754DC00A16}.Unicode Debug|Win32.ActiveCfg = Debug|Win32
		{AC03D8FA-44B3-4E14-9280-15754DC00A16}.Unicode Debug|Win32.Build.0 = Debug|Win32
		{AC03D8FA-44B3-4E14-9280-15754DC00A16}.Unicode Debug|x64.ActiveCfg = Debug|Win32
		{AC03D8FA-44B3-4E14-9280-15754DC00A16}.Unicode Release|Win32.ActiveCfg = Release|Win32
		{AC03D8FA-44B3-4E14-9280-15754DC00A16}.Unicode Release|Win32.Build.0 = Release|Win32
		{AC03D8FA-44B3-4E14-9280-15754DC00A16}.Unicode Release|x64.ActiveCfg = Release|Win32
		{8E247E52-A850-4098-A026-C3E02A8576EE}.Debug|Win32.ActiveCfg = Debug|Win32
		{8E247E52-A850-4098-A026-C3E02A8576EE}.Debug|Win32.Build.0 = Debug|Win32
		{8E247E52-A850-4098-A026-C3E02A8576EE}.Debug|x64.ActiveCfg = Debug|Win32
		{8E247E52-A850-4098-A026-C3E02A8576EE}.Java|Win32.ActiveCfg = Release|Win32
		{8E247E52-A850-4098-A026-C3E02A8576EE}.Java|Win32.Build.0 = Release|Win32
		{8E247E52-A850-4098-A026-C3E02A8576EE}.Java|x64.ActiveCfg = Release|Win32
		{8E247E52-A850-4098-A026-C3E02A8576EE}.Release|Win32.ActiveCfg = Release|Win32
		{8E247E52-A850-4098-A026-C3E02A8576EE}.Release|Win32.Build.0 = Release|Win32
		{8E247E52-A850-4098-A026-C3E02A8576EE}.Release|x64.ActiveCfg = Release|Win32
		{8E247E52-A850-4098-A026-C3E02A8576EE}.Unicode Debug|Win32.ActiveCfg = Debug|Win32
		{8E247E52-A850-4098-A026-C3E02A8576EE}.Unicode Debug|Win32.Build.0 = Debug|Win32
		{8E247E52-A850-4098-A026-C3E02A8576EE}.Unicode Debug|x64.ActiveCfg = Debug|Win32
		{8E247E52-A850-4098-A026-C3E02A8576EE}.Unicode Release|Win32.ActiveCfg = Release|Win32
		{8E247E52-A850-4098-A026-C3E02A8576EE}.Unicode Release|Win32.Build.0 = Release|Win32
		{8E247E52-A850-4098-A026-C3E02A8576EE}.Unicode Release|x64.ActiveCfg = Release|Win32
		{6D6FCB33-268F-44CE-B1C5-8BA3BEEE544C}.Debug|Win32.ActiveCfg = Debug|Win32
		{6D6FCB33-268F-44CE-B1C5-8BA3BEEE544C}.Debug|Win32.Build.0 = Debug|Win32
		{6D6FCB33-268F-44CE-B1C5-8BA3BEEE544C}.Debug|x64.ActiveCfg = Debug|x64
		{6D6FCB33-268F-44CE-B1C5-8BA3BEEE544C}.Debug|x64.Build.0 = Debug|x64
		{6D6FCB33-268F-44CE-B1C5-8BA3BEEE544C}.Java|Win32.ActiveCfg = Release|x64
		{6D6FCB33-268F-44CE-B1C5-8BA3BEEE544C}.Java|x64.ActiveCfg = Release|x64
		{6D6FCB33-268F-44CE-B1C5-8BA3BEEE544C}.Java|x64.Build.0 = Release|x64
		{6D6FCB33-268F-44CE-B1C5-8BA3BEEE544C}.Release|Win32.ActiveCfg = Release|Win32
		{6D6FCB33-268F-44CE-B1C5-8BA3BEEE544C}.Release|Win32.Build.0 = Release|Win32
		{6D6FCB33-268F-44CE-B1C5-8BA3BEEE544C}.Release|x64.ActiveCfg = Release|x64
		{6D6FCB33-268F-44CE-B1C5-8BA3BEEE544C}.Release|x64.Build.0 = Release|x64
		{6D6FCB33-268F-44CE-B1C5-8BA3BEEE544C}.Unicode Debug|Win32.ActiveCfg = Debug|Win32
		{6D6FCB33-268F-44CE-B1C5-8BA3BEEE544C}.Unicode Debug|Win32.Build.0 = Debug|Win32
		{6D6FCB33-268F-44CE-B1C5-8BA3BEEE544C}.Unicode Debug|x64.ActiveCfg = Debug|x64
		{6D6FCB33-268F-44CE-B1C5-8BA3BEEE544C}.Unicode Debug|x64.Build.0 = Debug|x64
		{6D6FCB33-268F-44CE-B1C5-8BA3BEEE544C}.Unicode Release|Win32.ActiveCfg = Release|Win32
		{6D6FCB33-268F-44CE-B1C5-8BA3BEEE544C}.Unicode Release|Win32.Build.0 = Release|Win32
		{6D6FCB33-268F-44CE-B1C5-8BA3BEEE544C}.Unicode Release|x64.ActiveCfg = Release|x64
		{6D6FCB33-268F-44CE-B1C5-8BA3BEEE544C}.Unicode Release|x64.Build.0 = Release|x64
		{4578BB84-4442-459C-81F1-8DD3C673AE7F}.Debug|Win32.ActiveCfg = Debug|Win32
		{4578BB84-4442-459C-81F1-8DD3C673AE7F}.Debug|Win32.Build.0 = Debug|Win32
		{4578BB84-4442-459C-81F1-8DD3C673AE7F}.Debug|x64.ActiveCfg = Debug|x64
		{4578BB84-4442-459C-81F1-8DD3C673AE7F}.Debug|x64.Build.0 = Debug|x64
		{4578BB84-4442-459C-81F1-8DD3C673AE7F}.Java|Win32.ActiveCfg = Debug|x64
		{4578BB84-4442-459C-81F1-8DD3C673AE7F}.Java|x64.ActiveCfg = Debug|x64
		{4578BB84-4442-459C-81F1-8DD3C673AE7F}.Java|x64.Build.0 = Debug|x64
		{4578BB84-4442-459C-81F1-8DD3C673AE7F}.Release|Win32.ActiveCfg = Release|Win32
		{4578BB84-4442-459C-81F1-8DD3C673AE7F}.Release|Win32.Build.0 = Release|Win32
		{4578BB84-4442-459C-81F1-8DD3C673AE7F}.Release|x64.ActiveCfg = Release|x64
		{4578BB84-4442-459C-81F1-8DD3C673AE7F}.Release|x64.Build.0 = Release|x64
		{4578BB84-4442-459C-81F1-8DD3C673AE7F}.Unicode Debug|Win32.ActiveCfg = Debug|Win32
		{4578BB84-4442-459C-81F1-8DD3C673AE7F}.Unicode Debug|Win32.Build.0 = Debug|Win32
		{4578BB84-4442-459C-81F1-8DD3C673AE7F}.Unicode Debug|x64.ActiveCfg = Debug|x64
		{4578BB84-4442-459C-81F1-8DD3C673AE7F}.Unicode Debug|x64.Build.0 = Debug|x64
		{4578BB84-4442-459C-81F1-8DD3C673AE7F}.Unicode Release|Win32.ActiveCfg = Release|Win32
		{4578BB84-4442-459C-81F1-8DD3C673AE7F}.Unicode Release|Win32.Build.0 = Release|Win32
		{4578BB84-4442-459C-81F1-8DD3C673AE7F}.Unicode Release|x64.ActiveCfg = Release|x64
		{4578BB84-4442-459C-81F1-8DD3C673AE7F}.Unicode Release|x64.Build.0 = Release|x64
	EndGlobalSection
	GlobalSection(SolutionProperties) = preSolution
		HideSolutionNode = FALSE
	EndGlobalSection
EndGlobal
