
Microsoft Visual Studio Solution File, Format Version 9.00
# Visual Studio 2005
Project("{8BC9CEB8-8B4A-11D0-8D11-00A0C91BC942}") = "SendManager", "SendManager\SendManager.vcproj", "{1902C1B3-C1C2-4280-94C8-F8420BD24678}"
EndProject
Global
	GlobalSection(SolutionConfigurationPlatforms) = preSolution
		Debug|Win32 = Debug|Win32
		Release|Win32 = Release|Win32
	EndGlobalSection
	GlobalSection(ProjectConfigurationPlatforms) = postSolution
		{1902C1B3-C1C2-4280-94C8-F8420BD24678}.Debug|Win32.ActiveCfg = Debug|Win32
		{1902C1B3-C1C2-4280-94C8-F8420BD24678}.Debug|Win32.Build.0 = Debug|Win32
		{1902C1B3-C1C2-4280-94C8-F8420BD24678}.Release|Win32.ActiveCfg = Release|Win32
		{1902C1B3-C1C2-4280-94C8-F8420BD24678}.Release|Win32.Build.0 = Release|Win32
	EndGlobalSection
	GlobalSection(SolutionProperties) = preSolution
		HideSolutionNode = FALSE
	EndGlobalSection
EndGlobal
