
Microsoft Visual Studio Solution File, Format Version 9.00
# Visual Studio 2005
Project("{8BC9CEB8-8B4A-11D0-8D11-00A0C91BC942}") = "CVSS", "Cisco\CVSS\CVSS.vcproj", "{C92A4E9A-563D-44F6-A6CF-02E5B0ABD8DC}"
	ProjectSection(ProjectDependencies) = postProject
		{7C10DD07-F283-437F-8755-2C17512FC123} = {7C10DD07-F283-437F-8755-2C17512FC123}
		{CAD2E625-268E-4A1F-ACD4-92E4CDC3848E} = {CAD2E625-268E-4A1F-ACD4-92E4CDC3848E}
		{B70E0740-2F66-4253-804C-9B564F9CFB29} = {B70E0740-2F66-4253-804C-9B564F9CFB29}
		{70941B5B-9423-417A-8970-E8FAF314CD30} = {70941B5B-9423-417A-8970-E8FAF314CD30}
		{55862687-E75D-40EF-95DD-69B74688C13C} = {55862687-E75D-40EF-95DD-69B74688C13C}
		{F5009DB7-3006-4B99-8743-D2BFF56EB3D6} = {F5009DB7-3006-4B99-8743-D2BFF56EB3D6}
		{FD89AED1-A661-45E9-881B-E9F7D20DE22F} = {FD89AED1-A661-45E9-881B-E9F7D20DE22F}
	EndProjectSection
EndProject
Project("{8BC9CEB8-8B4A-11D0-8D11-00A0C91BC942}") = "CVSSConsole", "Cisco\CVSSConsole\CVSSConsole.vcproj", "{B6564829-A9D0-46E9-BCCD-107D6B59FDBF}"
	ProjectSection(ProjectDependencies) = postProject
		{7C10DD07-F283-437F-8755-2C17512FC123} = {7C10DD07-F283-437F-8755-2C17512FC123}
		{CAD2E625-268E-4A1F-ACD4-92E4CDC3848E} = {CAD2E625-268E-4A1F-ACD4-92E4CDC3848E}
		{B70E0740-2F66-4253-804C-9B564F9CFB29} = {B70E0740-2F66-4253-804C-9B564F9CFB29}
		{55862687-E75D-40EF-95DD-69B74688C13C} = {55862687-E75D-40EF-95DD-69B74688C13C}
		{F5009DB7-3006-4B99-8743-D2BFF56EB3D6} = {F5009DB7-3006-4B99-8743-D2BFF56EB3D6}
	EndProjectSection
EndProject
Project("{8BC9CEB8-8B4A-11D0-8D11-00A0C91BC942}") = "RTSPTest", "Cisco\RTSPLib\RTSPTest\RTSPTest.vcproj", "{10A73406-020B-4AA7-A354-659280EEFAD5}"
EndProject
Project("{8BC9CEB8-8B4A-11D0-8D11-00A0C91BC942}") = "ContentStoreLib", "..\ContentStore\lib\ContentStoreLib.vcproj", "{55862687-E75D-40EF-95DD-69B74688C13C}"
EndProject
Project("{8BC9CEB8-8B4A-11D0-8D11-00A0C91BC942}") = "ZQCommonStlp", "..\..\Common\dll\ZQCommonStlp.vcproj", "{CAD2E625-268E-4A1F-ACD4-92E4CDC3848E}"
EndProject
Project("{8BC9CEB8-8B4A-11D0-8D11-00A0C91BC942}") = "TianShanCommon", "..\common\TianShanCommon.vcproj", "{B70E0740-2F66-4253-804C-9B564F9CFB29}"
EndProject
Project("{8BC9CEB8-8B4A-11D0-8D11-00A0C91BC942}") = "TianShanIce", "..\Ice\TianShanIce.vcproj", "{F5009DB7-3006-4B99-8743-D2BFF56EB3D6}"
EndProject
Project("{8BC9CEB8-8B4A-11D0-8D11-00A0C91BC942}") = "ZQSNMPManPkg", "..\Shell\ZQSNMPManPkg\ZQSNMPManPkg.vcproj", "{7C10DD07-F283-437F-8755-2C17512FC123}"
	ProjectSection(ProjectDependencies) = postProject
		{CAD2E625-268E-4A1F-ACD4-92E4CDC3848E} = {CAD2E625-268E-4A1F-ACD4-92E4CDC3848E}
		{FD89AED1-A661-45E9-881B-E9F7D20DE22F} = {FD89AED1-A661-45E9-881B-E9F7D20DE22F}
	EndProjectSection
EndProject
Project("{8BC9CEB8-8B4A-11D0-8D11-00A0C91BC942}") = "ZQAppshell", "..\Shell\ZQAppShell\zqappshell.vcproj", "{70941B5B-9423-417A-8970-E8FAF314CD30}"
EndProject
Project("{8BC9CEB8-8B4A-11D0-8D11-00A0C91BC942}") = "ZQCfgPkg", "..\Shell\ZQCfgPkg\ZQcfgpkg.vcproj", "{FD89AED1-A661-45E9-881B-E9F7D20DE22F}"
EndProject
Project("{8BC9CEB8-8B4A-11D0-8D11-00A0C91BC942}") = "pho_VSS", "pho\pho_VSS.vcproj", "{00572107-90F1-49C0-946E-0AD69E15130D}"
	ProjectSection(ProjectDependencies) = postProject
		{CAD2E625-268E-4A1F-ACD4-92E4CDC3848E} = {CAD2E625-268E-4A1F-ACD4-92E4CDC3848E}
		{B70E0740-2F66-4253-804C-9B564F9CFB29} = {B70E0740-2F66-4253-804C-9B564F9CFB29}
		{F5009DB7-3006-4B99-8743-D2BFF56EB3D6} = {F5009DB7-3006-4B99-8743-D2BFF56EB3D6}
	EndProjectSection
EndProject
Project("{8BC9CEB8-8B4A-11D0-8D11-00A0C91BC942}") = "NSSSvc", "NGOD\NSS\NSSSvc.vcproj", "{587E91BF-02F0-48FA-8E33-57003ECD4CF8}"
	ProjectSection(ProjectDependencies) = postProject
		{7C10DD07-F283-437F-8755-2C17512FC123} = {7C10DD07-F283-437F-8755-2C17512FC123}
		{CAD2E625-268E-4A1F-ACD4-92E4CDC3848E} = {CAD2E625-268E-4A1F-ACD4-92E4CDC3848E}
		{B70E0740-2F66-4253-804C-9B564F9CFB29} = {B70E0740-2F66-4253-804C-9B564F9CFB29}
		{70941B5B-9423-417A-8970-E8FAF314CD30} = {70941B5B-9423-417A-8970-E8FAF314CD30}
		{B6AE336F-CB5B-4B92-8FA4-32F38F53403C} = {B6AE336F-CB5B-4B92-8FA4-32F38F53403C}
		{55862687-E75D-40EF-95DD-69B74688C13C} = {55862687-E75D-40EF-95DD-69B74688C13C}
		{F5009DB7-3006-4B99-8743-D2BFF56EB3D6} = {F5009DB7-3006-4B99-8743-D2BFF56EB3D6}
		{FD89AED1-A661-45E9-881B-E9F7D20DE22F} = {FD89AED1-A661-45E9-881B-E9F7D20DE22F}
	EndProjectSection
EndProject
Project("{8BC9CEB8-8B4A-11D0-8D11-00A0C91BC942}") = "NSSRtspSession", "NGOD\NSSRtspSession\NSSRtspSession.vcproj", "{B6AE336F-CB5B-4B92-8FA4-32F38F53403C}"
EndProject
Project("{8BC9CEB8-8B4A-11D0-8D11-00A0C91BC942}") = "VSSClient", "VSSClient\VSSClient.vcproj", "{CC686C6C-EDC5-4232-8144-FD07DB966C31}"
	ProjectSection(ProjectDependencies) = postProject
		{CAD2E625-268E-4A1F-ACD4-92E4CDC3848E} = {CAD2E625-268E-4A1F-ACD4-92E4CDC3848E}
		{F5009DB7-3006-4B99-8743-D2BFF56EB3D6} = {F5009DB7-3006-4B99-8743-D2BFF56EB3D6}
	EndProjectSection
EndProject
Project("{8BC9CEB8-8B4A-11D0-8D11-00A0C91BC942}") = "TMVSS", "HSN\TMVSS.vcproj", "{72CFC32F-8174-4323-9E4A-44AA8CC3ECBC}"
	ProjectSection(ProjectDependencies) = postProject
		{7C10DD07-F283-437F-8755-2C17512FC123} = {7C10DD07-F283-437F-8755-2C17512FC123}
		{CAD2E625-268E-4A1F-ACD4-92E4CDC3848E} = {CAD2E625-268E-4A1F-ACD4-92E4CDC3848E}
		{B70E0740-2F66-4253-804C-9B564F9CFB29} = {B70E0740-2F66-4253-804C-9B564F9CFB29}
		{70941B5B-9423-417A-8970-E8FAF314CD30} = {70941B5B-9423-417A-8970-E8FAF314CD30}
		{55862687-E75D-40EF-95DD-69B74688C13C} = {55862687-E75D-40EF-95DD-69B74688C13C}
		{F5009DB7-3006-4B99-8743-D2BFF56EB3D6} = {F5009DB7-3006-4B99-8743-D2BFF56EB3D6}
		{FD89AED1-A661-45E9-881B-E9F7D20DE22F} = {FD89AED1-A661-45E9-881B-E9F7D20DE22F}
	EndProjectSection
EndProject
Project("{8BC9CEB8-8B4A-11D0-8D11-00A0C91BC942}") = "TMVSSConsole", "HSN\HSNConsole\TMVSSConsole.vcproj", "{C0702330-3DE2-40D0-87D2-836927662B67}"
	ProjectSection(ProjectDependencies) = postProject
		{7C10DD07-F283-437F-8755-2C17512FC123} = {7C10DD07-F283-437F-8755-2C17512FC123}
		{CAD2E625-268E-4A1F-ACD4-92E4CDC3848E} = {CAD2E625-268E-4A1F-ACD4-92E4CDC3848E}
		{B70E0740-2F66-4253-804C-9B564F9CFB29} = {B70E0740-2F66-4253-804C-9B564F9CFB29}
		{55862687-E75D-40EF-95DD-69B74688C13C} = {55862687-E75D-40EF-95DD-69B74688C13C}
		{F5009DB7-3006-4B99-8743-D2BFF56EB3D6} = {F5009DB7-3006-4B99-8743-D2BFF56EB3D6}
		{FD89AED1-A661-45E9-881B-E9F7D20DE22F} = {FD89AED1-A661-45E9-881B-E9F7D20DE22F}
	EndProjectSection
EndProject
Project("{8BC9CEB8-8B4A-11D0-8D11-00A0C91BC942}") = "VLCVSSConsole", "VLCVSS\VLCVSSConsole\VLCVSSConsole.vcproj", "{13AD06C5-019E-45BD-AB7F-A5E0A73775F6}"
	ProjectSection(ProjectDependencies) = postProject
		{7C10DD07-F283-437F-8755-2C17512FC123} = {7C10DD07-F283-437F-8755-2C17512FC123}
		{CAD2E625-268E-4A1F-ACD4-92E4CDC3848E} = {CAD2E625-268E-4A1F-ACD4-92E4CDC3848E}
		{B70E0740-2F66-4253-804C-9B564F9CFB29} = {B70E0740-2F66-4253-804C-9B564F9CFB29}
		{55862687-E75D-40EF-95DD-69B74688C13C} = {55862687-E75D-40EF-95DD-69B74688C13C}
		{F5009DB7-3006-4B99-8743-D2BFF56EB3D6} = {F5009DB7-3006-4B99-8743-D2BFF56EB3D6}
		{FD89AED1-A661-45E9-881B-E9F7D20DE22F} = {FD89AED1-A661-45E9-881B-E9F7D20DE22F}
	EndProjectSection
EndProject
Project("{8BC9CEB8-8B4A-11D0-8D11-00A0C91BC942}") = "VLCVSS", "VLCVSS\VLCVSS.vcproj", "{9C782B65-B984-409E-BA68-4C57BA5BA0CE}"
	ProjectSection(ProjectDependencies) = postProject
		{7C10DD07-F283-437F-8755-2C17512FC123} = {7C10DD07-F283-437F-8755-2C17512FC123}
		{CAD2E625-268E-4A1F-ACD4-92E4CDC3848E} = {CAD2E625-268E-4A1F-ACD4-92E4CDC3848E}
		{FD89AED1-A661-45E9-881B-E9F7D20DE22F} = {FD89AED1-A661-45E9-881B-E9F7D20DE22F}
		{F5009DB7-3006-4B99-8743-D2BFF56EB3D6} = {F5009DB7-3006-4B99-8743-D2BFF56EB3D6}
		{55862687-E75D-40EF-95DD-69B74688C13C} = {55862687-E75D-40EF-95DD-69B74688C13C}
		{70941B5B-9423-417A-8970-E8FAF314CD30} = {70941B5B-9423-417A-8970-E8FAF314CD30}
		{B70E0740-2F66-4253-804C-9B564F9CFB29} = {B70E0740-2F66-4253-804C-9B564F9CFB29}
	EndProjectSection
EndProject
Global
	GlobalSection(SolutionConfigurationPlatforms) = preSolution
		Debug|Win32 = Debug|Win32
		Debug|x64 = Debug|x64
		Java|Win32 = Java|Win32
		Java|x64 = Java|x64
		Release|Win32 = Release|Win32
		Release|x64 = Release|x64
		Unicode Debug|Win32 = Unicode Debug|Win32
		Unicode Debug|x64 = Unicode Debug|x64
		Unicode Release|Win32 = Unicode Release|Win32
		Unicode Release|x64 = Unicode Release|x64
	EndGlobalSection
	GlobalSection(ProjectConfigurationPlatforms) = postSolution
		{C92A4E9A-563D-44F6-A6CF-02E5B0ABD8DC}.Debug|Win32.ActiveCfg = Debug|Win32
		{C92A4E9A-563D-44F6-A6CF-02E5B0ABD8DC}.Debug|Win32.Build.0 = Debug|Win32
		{C92A4E9A-563D-44F6-A6CF-02E5B0ABD8DC}.Debug|x64.ActiveCfg = Debug|Win32
		{C92A4E9A-563D-44F6-A6CF-02E5B0ABD8DC}.Java|Win32.ActiveCfg = Release|Win32
		{C92A4E9A-563D-44F6-A6CF-02E5B0ABD8DC}.Java|Win32.Build.0 = Release|Win32
		{C92A4E9A-563D-44F6-A6CF-02E5B0ABD8DC}.Java|x64.ActiveCfg = Release|Win32
		{C92A4E9A-563D-44F6-A6CF-02E5B0ABD8DC}.Release|Win32.ActiveCfg = Release|Win32
		{C92A4E9A-563D-44F6-A6CF-02E5B0ABD8DC}.Release|Win32.Build.0 = Release|Win32
		{C92A4E9A-563D-44F6-A6CF-02E5B0ABD8DC}.Release|x64.ActiveCfg = Release|Win32
		{C92A4E9A-563D-44F6-A6CF-02E5B0ABD8DC}.Unicode Debug|Win32.ActiveCfg = Debug|Win32
		{C92A4E9A-563D-44F6-A6CF-02E5B0ABD8DC}.Unicode Debug|Win32.Build.0 = Debug|Win32
		{C92A4E9A-563D-44F6-A6CF-02E5B0ABD8DC}.Unicode Debug|x64.ActiveCfg = Debug|Win32
		{C92A4E9A-563D-44F6-A6CF-02E5B0ABD8DC}.Unicode Release|Win32.ActiveCfg = Release|Win32
		{C92A4E9A-563D-44F6-A6CF-02E5B0ABD8DC}.Unicode Release|Win32.Build.0 = Release|Win32
		{C92A4E9A-563D-44F6-A6CF-02E5B0ABD8DC}.Unicode Release|x64.ActiveCfg = Release|Win32
		{B6564829-A9D0-46E9-BCCD-107D6B59FDBF}.Debug|Win32.ActiveCfg = Debug|Win32
		{B6564829-A9D0-46E9-BCCD-107D6B59FDBF}.Debug|Win32.Build.0 = Debug|Win32
		{B6564829-A9D0-46E9-BCCD-107D6B59FDBF}.Debug|x64.ActiveCfg = Debug|Win32
		{B6564829-A9D0-46E9-BCCD-107D6B59FDBF}.Java|Win32.ActiveCfg = Release|Win32
		{B6564829-A9D0-46E9-BCCD-107D6B59FDBF}.Java|Win32.Build.0 = Release|Win32
		{B6564829-A9D0-46E9-BCCD-107D6B59FDBF}.Java|x64.ActiveCfg = Release|Win32
		{B6564829-A9D0-46E9-BCCD-107D6B59FDBF}.Release|Win32.ActiveCfg = Release|Win32
		{B6564829-A9D0-46E9-BCCD-107D6B59FDBF}.Release|Win32.Build.0 = Release|Win32
		{B6564829-A9D0-46E9-BCCD-107D6B59FDBF}.Release|x64.ActiveCfg = Release|Win32
		{B6564829-A9D0-46E9-BCCD-107D6B59FDBF}.Unicode Debug|Win32.ActiveCfg = Debug|Win32
		{B6564829-A9D0-46E9-BCCD-107D6B59FDBF}.Unicode Debug|Win32.Build.0 = Debug|Win32
		{B6564829-A9D0-46E9-BCCD-107D6B59FDBF}.Unicode Debug|x64.ActiveCfg = Debug|Win32
		{B6564829-A9D0-46E9-BCCD-107D6B59FDBF}.Unicode Release|Win32.ActiveCfg = Release|Win32
		{B6564829-A9D0-46E9-BCCD-107D6B59FDBF}.Unicode Release|Win32.Build.0 = Release|Win32
		{B6564829-A9D0-46E9-BCCD-107D6B59FDBF}.Unicode Release|x64.ActiveCfg = Release|Win32
		{10A73406-020B-4AA7-A354-659280EEFAD5}.Debug|Win32.ActiveCfg = Debug|Win32
		{10A73406-020B-4AA7-A354-659280EEFAD5}.Debug|Win32.Build.0 = Debug|Win32
		{10A73406-020B-4AA7-A354-659280EEFAD5}.Debug|x64.ActiveCfg = Debug|Win32
		{10A73406-020B-4AA7-A354-659280EEFAD5}.Java|Win32.ActiveCfg = Release|Win32
		{10A73406-020B-4AA7-A354-659280EEFAD5}.Java|Win32.Build.0 = Release|Win32
		{10A73406-020B-4AA7-A354-659280EEFAD5}.Java|x64.ActiveCfg = Release|Win32
		{10A73406-020B-4AA7-A354-659280EEFAD5}.Release|Win32.ActiveCfg = Release|Win32
		{10A73406-020B-4AA7-A354-659280EEFAD5}.Release|Win32.Build.0 = Release|Win32
		{10A73406-020B-4AA7-A354-659280EEFAD5}.Release|x64.ActiveCfg = Release|Win32
		{10A73406-020B-4AA7-A354-659280EEFAD5}.Unicode Debug|Win32.ActiveCfg = Debug|Win32
		{10A73406-020B-4AA7-A354-659280EEFAD5}.Unicode Debug|Win32.Build.0 = Debug|Win32
		{10A73406-020B-4AA7-A354-659280EEFAD5}.Unicode Debug|x64.ActiveCfg = Debug|Win32
		{10A73406-020B-4AA7-A354-659280EEFAD5}.Unicode Release|Win32.ActiveCfg = Release|Win32
		{10A73406-020B-4AA7-A354-659280EEFAD5}.Unicode Release|Win32.Build.0 = Release|Win32
		{10A73406-020B-4AA7-A354-659280EEFAD5}.Unicode Release|x64.ActiveCfg = Release|Win32
		{55862687-E75D-40EF-95DD-69B74688C13C}.Debug|Win32.ActiveCfg = Debug|Win32
		{55862687-E75D-40EF-95DD-69B74688C13C}.Debug|Win32.Build.0 = Debug|Win32
		{55862687-E75D-40EF-95DD-69B74688C13C}.Debug|x64.ActiveCfg = Debug|x64
		{55862687-E75D-40EF-95DD-69B74688C13C}.Debug|x64.Build.0 = Debug|x64
		{55862687-E75D-40EF-95DD-69B74688C13C}.Java|Win32.ActiveCfg = Release|x64
		{55862687-E75D-40EF-95DD-69B74688C13C}.Java|x64.ActiveCfg = Release|x64
		{55862687-E75D-40EF-95DD-69B74688C13C}.Java|x64.Build.0 = Release|x64
		{55862687-E75D-40EF-95DD-69B74688C13C}.Release|Win32.ActiveCfg = Release|Win32
		{55862687-E75D-40EF-95DD-69B74688C13C}.Release|Win32.Build.0 = Release|Win32
		{55862687-E75D-40EF-95DD-69B74688C13C}.Release|x64.ActiveCfg = Release|x64
		{55862687-E75D-40EF-95DD-69B74688C13C}.Release|x64.Build.0 = Release|x64
		{55862687-E75D-40EF-95DD-69B74688C13C}.Unicode Debug|Win32.ActiveCfg = Debug|Win32
		{55862687-E75D-40EF-95DD-69B74688C13C}.Unicode Debug|Win32.Build.0 = Debug|Win32
		{55862687-E75D-40EF-95DD-69B74688C13C}.Unicode Debug|x64.ActiveCfg = Debug|x64
		{55862687-E75D-40EF-95DD-69B74688C13C}.Unicode Debug|x64.Build.0 = Debug|x64
		{55862687-E75D-40EF-95DD-69B74688C13C}.Unicode Release|Win32.ActiveCfg = Release|Win32
		{55862687-E75D-40EF-95DD-69B74688C13C}.Unicode Release|Win32.Build.0 = Release|Win32
		{55862687-E75D-40EF-95DD-69B74688C13C}.Unicode Release|x64.ActiveCfg = Release|x64
		{55862687-E75D-40EF-95DD-69B74688C13C}.Unicode Release|x64.Build.0 = Release|x64
		{CAD2E625-268E-4A1F-ACD4-92E4CDC3848E}.Debug|Win32.ActiveCfg = Debug|Win32
		{CAD2E625-268E-4A1F-ACD4-92E4CDC3848E}.Debug|Win32.Build.0 = Debug|Win32
		{CAD2E625-268E-4A1F-ACD4-92E4CDC3848E}.Debug|x64.ActiveCfg = Debug|x64
		{CAD2E625-268E-4A1F-ACD4-92E4CDC3848E}.Debug|x64.Build.0 = Debug|x64
		{CAD2E625-268E-4A1F-ACD4-92E4CDC3848E}.Java|Win32.ActiveCfg = Debug|x64
		{CAD2E625-268E-4A1F-ACD4-92E4CDC3848E}.Java|x64.ActiveCfg = Debug|x64
		{CAD2E625-268E-4A1F-ACD4-92E4CDC3848E}.Java|x64.Build.0 = Debug|x64
		{CAD2E625-268E-4A1F-ACD4-92E4CDC3848E}.Release|Win32.ActiveCfg = Release|Win32
		{CAD2E625-268E-4A1F-ACD4-92E4CDC3848E}.Release|Win32.Build.0 = Release|Win32
		{CAD2E625-268E-4A1F-ACD4-92E4CDC3848E}.Release|x64.ActiveCfg = Release|x64
		{CAD2E625-268E-4A1F-ACD4-92E4CDC3848E}.Release|x64.Build.0 = Release|x64
		{CAD2E625-268E-4A1F-ACD4-92E4CDC3848E}.Unicode Debug|Win32.ActiveCfg = Unicode Debug|Win32
		{CAD2E625-268E-4A1F-ACD4-92E4CDC3848E}.Unicode Debug|Win32.Build.0 = Unicode Debug|Win32
		{CAD2E625-268E-4A1F-ACD4-92E4CDC3848E}.Unicode Debug|x64.ActiveCfg = Unicode Debug|x64
		{CAD2E625-268E-4A1F-ACD4-92E4CDC3848E}.Unicode Debug|x64.Build.0 = Unicode Debug|x64
		{CAD2E625-268E-4A1F-ACD4-92E4CDC3848E}.Unicode Release|Win32.ActiveCfg = Unicode Release|Win32
		{CAD2E625-268E-4A1F-ACD4-92E4CDC3848E}.Unicode Release|Win32.Build.0 = Unicode Release|Win32
		{CAD2E625-268E-4A1F-ACD4-92E4CDC3848E}.Unicode Release|x64.ActiveCfg = Unicode Release|x64
		{CAD2E625-268E-4A1F-ACD4-92E4CDC3848E}.Unicode Release|x64.Build.0 = Unicode Release|x64
		{B70E0740-2F66-4253-804C-9B564F9CFB29}.Debug|Win32.ActiveCfg = Debug|Win32
		{B70E0740-2F66-4253-804C-9B564F9CFB29}.Debug|Win32.Build.0 = Debug|Win32
		{B70E0740-2F66-4253-804C-9B564F9CFB29}.Debug|x64.ActiveCfg = Debug|x64
		{B70E0740-2F66-4253-804C-9B564F9CFB29}.Debug|x64.Build.0 = Debug|x64
		{B70E0740-2F66-4253-804C-9B564F9CFB29}.Java|Win32.ActiveCfg = Unicode Release|x64
		{B70E0740-2F66-4253-804C-9B564F9CFB29}.Java|x64.ActiveCfg = Unicode Release|x64
		{B70E0740-2F66-4253-804C-9B564F9CFB29}.Java|x64.Build.0 = Unicode Release|x64
		{B70E0740-2F66-4253-804C-9B564F9CFB29}.Release|Win32.ActiveCfg = Release|Win32
		{B70E0740-2F66-4253-804C-9B564F9CFB29}.Release|Win32.Build.0 = Release|Win32
		{B70E0740-2F66-4253-804C-9B564F9CFB29}.Release|x64.ActiveCfg = Release|x64
		{B70E0740-2F66-4253-804C-9B564F9CFB29}.Release|x64.Build.0 = Release|x64
		{B70E0740-2F66-4253-804C-9B564F9CFB29}.Unicode Debug|Win32.ActiveCfg = Unicode Debug|Win32
		{B70E0740-2F66-4253-804C-9B564F9CFB29}.Unicode Debug|Win32.Build.0 = Unicode Debug|Win32
		{B70E0740-2F66-4253-804C-9B564F9CFB29}.Unicode Debug|x64.ActiveCfg = Unicode Debug|x64
		{B70E0740-2F66-4253-804C-9B564F9CFB29}.Unicode Debug|x64.Build.0 = Unicode Debug|x64
		{B70E0740-2F66-4253-804C-9B564F9CFB29}.Unicode Release|Win32.ActiveCfg = Unicode Release|Win32
		{B70E0740-2F66-4253-804C-9B564F9CFB29}.Unicode Release|Win32.Build.0 = Unicode Release|Win32
		{B70E0740-2F66-4253-804C-9B564F9CFB29}.Unicode Release|x64.ActiveCfg = Unicode Release|x64
		{B70E0740-2F66-4253-804C-9B564F9CFB29}.Unicode Release|x64.Build.0 = Unicode Release|x64
		{F5009DB7-3006-4B99-8743-D2BFF56EB3D6}.Debug|Win32.ActiveCfg = Debug|Win32
		{F5009DB7-3006-4B99-8743-D2BFF56EB3D6}.Debug|Win32.Build.0 = Debug|Win32
		{F5009DB7-3006-4B99-8743-D2BFF56EB3D6}.Debug|x64.ActiveCfg = Debug|x64
		{F5009DB7-3006-4B99-8743-D2BFF56EB3D6}.Debug|x64.Build.0 = Debug|x64
		{F5009DB7-3006-4B99-8743-D2BFF56EB3D6}.Java|Win32.ActiveCfg = Java|Win32
		{F5009DB7-3006-4B99-8743-D2BFF56EB3D6}.Java|Win32.Build.0 = Java|Win32
		{F5009DB7-3006-4B99-8743-D2BFF56EB3D6}.Java|x64.ActiveCfg = Java|x64
		{F5009DB7-3006-4B99-8743-D2BFF56EB3D6}.Java|x64.Build.0 = Java|x64
		{F5009DB7-3006-4B99-8743-D2BFF56EB3D6}.Release|Win32.ActiveCfg = Release|Win32
		{F5009DB7-3006-4B99-8743-D2BFF56EB3D6}.Release|Win32.Build.0 = Release|Win32
		{F5009DB7-3006-4B99-8743-D2BFF56EB3D6}.Release|x64.ActiveCfg = Release|x64
		{F5009DB7-3006-4B99-8743-D2BFF56EB3D6}.Release|x64.Build.0 = Release|x64
		{F5009DB7-3006-4B99-8743-D2BFF56EB3D6}.Unicode Debug|Win32.ActiveCfg = Debug|Win32
		{F5009DB7-3006-4B99-8743-D2BFF56EB3D6}.Unicode Debug|Win32.Build.0 = Debug|Win32
		{F5009DB7-3006-4B99-8743-D2BFF56EB3D6}.Unicode Debug|x64.ActiveCfg = Debug|x64
		{F5009DB7-3006-4B99-8743-D2BFF56EB3D6}.Unicode Debug|x64.Build.0 = Debug|x64
		{F5009DB7-3006-4B99-8743-D2BFF56EB3D6}.Unicode Release|Win32.ActiveCfg = Release|Win32
		{F5009DB7-3006-4B99-8743-D2BFF56EB3D6}.Unicode Release|Win32.Build.0 = Release|Win32
		{F5009DB7-3006-4B99-8743-D2BFF56EB3D6}.Unicode Release|x64.ActiveCfg = Release|x64
		{F5009DB7-3006-4B99-8743-D2BFF56EB3D6}.Unicode Release|x64.Build.0 = Release|x64
		{7C10DD07-F283-437F-8755-2C17512FC123}.Debug|Win32.ActiveCfg = Debug|Win32
		{7C10DD07-F283-437F-8755-2C17512FC123}.Debug|Win32.Build.0 = Debug|Win32
		{7C10DD07-F283-437F-8755-2C17512FC123}.Debug|x64.ActiveCfg = Debug|x64
		{7C10DD07-F283-437F-8755-2C17512FC123}.Debug|x64.Build.0 = Debug|x64
		{7C10DD07-F283-437F-8755-2C17512FC123}.Java|Win32.ActiveCfg = Unicode Debug|x64
		{7C10DD07-F283-437F-8755-2C17512FC123}.Java|x64.ActiveCfg = Unicode Debug|x64
		{7C10DD07-F283-437F-8755-2C17512FC123}.Java|x64.Build.0 = Unicode Debug|x64
		{7C10DD07-F283-437F-8755-2C17512FC123}.Release|Win32.ActiveCfg = Release|Win32
		{7C10DD07-F283-437F-8755-2C17512FC123}.Release|Win32.Build.0 = Release|Win32
		{7C10DD07-F283-437F-8755-2C17512FC123}.Release|x64.ActiveCfg = Release|x64
		{7C10DD07-F283-437F-8755-2C17512FC123}.Release|x64.Build.0 = Release|x64
		{7C10DD07-F283-437F-8755-2C17512FC123}.Unicode Debug|Win32.ActiveCfg = Unicode Debug|Win32
		{7C10DD07-F283-437F-8755-2C17512FC123}.Unicode Debug|Win32.Build.0 = Unicode Debug|Win32
		{7C10DD07-F283-437F-8755-2C17512FC123}.Unicode Debug|x64.ActiveCfg = Unicode Debug|x64
		{7C10DD07-F283-437F-8755-2C17512FC123}.Unicode Debug|x64.Build.0 = Unicode Debug|x64
		{7C10DD07-F283-437F-8755-2C17512FC123}.Unicode Release|Win32.ActiveCfg = Unicode Release|Win32
		{7C10DD07-F283-437F-8755-2C17512FC123}.Unicode Release|Win32.Build.0 = Unicode Release|Win32
		{7C10DD07-F283-437F-8755-2C17512FC123}.Unicode Release|x64.ActiveCfg = Unicode Release|x64
		{7C10DD07-F283-437F-8755-2C17512FC123}.Unicode Release|x64.Build.0 = Unicode Release|x64
		{70941B5B-9423-417A-8970-E8FAF314CD30}.Debug|Win32.ActiveCfg = Debug|Win32
		{70941B5B-9423-417A-8970-E8FAF314CD30}.Debug|Win32.Build.0 = Debug|Win32
		{70941B5B-9423-417A-8970-E8FAF314CD30}.Debug|x64.ActiveCfg = Debug|x64
		{70941B5B-9423-417A-8970-E8FAF314CD30}.Debug|x64.Build.0 = Debug|x64
		{70941B5B-9423-417A-8970-E8FAF314CD30}.Java|Win32.ActiveCfg = Unicode Release|x64
		{70941B5B-9423-417A-8970-E8FAF314CD30}.Java|x64.ActiveCfg = Unicode Release|x64
		{70941B5B-9423-417A-8970-E8FAF314CD30}.Java|x64.Build.0 = Unicode Release|x64
		{70941B5B-9423-417A-8970-E8FAF314CD30}.Release|Win32.ActiveCfg = Release|Win32
		{70941B5B-9423-417A-8970-E8FAF314CD30}.Release|Win32.Build.0 = Release|Win32
		{70941B5B-9423-417A-8970-E8FAF314CD30}.Release|x64.ActiveCfg = Release|x64
		{70941B5B-9423-417A-8970-E8FAF314CD30}.Release|x64.Build.0 = Release|x64
		{70941B5B-9423-417A-8970-E8FAF314CD30}.Unicode Debug|Win32.ActiveCfg = Unicode Debug|Win32
		{70941B5B-9423-417A-8970-E8FAF314CD30}.Unicode Debug|Win32.Build.0 = Unicode Debug|Win32
		{70941B5B-9423-417A-8970-E8FAF314CD30}.Unicode Debug|x64.ActiveCfg = Unicode Debug|x64
		{70941B5B-9423-417A-8970-E8FAF314CD30}.Unicode Debug|x64.Build.0 = Unicode Debug|x64
		{70941B5B-9423-417A-8970-E8FAF314CD30}.Unicode Release|Win32.ActiveCfg = Unicode Release|Win32
		{70941B5B-9423-417A-8970-E8FAF314CD30}.Unicode Release|Win32.Build.0 = Unicode Release|Win32
		{70941B5B-9423-417A-8970-E8FAF314CD30}.Unicode Release|x64.ActiveCfg = Unicode Release|x64
		{70941B5B-9423-417A-8970-E8FAF314CD30}.Unicode Release|x64.Build.0 = Unicode Release|x64
		{FD89AED1-A661-45E9-881B-E9F7D20DE22F}.Debug|Win32.ActiveCfg = Debug|Win32
		{FD89AED1-A661-45E9-881B-E9F7D20DE22F}.Debug|Win32.Build.0 = Debug|Win32
		{FD89AED1-A661-45E9-881B-E9F7D20DE22F}.Debug|x64.ActiveCfg = Debug|x64
		{FD89AED1-A661-45E9-881B-E9F7D20DE22F}.Debug|x64.Build.0 = Debug|x64
		{FD89AED1-A661-45E9-881B-E9F7D20DE22F}.Java|Win32.ActiveCfg = Unicode Release|x64
		{FD89AED1-A661-45E9-881B-E9F7D20DE22F}.Java|x64.ActiveCfg = Unicode Release|x64
		{FD89AED1-A661-45E9-881B-E9F7D20DE22F}.Java|x64.Build.0 = Unicode Release|x64
		{FD89AED1-A661-45E9-881B-E9F7D20DE22F}.Release|Win32.ActiveCfg = Release|Win32
		{FD89AED1-A661-45E9-881B-E9F7D20DE22F}.Release|Win32.Build.0 = Release|Win32
		{FD89AED1-A661-45E9-881B-E9F7D20DE22F}.Release|x64.ActiveCfg = Release|x64
		{FD89AED1-A661-45E9-881B-E9F7D20DE22F}.Release|x64.Build.0 = Release|x64
		{FD89AED1-A661-45E9-881B-E9F7D20DE22F}.Unicode Debug|Win32.ActiveCfg = Unicode Debug|Win32
		{FD89AED1-A661-45E9-881B-E9F7D20DE22F}.Unicode Debug|Win32.Build.0 = Unicode Debug|Win32
		{FD89AED1-A661-45E9-881B-E9F7D20DE22F}.Unicode Debug|x64.ActiveCfg = Unicode Debug|x64
		{FD89AED1-A661-45E9-881B-E9F7D20DE22F}.Unicode Debug|x64.Build.0 = Unicode Debug|x64
		{FD89AED1-A661-45E9-881B-E9F7D20DE22F}.Unicode Release|Win32.ActiveCfg = Unicode Release|Win32
		{FD89AED1-A661-45E9-881B-E9F7D20DE22F}.Unicode Release|Win32.Build.0 = Unicode Release|Win32
		{FD89AED1-A661-45E9-881B-E9F7D20DE22F}.Unicode Release|x64.ActiveCfg = Unicode Release|x64
		{FD89AED1-A661-45E9-881B-E9F7D20DE22F}.Unicode Release|x64.Build.0 = Unicode Release|x64
		{00572107-90F1-49C0-946E-0AD69E15130D}.Debug|Win32.ActiveCfg = Debug|Win32
		{00572107-90F1-49C0-946E-0AD69E15130D}.Debug|Win32.Build.0 = Debug|Win32
		{00572107-90F1-49C0-946E-0AD69E15130D}.Debug|x64.ActiveCfg = Debug|x64
		{00572107-90F1-49C0-946E-0AD69E15130D}.Debug|x64.Build.0 = Debug|x64
		{00572107-90F1-49C0-946E-0AD69E15130D}.Java|Win32.ActiveCfg = Release|x64
		{00572107-90F1-49C0-946E-0AD69E15130D}.Java|x64.ActiveCfg = Release|x64
		{00572107-90F1-49C0-946E-0AD69E15130D}.Java|x64.Build.0 = Release|x64
		{00572107-90F1-49C0-946E-0AD69E15130D}.Release|Win32.ActiveCfg = Release|Win32
		{00572107-90F1-49C0-946E-0AD69E15130D}.Release|Win32.Build.0 = Release|Win32
		{00572107-90F1-49C0-946E-0AD69E15130D}.Release|x64.ActiveCfg = Release|x64
		{00572107-90F1-49C0-946E-0AD69E15130D}.Release|x64.Build.0 = Release|x64
		{00572107-90F1-49C0-946E-0AD69E15130D}.Unicode Debug|Win32.ActiveCfg = Debug|Win32
		{00572107-90F1-49C0-946E-0AD69E15130D}.Unicode Debug|Win32.Build.0 = Debug|Win32
		{00572107-90F1-49C0-946E-0AD69E15130D}.Unicode Debug|x64.ActiveCfg = Debug|x64
		{00572107-90F1-49C0-946E-0AD69E15130D}.Unicode Debug|x64.Build.0 = Debug|x64
		{00572107-90F1-49C0-946E-0AD69E15130D}.Unicode Release|Win32.ActiveCfg = Release|Win32
		{00572107-90F1-49C0-946E-0AD69E15130D}.Unicode Release|Win32.Build.0 = Release|Win32
		{00572107-90F1-49C0-946E-0AD69E15130D}.Unicode Release|x64.ActiveCfg = Release|x64
		{00572107-90F1-49C0-946E-0AD69E15130D}.Unicode Release|x64.Build.0 = Release|x64
		{587E91BF-02F0-48FA-8E33-57003ECD4CF8}.Debug|Win32.ActiveCfg = Debug|Win32
		{587E91BF-02F0-48FA-8E33-57003ECD4CF8}.Debug|Win32.Build.0 = Debug|Win32
		{587E91BF-02F0-48FA-8E33-57003ECD4CF8}.Debug|x64.ActiveCfg = Debug|x64
		{587E91BF-02F0-48FA-8E33-57003ECD4CF8}.Debug|x64.Build.0 = Debug|x64
		{587E91BF-02F0-48FA-8E33-57003ECD4CF8}.Java|Win32.ActiveCfg = Debug|x64
		{587E91BF-02F0-48FA-8E33-57003ECD4CF8}.Java|x64.ActiveCfg = Debug|x64
		{587E91BF-02F0-48FA-8E33-57003ECD4CF8}.Java|x64.Build.0 = Debug|x64
		{587E91BF-02F0-48FA-8E33-57003ECD4CF8}.Release|Win32.ActiveCfg = Release|Win32
		{587E91BF-02F0-48FA-8E33-57003ECD4CF8}.Release|Win32.Build.0 = Release|Win32
		{587E91BF-02F0-48FA-8E33-57003ECD4CF8}.Release|x64.ActiveCfg = Release|x64
		{587E91BF-02F0-48FA-8E33-57003ECD4CF8}.Release|x64.Build.0 = Release|x64
		{587E91BF-02F0-48FA-8E33-57003ECD4CF8}.Unicode Debug|Win32.ActiveCfg = Debug|Win32
		{587E91BF-02F0-48FA-8E33-57003ECD4CF8}.Unicode Debug|Win32.Build.0 = Debug|Win32
		{587E91BF-02F0-48FA-8E33-57003ECD4CF8}.Unicode Debug|x64.ActiveCfg = Debug|x64
		{587E91BF-02F0-48FA-8E33-57003ECD4CF8}.Unicode Debug|x64.Build.0 = Debug|x64
		{587E91BF-02F0-48FA-8E33-57003ECD4CF8}.Unicode Release|Win32.ActiveCfg = Release|Win32
		{587E91BF-02F0-48FA-8E33-57003ECD4CF8}.Unicode Release|Win32.Build.0 = Release|Win32
		{587E91BF-02F0-48FA-8E33-57003ECD4CF8}.Unicode Release|x64.ActiveCfg = Release|x64
		{587E91BF-02F0-48FA-8E33-57003ECD4CF8}.Unicode Release|x64.Build.0 = Release|x64
		{B6AE336F-CB5B-4B92-8FA4-32F38F53403C}.Debug|Win32.ActiveCfg = Debug|Win32
		{B6AE336F-CB5B-4B92-8FA4-32F38F53403C}.Debug|Win32.Build.0 = Debug|Win32
		{B6AE336F-CB5B-4B92-8FA4-32F38F53403C}.Debug|x64.ActiveCfg = Debug|x64
		{B6AE336F-CB5B-4B92-8FA4-32F38F53403C}.Debug|x64.Build.0 = Debug|x64
		{B6AE336F-CB5B-4B92-8FA4-32F38F53403C}.Java|Win32.ActiveCfg = Release|x64
		{B6AE336F-CB5B-4B92-8FA4-32F38F53403C}.Java|x64.ActiveCfg = Release|x64
		{B6AE336F-CB5B-4B92-8FA4-32F38F53403C}.Java|x64.Build.0 = Release|x64
		{B6AE336F-CB5B-4B92-8FA4-32F38F53403C}.Release|Win32.ActiveCfg = Release|Win32
		{B6AE336F-CB5B-4B92-8FA4-32F38F53403C}.Release|Win32.Build.0 = Release|Win32
		{B6AE336F-CB5B-4B92-8FA4-32F38F53403C}.Release|x64.ActiveCfg = Release|x64
		{B6AE336F-CB5B-4B92-8FA4-32F38F53403C}.Release|x64.Build.0 = Release|x64
		{B6AE336F-CB5B-4B92-8FA4-32F38F53403C}.Unicode Debug|Win32.ActiveCfg = Debug|Win32
		{B6AE336F-CB5B-4B92-8FA4-32F38F53403C}.Unicode Debug|Win32.Build.0 = Debug|Win32
		{B6AE336F-CB5B-4B92-8FA4-32F38F53403C}.Unicode Debug|x64.ActiveCfg = Debug|x64
		{B6AE336F-CB5B-4B92-8FA4-32F38F53403C}.Unicode Debug|x64.Build.0 = Debug|x64
		{B6AE336F-CB5B-4B92-8FA4-32F38F53403C}.Unicode Release|Win32.ActiveCfg = Release|Win32
		{B6AE336F-CB5B-4B92-8FA4-32F38F53403C}.Unicode Release|Win32.Build.0 = Release|Win32
		{B6AE336F-CB5B-4B92-8FA4-32F38F53403C}.Unicode Release|x64.ActiveCfg = Release|x64
		{B6AE336F-CB5B-4B92-8FA4-32F38F53403C}.Unicode Release|x64.Build.0 = Release|x64
		{CC686C6C-EDC5-4232-8144-FD07DB966C31}.Debug|Win32.ActiveCfg = Debug|Win32
		{CC686C6C-EDC5-4232-8144-FD07DB966C31}.Debug|Win32.Build.0 = Debug|Win32
		{CC686C6C-EDC5-4232-8144-FD07DB966C31}.Debug|x64.ActiveCfg = Debug|Win32
		{CC686C6C-EDC5-4232-8144-FD07DB966C31}.Java|Win32.ActiveCfg = Release|Win32
		{CC686C6C-EDC5-4232-8144-FD07DB966C31}.Java|Win32.Build.0 = Release|Win32
		{CC686C6C-EDC5-4232-8144-FD07DB966C31}.Java|x64.ActiveCfg = Release|Win32
		{CC686C6C-EDC5-4232-8144-FD07DB966C31}.Release|Win32.ActiveCfg = Release|Win32
		{CC686C6C-EDC5-4232-8144-FD07DB966C31}.Release|Win32.Build.0 = Release|Win32
		{CC686C6C-EDC5-4232-8144-FD07DB966C31}.Release|x64.ActiveCfg = Release|Win32
		{CC686C6C-EDC5-4232-8144-FD07DB966C31}.Unicode Debug|Win32.ActiveCfg = Debug|Win32
		{CC686C6C-EDC5-4232-8144-FD07DB966C31}.Unicode Debug|Win32.Build.0 = Debug|Win32
		{CC686C6C-EDC5-4232-8144-FD07DB966C31}.Unicode Debug|x64.ActiveCfg = Debug|Win32
		{CC686C6C-EDC5-4232-8144-FD07DB966C31}.Unicode Release|Win32.ActiveCfg = Release|Win32
		{CC686C6C-EDC5-4232-8144-FD07DB966C31}.Unicode Release|Win32.Build.0 = Release|Win32
		{CC686C6C-EDC5-4232-8144-FD07DB966C31}.Unicode Release|x64.ActiveCfg = Release|Win32
		{72CFC32F-8174-4323-9E4A-44AA8CC3ECBC}.Debug|Win32.ActiveCfg = Debug|Win32
		{72CFC32F-8174-4323-9E4A-44AA8CC3ECBC}.Debug|Win32.Build.0 = Debug|Win32
		{72CFC32F-8174-4323-9E4A-44AA8CC3ECBC}.Debug|x64.ActiveCfg = Debug|Win32
		{72CFC32F-8174-4323-9E4A-44AA8CC3ECBC}.Java|Win32.ActiveCfg = Release|Win32
		{72CFC32F-8174-4323-9E4A-44AA8CC3ECBC}.Java|Win32.Build.0 = Release|Win32
		{72CFC32F-8174-4323-9E4A-44AA8CC3ECBC}.Java|x64.ActiveCfg = Release|Win32
		{72CFC32F-8174-4323-9E4A-44AA8CC3ECBC}.Release|Win32.ActiveCfg = Release|Win32
		{72CFC32F-8174-4323-9E4A-44AA8CC3ECBC}.Release|Win32.Build.0 = Release|Win32
		{72CFC32F-8174-4323-9E4A-44AA8CC3ECBC}.Release|x64.ActiveCfg = Release|Win32
		{72CFC32F-8174-4323-9E4A-44AA8CC3ECBC}.Unicode Debug|Win32.ActiveCfg = Debug|Win32
		{72CFC32F-8174-4323-9E4A-44AA8CC3ECBC}.Unicode Debug|Win32.Build.0 = Debug|Win32
		{72CFC32F-8174-4323-9E4A-44AA8CC3ECBC}.Unicode Debug|x64.ActiveCfg = Debug|Win32
		{72CFC32F-8174-4323-9E4A-44AA8CC3ECBC}.Unicode Release|Win32.ActiveCfg = Release|Win32
		{72CFC32F-8174-4323-9E4A-44AA8CC3ECBC}.Unicode Release|Win32.Build.0 = Release|Win32
		{72CFC32F-8174-4323-9E4A-44AA8CC3ECBC}.Unicode Release|x64.ActiveCfg = Release|Win32
		{C0702330-3DE2-40D0-87D2-836927662B67}.Debug|Win32.ActiveCfg = Debug|Win32
		{C0702330-3DE2-40D0-87D2-836927662B67}.Debug|Win32.Build.0 = Debug|Win32
		{C0702330-3DE2-40D0-87D2-836927662B67}.Debug|x64.ActiveCfg = Debug|Win32
		{C0702330-3DE2-40D0-87D2-836927662B67}.Java|Win32.ActiveCfg = Release|Win32
		{C0702330-3DE2-40D0-87D2-836927662B67}.Java|Win32.Build.0 = Release|Win32
		{C0702330-3DE2-40D0-87D2-836927662B67}.Java|x64.ActiveCfg = Release|Win32
		{C0702330-3DE2-40D0-87D2-836927662B67}.Release|Win32.ActiveCfg = Release|Win32
		{C0702330-3DE2-40D0-87D2-836927662B67}.Release|Win32.Build.0 = Release|Win32
		{C0702330-3DE2-40D0-87D2-836927662B67}.Release|x64.ActiveCfg = Release|Win32
		{C0702330-3DE2-40D0-87D2-836927662B67}.Unicode Debug|Win32.ActiveCfg = Debug|Win32
		{C0702330-3DE2-40D0-87D2-836927662B67}.Unicode Debug|Win32.Build.0 = Debug|Win32
		{C0702330-3DE2-40D0-87D2-836927662B67}.Unicode Debug|x64.ActiveCfg = Debug|Win32
		{C0702330-3DE2-40D0-87D2-836927662B67}.Unicode Release|Win32.ActiveCfg = Release|Win32
		{C0702330-3DE2-40D0-87D2-836927662B67}.Unicode Release|Win32.Build.0 = Release|Win32
		{C0702330-3DE2-40D0-87D2-836927662B67}.Unicode Release|x64.ActiveCfg = Release|Win32
		{13AD06C5-019E-45BD-AB7F-A5E0A73775F6}.Debug|Win32.ActiveCfg = Debug|Win32
		{13AD06C5-019E-45BD-AB7F-A5E0A73775F6}.Debug|Win32.Build.0 = Debug|Win32
		{13AD06C5-019E-45BD-AB7F-A5E0A73775F6}.Debug|x64.ActiveCfg = Debug|Win32
		{13AD06C5-019E-45BD-AB7F-A5E0A73775F6}.Java|Win32.ActiveCfg = Release|Win32
		{13AD06C5-019E-45BD-AB7F-A5E0A73775F6}.Java|Win32.Build.0 = Release|Win32
		{13AD06C5-019E-45BD-AB7F-A5E0A73775F6}.Java|x64.ActiveCfg = Release|Win32
		{13AD06C5-019E-45BD-AB7F-A5E0A73775F6}.Release|Win32.ActiveCfg = Release|Win32
		{13AD06C5-019E-45BD-AB7F-A5E0A73775F6}.Release|Win32.Build.0 = Release|Win32
		{13AD06C5-019E-45BD-AB7F-A5E0A73775F6}.Release|x64.ActiveCfg = Release|Win32
		{13AD06C5-019E-45BD-AB7F-A5E0A73775F6}.Unicode Debug|Win32.ActiveCfg = Debug|Win32
		{13AD06C5-019E-45BD-AB7F-A5E0A73775F6}.Unicode Debug|Win32.Build.0 = Debug|Win32
		{13AD06C5-019E-45BD-AB7F-A5E0A73775F6}.Unicode Debug|x64.ActiveCfg = Debug|Win32
		{13AD06C5-019E-45BD-AB7F-A5E0A73775F6}.Unicode Release|Win32.ActiveCfg = Release|Win32
		{13AD06C5-019E-45BD-AB7F-A5E0A73775F6}.Unicode Release|Win32.Build.0 = Release|Win32
		{13AD06C5-019E-45BD-AB7F-A5E0A73775F6}.Unicode Release|x64.ActiveCfg = Release|Win32
		{9C782B65-B984-409E-BA68-4C57BA5BA0CE}.Debug|Win32.ActiveCfg = Debug|Win32
		{9C782B65-B984-409E-BA68-4C57BA5BA0CE}.Debug|Win32.Build.0 = Debug|Win32
		{9C782B65-B984-409E-BA68-4C57BA5BA0CE}.Debug|x64.ActiveCfg = Debug|Win32
		{9C782B65-B984-409E-BA68-4C57BA5BA0CE}.Java|Win32.ActiveCfg = Release|Win32
		{9C782B65-B984-409E-BA68-4C57BA5BA0CE}.Java|Win32.Build.0 = Release|Win32
		{9C782B65-B984-409E-BA68-4C57BA5BA0CE}.Java|x64.ActiveCfg = Release|Win32
		{9C782B65-B984-409E-BA68-4C57BA5BA0CE}.Release|Win32.ActiveCfg = Release|Win32
		{9C782B65-B984-409E-BA68-4C57BA5BA0CE}.Release|Win32.Build.0 = Release|Win32
		{9C782B65-B984-409E-BA68-4C57BA5BA0CE}.Release|x64.ActiveCfg = Release|Win32
		{9C782B65-B984-409E-BA68-4C57BA5BA0CE}.Unicode Debug|Win32.ActiveCfg = Debug|Win32
		{9C782B65-B984-409E-BA68-4C57BA5BA0CE}.Unicode Debug|Win32.Build.0 = Debug|Win32
		{9C782B65-B984-409E-BA68-4C57BA5BA0CE}.Unicode Debug|x64.ActiveCfg = Debug|Win32
		{9C782B65-B984-409E-BA68-4C57BA5BA0CE}.Unicode Release|Win32.ActiveCfg = Release|Win32
		{9C782B65-B984-409E-BA68-4C57BA5BA0CE}.Unicode Release|Win32.Build.0 = Release|Win32
		{9C782B65-B984-409E-BA68-4C57BA5BA0CE}.Unicode Release|x64.ActiveCfg = Release|Win32
	EndGlobalSection
	GlobalSection(SolutionProperties) = preSolution
		HideSolutionNode = FALSE
	EndGlobalSection
EndGlobal
