
Microsoft Visual Studio Solution File, Format Version 9.00
# Visual Studio 2005
Project("{8BC9CEB8-8B4A-11D0-8D11-00A0C91BC942}") = "Build_all", "Build_all.vcproj", "{CD8426C4-B8B4-480E-8BC7-F1AC1B5CA844}"
	ProjectSection(ProjectDependencies) = postProject
		{97238D3E-7B1B-4ABE-8821-DFEFEB4FC0DE} = {97238D3E-7B1B-4ABE-8821-DFEFEB4FC0DE}
		{651D2547-CB2D-49F6-96D6-3637802D3FA2} = {651D2547-CB2D-49F6-96D6-3637802D3FA2}
		{D7504257-7C8A-43E7-BCD1-250FE1EDB3BB} = {D7504257-7C8A-43E7-BCD1-250FE1EDB3BB}
		{75D47367-40E7-465B-A4AC-E843491B4CA0} = {75D47367-40E7-465B-A4AC-E843491B4CA0}
		{2F1CCB70-57A8-49F3-8897-4F41C9390262} = {2F1CCB70-57A8-49F3-8897-4F41C9390262}
		{0EAF3585-1FBD-422D-B087-B1DA75291A23} = {0EAF3585-1FBD-422D-B087-B1DA75291A23}
		{01E98C86-83BC-4A6D-A2AC-63043F75571E} = {01E98C86-83BC-4A6D-A2AC-63043F75571E}
		{95316996-B16F-42C2-8D44-91FF6592949C} = {95316996-B16F-42C2-8D44-91FF6592949C}
		{AA1AB7BA-BC0D-4F81-971E-659E2A8E1694} = {AA1AB7BA-BC0D-4F81-971E-659E2A8E1694}
		{20DB24CA-3E19-4714-97A9-FCB6467F36CF} = {20DB24CA-3E19-4714-97A9-FCB6467F36CF}
		{42471CCD-CD1F-4CA5-8479-F633ED768532} = {42471CCD-CD1F-4CA5-8479-F633ED768532}
		{EE1D3ADC-ED64-480E-AEBF-E1447CAD5DD3} = {EE1D3ADC-ED64-480E-AEBF-E1447CAD5DD3}
		{39B873F0-A5C4-4640-B42A-A47CA44FC56B} = {39B873F0-A5C4-4640-B42A-A47CA44FC56B}
	EndProjectSection
EndProject
Project("{8BC9CEB8-8B4A-11D0-8D11-00A0C91BC942}") = "MQTTAsync_publish", "MQTTAsync_publish\MQTTAsync_publish.vcproj", "{97238D3E-7B1B-4ABE-8821-DFEFEB4FC0DE}"
	ProjectSection(ProjectDependencies) = postProject
		{75D47367-40E7-465B-A4AC-E843491B4CA0} = {75D47367-40E7-465B-A4AC-E843491B4CA0}
	EndProjectSection
EndProject
Project("{8BC9CEB8-8B4A-11D0-8D11-00A0C91BC942}") = "paho-mqtt3a", "paho-mqtt3a\paho-mqtt3a\paho-mqtt3a.vcproj", "{75D47367-40E7-465B-A4AC-E843491B4CA0}"
EndProject
Project("{8BC9CEB8-8B4A-11D0-8D11-00A0C91BC942}") = "paho-mqtt3as", "paho-mqtt3as\paho-mqtt3as\paho-mqtt3as.vcproj", "{D7504257-7C8A-43E7-BCD1-250FE1EDB3BB}"
EndProject
Project("{8BC9CEB8-8B4A-11D0-8D11-00A0C91BC942}") = "paho-mqtt3c", "paho-mqtt3c\paho-mqtt3c\paho-mqtt3c.vcproj", "{0EAF3585-1FBD-422D-B087-B1DA75291A23}"
EndProject
Project("{8BC9CEB8-8B4A-11D0-8D11-00A0C91BC942}") = "paho-mqtt3cs", "paho-mqtt3cs\paho-mqtt3cs\paho-mqtt3cs.vcproj", "{01E98C86-83BC-4A6D-A2AC-63043F75571E}"
EndProject
Project("{8BC9CEB8-8B4A-11D0-8D11-00A0C91BC942}") = "stdoutsub", "stdoutsub\stdoutsub\stdoutsub.vcproj", "{2F1CCB70-57A8-49F3-8897-4F41C9390262}"
EndProject
Project("{8BC9CEB8-8B4A-11D0-8D11-00A0C91BC942}") = "stdoutsuba", "stdoutsuba\stdoutsuba\stdoutsuba.vcproj", "{39B873F0-A5C4-4640-B42A-A47CA44FC56B}"
EndProject
Project("{8BC9CEB8-8B4A-11D0-8D11-00A0C91BC942}") = "test1", "test1\test1\test1.vcproj", "{20DB24CA-3E19-4714-97A9-FCB6467F36CF}"
	ProjectSection(ProjectDependencies) = postProject
		{D7504257-7C8A-43E7-BCD1-250FE1EDB3BB} = {D7504257-7C8A-43E7-BCD1-250FE1EDB3BB}
		{75D47367-40E7-465B-A4AC-E843491B4CA0} = {75D47367-40E7-465B-A4AC-E843491B4CA0}
		{0EAF3585-1FBD-422D-B087-B1DA75291A23} = {0EAF3585-1FBD-422D-B087-B1DA75291A23}
		{01E98C86-83BC-4A6D-A2AC-63043F75571E} = {01E98C86-83BC-4A6D-A2AC-63043F75571E}
	EndProjectSection
EndProject
Project("{8BC9CEB8-8B4A-11D0-8D11-00A0C91BC942}") = "test3", "test3\test3\test3.vcproj", "{AA1AB7BA-BC0D-4F81-971E-659E2A8E1694}"
	ProjectSection(ProjectDependencies) = postProject
		{D7504257-7C8A-43E7-BCD1-250FE1EDB3BB} = {D7504257-7C8A-43E7-BCD1-250FE1EDB3BB}
		{75D47367-40E7-465B-A4AC-E843491B4CA0} = {75D47367-40E7-465B-A4AC-E843491B4CA0}
		{0EAF3585-1FBD-422D-B087-B1DA75291A23} = {0EAF3585-1FBD-422D-B087-B1DA75291A23}
		{01E98C86-83BC-4A6D-A2AC-63043F75571E} = {01E98C86-83BC-4A6D-A2AC-63043F75571E}
	EndProjectSection
EndProject
Project("{8BC9CEB8-8B4A-11D0-8D11-00A0C91BC942}") = "test4", "test4\test4\test4.vcproj", "{42471CCD-CD1F-4CA5-8479-F633ED768532}"
	ProjectSection(ProjectDependencies) = postProject
		{D7504257-7C8A-43E7-BCD1-250FE1EDB3BB} = {D7504257-7C8A-43E7-BCD1-250FE1EDB3BB}
		{75D47367-40E7-465B-A4AC-E843491B4CA0} = {75D47367-40E7-465B-A4AC-E843491B4CA0}
		{0EAF3585-1FBD-422D-B087-B1DA75291A23} = {0EAF3585-1FBD-422D-B087-B1DA75291A23}
		{01E98C86-83BC-4A6D-A2AC-63043F75571E} = {01E98C86-83BC-4A6D-A2AC-63043F75571E}
	EndProjectSection
EndProject
Project("{8BC9CEB8-8B4A-11D0-8D11-00A0C91BC942}") = "test5", "test5\test5\test5.vcproj", "{EE1D3ADC-ED64-480E-AEBF-E1447CAD5DD3}"
	ProjectSection(ProjectDependencies) = postProject
		{D7504257-7C8A-43E7-BCD1-250FE1EDB3BB} = {D7504257-7C8A-43E7-BCD1-250FE1EDB3BB}
		{75D47367-40E7-465B-A4AC-E843491B4CA0} = {75D47367-40E7-465B-A4AC-E843491B4CA0}
		{0EAF3585-1FBD-422D-B087-B1DA75291A23} = {0EAF3585-1FBD-422D-B087-B1DA75291A23}
		{01E98C86-83BC-4A6D-A2AC-63043F75571E} = {01E98C86-83BC-4A6D-A2AC-63043F75571E}
	EndProjectSection
EndProject
Project("{8BC9CEB8-8B4A-11D0-8D11-00A0C91BC942}") = "MQTTVersion", "MQTTVersion\MQTTVersion\MQTTVersion.vcproj", "{651D2547-CB2D-49F6-96D6-3637802D3FA2}"
EndProject
Project("{8BC9CEB8-8B4A-11D0-8D11-00A0C91BC942}") = "MQTTAsync_subscribe", "MQTTAsync_subscribe\MQTTAsync_subscribe.vcproj", "{95316996-B16F-42C2-8D44-91FF6592949C}"
EndProject
Global
	GlobalSection(SolutionConfigurationPlatforms) = preSolution
		Debug|Win32 = Debug|Win32
		Debug|x64 = Debug|x64
		Release|Win32 = Release|Win32
		Release|x64 = Release|x64
	EndGlobalSection
	GlobalSection(ProjectConfigurationPlatforms) = postSolution
		{CD8426C4-B8B4-480E-8BC7-F1AC1B5CA844}.Debug|Win32.ActiveCfg = Debug|Win32
		{CD8426C4-B8B4-480E-8BC7-F1AC1B5CA844}.Debug|Win32.Build.0 = Debug|Win32
		{CD8426C4-B8B4-480E-8BC7-F1AC1B5CA844}.Debug|x64.ActiveCfg = Debug|x64
		{CD8426C4-B8B4-480E-8BC7-F1AC1B5CA844}.Debug|x64.Build.0 = Debug|x64
		{CD8426C4-B8B4-480E-8BC7-F1AC1B5CA844}.Release|Win32.ActiveCfg = Release|Win32
		{CD8426C4-B8B4-480E-8BC7-F1AC1B5CA844}.Release|Win32.Build.0 = Release|Win32
		{CD8426C4-B8B4-480E-8BC7-F1AC1B5CA844}.Release|x64.ActiveCfg = Release|x64
		{CD8426C4-B8B4-480E-8BC7-F1AC1B5CA844}.Release|x64.Build.0 = Release|x64
		{97238D3E-7B1B-4ABE-8821-DFEFEB4FC0DE}.Debug|Win32.ActiveCfg = Debug|Win32
		{97238D3E-7B1B-4ABE-8821-DFEFEB4FC0DE}.Debug|Win32.Build.0 = Debug|Win32
		{97238D3E-7B1B-4ABE-8821-DFEFEB4FC0DE}.Debug|x64.ActiveCfg = Debug|x64
		{97238D3E-7B1B-4ABE-8821-DFEFEB4FC0DE}.Debug|x64.Build.0 = Debug|x64
		{97238D3E-7B1B-4ABE-8821-DFEFEB4FC0DE}.Release|Win32.ActiveCfg = Release|Win32
		{97238D3E-7B1B-4ABE-8821-DFEFEB4FC0DE}.Release|Win32.Build.0 = Release|Win32
		{97238D3E-7B1B-4ABE-8821-DFEFEB4FC0DE}.Release|x64.ActiveCfg = Release|x64
		{97238D3E-7B1B-4ABE-8821-DFEFEB4FC0DE}.Release|x64.Build.0 = Release|x64
		{75D47367-40E7-465B-A4AC-E843491B4CA0}.Debug|Win32.ActiveCfg = Debug|Win32
		{75D47367-40E7-465B-A4AC-E843491B4CA0}.Debug|Win32.Build.0 = Debug|Win32
		{75D47367-40E7-465B-A4AC-E843491B4CA0}.Debug|x64.ActiveCfg = Debug|x64
		{75D47367-40E7-465B-A4AC-E843491B4CA0}.Debug|x64.Build.0 = Debug|x64
		{75D47367-40E7-465B-A4AC-E843491B4CA0}.Release|Win32.ActiveCfg = Release|Win32
		{75D47367-40E7-465B-A4AC-E843491B4CA0}.Release|Win32.Build.0 = Release|Win32
		{75D47367-40E7-465B-A4AC-E843491B4CA0}.Release|x64.ActiveCfg = Release|x64
		{75D47367-40E7-465B-A4AC-E843491B4CA0}.Release|x64.Build.0 = Release|x64
		{D7504257-7C8A-43E7-BCD1-250FE1EDB3BB}.Debug|Win32.ActiveCfg = Debug|Win32
		{D7504257-7C8A-43E7-BCD1-250FE1EDB3BB}.Debug|Win32.Build.0 = Debug|Win32
		{D7504257-7C8A-43E7-BCD1-250FE1EDB3BB}.Debug|x64.ActiveCfg = Debug|x64
		{D7504257-7C8A-43E7-BCD1-250FE1EDB3BB}.Debug|x64.Build.0 = Debug|x64
		{D7504257-7C8A-43E7-BCD1-250FE1EDB3BB}.Release|Win32.ActiveCfg = Release|Win32
		{D7504257-7C8A-43E7-BCD1-250FE1EDB3BB}.Release|Win32.Build.0 = Release|Win32
		{D7504257-7C8A-43E7-BCD1-250FE1EDB3BB}.Release|x64.ActiveCfg = Release|x64
		{D7504257-7C8A-43E7-BCD1-250FE1EDB3BB}.Release|x64.Build.0 = Release|x64
		{0EAF3585-1FBD-422D-B087-B1DA75291A23}.Debug|Win32.ActiveCfg = Debug|Win32
		{0EAF3585-1FBD-422D-B087-B1DA75291A23}.Debug|Win32.Build.0 = Debug|Win32
		{0EAF3585-1FBD-422D-B087-B1DA75291A23}.Debug|x64.ActiveCfg = Debug|x64
		{0EAF3585-1FBD-422D-B087-B1DA75291A23}.Debug|x64.Build.0 = Debug|x64
		{0EAF3585-1FBD-422D-B087-B1DA75291A23}.Release|Win32.ActiveCfg = Release|Win32
		{0EAF3585-1FBD-422D-B087-B1DA75291A23}.Release|Win32.Build.0 = Release|Win32
		{0EAF3585-1FBD-422D-B087-B1DA75291A23}.Release|x64.ActiveCfg = Release|x64
		{0EAF3585-1FBD-422D-B087-B1DA75291A23}.Release|x64.Build.0 = Release|x64
		{01E98C86-83BC-4A6D-A2AC-63043F75571E}.Debug|Win32.ActiveCfg = Debug|Win32
		{01E98C86-83BC-4A6D-A2AC-63043F75571E}.Debug|Win32.Build.0 = Debug|Win32
		{01E98C86-83BC-4A6D-A2AC-63043F75571E}.Debug|x64.ActiveCfg = Debug|x64
		{01E98C86-83BC-4A6D-A2AC-63043F75571E}.Debug|x64.Build.0 = Debug|x64
		{01E98C86-83BC-4A6D-A2AC-63043F75571E}.Release|Win32.ActiveCfg = Release|Win32
		{01E98C86-83BC-4A6D-A2AC-63043F75571E}.Release|Win32.Build.0 = Release|Win32
		{01E98C86-83BC-4A6D-A2AC-63043F75571E}.Release|x64.ActiveCfg = Release|x64
		{01E98C86-83BC-4A6D-A2AC-63043F75571E}.Release|x64.Build.0 = Release|x64
		{2F1CCB70-57A8-49F3-8897-4F41C9390262}.Debug|Win32.ActiveCfg = Debug|Win32
		{2F1CCB70-57A8-49F3-8897-4F41C9390262}.Debug|Win32.Build.0 = Debug|Win32
		{2F1CCB70-57A8-49F3-8897-4F41C9390262}.Debug|x64.ActiveCfg = Debug|x64
		{2F1CCB70-57A8-49F3-8897-4F41C9390262}.Debug|x64.Build.0 = Debug|x64
		{2F1CCB70-57A8-49F3-8897-4F41C9390262}.Release|Win32.ActiveCfg = Release|Win32
		{2F1CCB70-57A8-49F3-8897-4F41C9390262}.Release|Win32.Build.0 = Release|Win32
		{2F1CCB70-57A8-49F3-8897-4F41C9390262}.Release|x64.ActiveCfg = Release|x64
		{2F1CCB70-57A8-49F3-8897-4F41C9390262}.Release|x64.Build.0 = Release|x64
		{39B873F0-A5C4-4640-B42A-A47CA44FC56B}.Debug|Win32.ActiveCfg = Debug|Win32
		{39B873F0-A5C4-4640-B42A-A47CA44FC56B}.Debug|Win32.Build.0 = Debug|Win32
		{39B873F0-A5C4-4640-B42A-A47CA44FC56B}.Debug|x64.ActiveCfg = Debug|x64
		{39B873F0-A5C4-4640-B42A-A47CA44FC56B}.Debug|x64.Build.0 = Debug|x64
		{39B873F0-A5C4-4640-B42A-A47CA44FC56B}.Release|Win32.ActiveCfg = Release|Win32
		{39B873F0-A5C4-4640-B42A-A47CA44FC56B}.Release|Win32.Build.0 = Release|Win32
		{39B873F0-A5C4-4640-B42A-A47CA44FC56B}.Release|x64.ActiveCfg = Release|x64
		{39B873F0-A5C4-4640-B42A-A47CA44FC56B}.Release|x64.Build.0 = Release|x64
		{20DB24CA-3E19-4714-97A9-FCB6467F36CF}.Debug|Win32.ActiveCfg = Debug|Win32
		{20DB24CA-3E19-4714-97A9-FCB6467F36CF}.Debug|Win32.Build.0 = Debug|Win32
		{20DB24CA-3E19-4714-97A9-FCB6467F36CF}.Debug|x64.ActiveCfg = Debug|x64
		{20DB24CA-3E19-4714-97A9-FCB6467F36CF}.Debug|x64.Build.0 = Debug|x64
		{20DB24CA-3E19-4714-97A9-FCB6467F36CF}.Release|Win32.ActiveCfg = Release|Win32
		{20DB24CA-3E19-4714-97A9-FCB6467F36CF}.Release|Win32.Build.0 = Release|Win32
		{20DB24CA-3E19-4714-97A9-FCB6467F36CF}.Release|x64.ActiveCfg = Release|x64
		{20DB24CA-3E19-4714-97A9-FCB6467F36CF}.Release|x64.Build.0 = Release|x64
		{AA1AB7BA-BC0D-4F81-971E-659E2A8E1694}.Debug|Win32.ActiveCfg = Debug|Win32
		{AA1AB7BA-BC0D-4F81-971E-659E2A8E1694}.Debug|Win32.Build.0 = Debug|Win32
		{AA1AB7BA-BC0D-4F81-971E-659E2A8E1694}.Debug|x64.ActiveCfg = Debug|x64
		{AA1AB7BA-BC0D-4F81-971E-659E2A8E1694}.Debug|x64.Build.0 = Debug|x64
		{AA1AB7BA-BC0D-4F81-971E-659E2A8E1694}.Release|Win32.ActiveCfg = Release|Win32
		{AA1AB7BA-BC0D-4F81-971E-659E2A8E1694}.Release|Win32.Build.0 = Release|Win32
		{AA1AB7BA-BC0D-4F81-971E-659E2A8E1694}.Release|x64.ActiveCfg = Release|x64
		{AA1AB7BA-BC0D-4F81-971E-659E2A8E1694}.Release|x64.Build.0 = Release|x64
		{42471CCD-CD1F-4CA5-8479-F633ED768532}.Debug|Win32.ActiveCfg = Debug|Win32
		{42471CCD-CD1F-4CA5-8479-F633ED768532}.Debug|Win32.Build.0 = Debug|Win32
		{42471CCD-CD1F-4CA5-8479-F633ED768532}.Debug|x64.ActiveCfg = Debug|x64
		{42471CCD-CD1F-4CA5-8479-F633ED768532}.Debug|x64.Build.0 = Debug|x64
		{42471CCD-CD1F-4CA5-8479-F633ED768532}.Release|Win32.ActiveCfg = Release|Win32
		{42471CCD-CD1F-4CA5-8479-F633ED768532}.Release|Win32.Build.0 = Release|Win32
		{42471CCD-CD1F-4CA5-8479-F633ED768532}.Release|x64.ActiveCfg = Release|x64
		{42471CCD-CD1F-4CA5-8479-F633ED768532}.Release|x64.Build.0 = Release|x64
		{EE1D3ADC-ED64-480E-AEBF-E1447CAD5DD3}.Debug|Win32.ActiveCfg = Debug|Win32
		{EE1D3ADC-ED64-480E-AEBF-E1447CAD5DD3}.Debug|Win32.Build.0 = Debug|Win32
		{EE1D3ADC-ED64-480E-AEBF-E1447CAD5DD3}.Debug|x64.ActiveCfg = Debug|x64
		{EE1D3ADC-ED64-480E-AEBF-E1447CAD5DD3}.Debug|x64.Build.0 = Debug|x64
		{EE1D3ADC-ED64-480E-AEBF-E1447CAD5DD3}.Release|Win32.ActiveCfg = Release|Win32
		{EE1D3ADC-ED64-480E-AEBF-E1447CAD5DD3}.Release|Win32.Build.0 = Release|Win32
		{EE1D3ADC-ED64-480E-AEBF-E1447CAD5DD3}.Release|x64.ActiveCfg = Release|x64
		{EE1D3ADC-ED64-480E-AEBF-E1447CAD5DD3}.Release|x64.Build.0 = Release|x64
		{651D2547-CB2D-49F6-96D6-3637802D3FA2}.Debug|Win32.ActiveCfg = Debug|Win32
		{651D2547-CB2D-49F6-96D6-3637802D3FA2}.Debug|Win32.Build.0 = Debug|Win32
		{651D2547-CB2D-49F6-96D6-3637802D3FA2}.Debug|x64.ActiveCfg = Debug|x64
		{651D2547-CB2D-49F6-96D6-3637802D3FA2}.Debug|x64.Build.0 = Debug|x64
		{651D2547-CB2D-49F6-96D6-3637802D3FA2}.Release|Win32.ActiveCfg = Release|Win32
		{651D2547-CB2D-49F6-96D6-3637802D3FA2}.Release|Win32.Build.0 = Release|Win32
		{651D2547-CB2D-49F6-96D6-3637802D3FA2}.Release|x64.ActiveCfg = Release|x64
		{651D2547-CB2D-49F6-96D6-3637802D3FA2}.Release|x64.Build.0 = Release|x64
		{95316996-B16F-42C2-8D44-91FF6592949C}.Debug|Win32.ActiveCfg = Debug|Win32
		{95316996-B16F-42C2-8D44-91FF6592949C}.Debug|Win32.Build.0 = Debug|Win32
		{95316996-B16F-42C2-8D44-91FF6592949C}.Debug|x64.ActiveCfg = Debug|x64
		{95316996-B16F-42C2-8D44-91FF6592949C}.Debug|x64.Build.0 = Debug|x64
		{95316996-B16F-42C2-8D44-91FF6592949C}.Release|Win32.ActiveCfg = Release|Win32
		{95316996-B16F-42C2-8D44-91FF6592949C}.Release|Win32.Build.0 = Release|Win32
		{95316996-B16F-42C2-8D44-91FF6592949C}.Release|x64.ActiveCfg = Release|x64
		{95316996-B16F-42C2-8D44-91FF6592949C}.Release|x64.Build.0 = Release|x64
	EndGlobalSection
	GlobalSection(SolutionProperties) = preSolution
		HideSolutionNode = FALSE
	EndGlobalSection
EndGlobal
