
Microsoft Visual Studio Solution File, Format Version 9.00
# Visual Studio 2005
Project("{8BC9CEB8-8B4A-11D0-8D11-00A0C91BC942}") = "A3CS", "A3CS.vcproj", "{8E247E52-F850-4098-A026-C3E02C8576EE}"
	ProjectSection(ProjectDependencies) = postProject
		{9F8ECD24-A06B-4F6D-BF2C-B51334E14C0F} = {9F8ECD24-A06B-4F6D-BF2C-B51334E14C0F}
		{C0DEE18A-189A-444C-99E2-BCF2FE865792} = {C0DEE18A-189A-444C-99E2-BCF2FE865792}
		{4F9348CE-43E7-4BFE-93FC-DFDD484F7F7E} = {4F9348CE-43E7-4BFE-93FC-DFDD484F7F7E}
	EndProjectSection
EndProject
Project("{8BC9CEB8-8B4A-11D0-8D11-00A0C91BC942}") = "ZQCommonStlp", "..\..\..\Common\dll\ZQCommonStlp.vcproj", "{C0DEE18A-189A-444C-99E2-BCF2FE865792}"
EndProject
Project("{8BC9CEB8-8B4A-11D0-8D11-00A0C91BC942}") = "TianShanCommon", "..\..\common\TianShanCommon.vcproj", "{4F9348CE-43E7-4BFE-93FC-DFDD484F7F7E}"
	ProjectSection(ProjectDependencies) = postProject
		{9F8ECD24-A06B-4F6D-BF2C-B51334E14C0F} = {9F8ECD24-A06B-4F6D-BF2C-B51334E14C0F}
		{C0DEE18A-189A-444C-99E2-BCF2FE865792} = {C0DEE18A-189A-444C-99E2-BCF2FE865792}
	EndProjectSection
EndProject
Project("{8BC9CEB8-8B4A-11D0-8D11-00A0C91BC942}") = "TianShanIce", "..\..\Ice\TianShanIce.vcproj", "{9F8ECD24-A06B-4F6D-BF2C-B51334E14C0F}"
EndProject
Global
	GlobalSection(SolutionConfigurationPlatforms) = preSolution
		Debug|Win32 = Debug|Win32
		Java|Win32 = Java|Win32
		Release|Win32 = Release|Win32
		Unicode Debug|Win32 = Unicode Debug|Win32
		Unicode Release|Win32 = Unicode Release|Win32
	EndGlobalSection
	GlobalSection(ProjectConfigurationPlatforms) = postSolution
		{8E247E52-F850-4098-A026-C3E02C8576EE}.Debug|Win32.ActiveCfg = Debug|Win32
		{8E247E52-F850-4098-A026-C3E02C8576EE}.Debug|Win32.Build.0 = Debug|Win32
		{8E247E52-F850-4098-A026-C3E02C8576EE}.Java|Win32.ActiveCfg = Release|Win32
		{8E247E52-F850-4098-A026-C3E02C8576EE}.Java|Win32.Build.0 = Release|Win32
		{8E247E52-F850-4098-A026-C3E02C8576EE}.Release|Win32.ActiveCfg = Release|Win32
		{8E247E52-F850-4098-A026-C3E02C8576EE}.Release|Win32.Build.0 = Release|Win32
		{8E247E52-F850-4098-A026-C3E02C8576EE}.Unicode Debug|Win32.ActiveCfg = Debug|Win32
		{8E247E52-F850-4098-A026-C3E02C8576EE}.Unicode Debug|Win32.Build.0 = Debug|Win32
		{8E247E52-F850-4098-A026-C3E02C8576EE}.Unicode Release|Win32.ActiveCfg = Release|Win32
		{8E247E52-F850-4098-A026-C3E02C8576EE}.Unicode Release|Win32.Build.0 = Release|Win32
		{C0DEE18A-189A-444C-99E2-BCF2FE865792}.Debug|Win32.ActiveCfg = Debug|Win32
		{C0DEE18A-189A-444C-99E2-BCF2FE865792}.Debug|Win32.Build.0 = Debug|Win32
		{C0DEE18A-189A-444C-99E2-BCF2FE865792}.Java|Win32.ActiveCfg = Debug|Win32
		{C0DEE18A-189A-444C-99E2-BCF2FE865792}.Java|Win32.Build.0 = Debug|Win32
		{C0DEE18A-189A-444C-99E2-BCF2FE865792}.Release|Win32.ActiveCfg = Release|Win32
		{C0DEE18A-189A-444C-99E2-BCF2FE865792}.Release|Win32.Build.0 = Release|Win32
		{C0DEE18A-189A-444C-99E2-BCF2FE865792}.Unicode Debug|Win32.ActiveCfg = Unicode Debug|Win32
		{C0DEE18A-189A-444C-99E2-BCF2FE865792}.Unicode Debug|Win32.Build.0 = Unicode Debug|Win32
		{C0DEE18A-189A-444C-99E2-BCF2FE865792}.Unicode Release|Win32.ActiveCfg = Unicode Release|Win32
		{C0DEE18A-189A-444C-99E2-BCF2FE865792}.Unicode Release|Win32.Build.0 = Unicode Release|Win32
		{4F9348CE-43E7-4BFE-93FC-DFDD484F7F7E}.Debug|Win32.ActiveCfg = Debug|Win32
		{4F9348CE-43E7-4BFE-93FC-DFDD484F7F7E}.Debug|Win32.Build.0 = Debug|Win32
		{4F9348CE-43E7-4BFE-93FC-DFDD484F7F7E}.Java|Win32.ActiveCfg = Unicode Release|Win32
		{4F9348CE-43E7-4BFE-93FC-DFDD484F7F7E}.Java|Win32.Build.0 = Unicode Release|Win32
		{4F9348CE-43E7-4BFE-93FC-DFDD484F7F7E}.Release|Win32.ActiveCfg = Release|Win32
		{4F9348CE-43E7-4BFE-93FC-DFDD484F7F7E}.Release|Win32.Build.0 = Release|Win32
		{4F9348CE-43E7-4BFE-93FC-DFDD484F7F7E}.Unicode Debug|Win32.ActiveCfg = Unicode Debug|Win32
		{4F9348CE-43E7-4BFE-93FC-DFDD484F7F7E}.Unicode Debug|Win32.Build.0 = Unicode Debug|Win32
		{4F9348CE-43E7-4BFE-93FC-DFDD484F7F7E}.Unicode Release|Win32.ActiveCfg = Unicode Release|Win32
		{4F9348CE-43E7-4BFE-93FC-DFDD484F7F7E}.Unicode Release|Win32.Build.0 = Unicode Release|Win32
		{9F8ECD24-A06B-4F6D-BF2C-B51334E14C0F}.Debug|Win32.ActiveCfg = Debug|Win32
		{9F8ECD24-A06B-4F6D-BF2C-B51334E14C0F}.Debug|Win32.Build.0 = Debug|Win32
		{9F8ECD24-A06B-4F6D-BF2C-B51334E14C0F}.Java|Win32.ActiveCfg = Java|Win32
		{9F8ECD24-A06B-4F6D-BF2C-B51334E14C0F}.Java|Win32.Build.0 = Java|Win32
		{9F8ECD24-A06B-4F6D-BF2C-B51334E14C0F}.Release|Win32.ActiveCfg = Release|Win32
		{9F8ECD24-A06B-4F6D-BF2C-B51334E14C0F}.Release|Win32.Build.0 = Release|Win32
		{9F8ECD24-A06B-4F6D-BF2C-B51334E14C0F}.Unicode Debug|Win32.ActiveCfg = Debug|Win32
		{9F8ECD24-A06B-4F6D-BF2C-B51334E14C0F}.Unicode Debug|Win32.Build.0 = Debug|Win32
		{9F8ECD24-A06B-4F6D-BF2C-B51334E14C0F}.Unicode Release|Win32.ActiveCfg = Release|Win32
		{9F8ECD24-A06B-4F6D-BF2C-B51334E14C0F}.Unicode Release|Win32.Build.0 = Release|Win32
	EndGlobalSection
	GlobalSection(SolutionProperties) = preSolution
		HideSolutionNode = FALSE
	EndGlobalSection
EndGlobal
