
Microsoft Visual Studio Solution File, Format Version 9.00
# Visual Studio 2005
Project("{8BC9CEB8-8B4A-11D0-8D11-00A0C91BC942}") = "Buildall", "Buildall.vcproj", "{19C8DAF2-AE54-4AA9-B9C3-B31D34E3E093}"
	ProjectSection(ProjectDependencies) = postProject
		{D4F2A5C4-D3E0-4027-87AF-87BEDCE669C0} = {D4F2A5C4-D3E0-4027-87AF-87BEDCE669C0}
		{CEDD9A6B-DD7E-4091-BC14-C30FBF7B2A12} = {CEDD9A6B-DD7E-4091-BC14-C30FBF7B2A12}
		{47A24C97-2159-423A-8438-1C9C98A5F331} = {47A24C97-2159-423A-8438-1C9C98A5F331}
		{5554E53A-E58C-4565-81A4-1E7377F84A6D} = {5554E53A-E58C-4565-81A4-1E7377F84A6D}
		{7E8DFB18-054D-4A8B-A9B1-5FB50F25A7EA} = {7E8DFB18-054D-4A8B-A9B1-5FB50F25A7EA}
		{9FD35974-4CE8-4BB4-BAB3-691CB142A70A} = {9FD35974-4CE8-4BB4-BAB3-691CB142A70A}
	EndProjectSection
EndProject
Project("{8BC9CEB8-8B4A-11D0-8D11-00A0C91BC942}") = "DODApp", "Phase2\dodapp\DODApp.vcproj", "{D4F2A5C4-D3E0-4027-87AF-87BEDCE669C0}"
	ProjectSection(ProjectDependencies) = postProject
		{9F8ECD24-A06B-4F6D-BF2C-B51334E14C0F} = {9F8ECD24-A06B-4F6D-BF2C-B51334E14C0F}
		{9382DA55-17F6-4CB9-B536-9E932F64A278} = {9382DA55-17F6-4CB9-B536-9E932F64A278}
		{A94D8EEC-4B58-4811-961F-3AA78BAA6C87} = {A94D8EEC-4B58-4811-961F-3AA78BAA6C87}
		{EC152ADA-BADB-4312-8BB3-106264D9F149} = {EC152ADA-BADB-4312-8BB3-106264D9F149}
		{7A2946C2-49B6-43E1-AE6B-D7CE019CED73} = {7A2946C2-49B6-43E1-AE6B-D7CE019CED73}
		{8162B094-7F98-42D1-9DF1-9EDE698A4598} = {8162B094-7F98-42D1-9DF1-9EDE698A4598}
		{C0DEE18A-189A-444C-99E2-BCF2FE865792} = {C0DEE18A-189A-444C-99E2-BCF2FE865792}
		{8E824A81-8EBB-453E-8EBA-6362F6F31AFB} = {8E824A81-8EBB-453E-8EBA-6362F6F31AFB}
	EndProjectSection
EndProject
Project("{8BC9CEB8-8B4A-11D0-8D11-00A0C91BC942}") = "DODCSClient", "Phase2\DODContentStore\DODCSClient\DODCSClient.vcproj", "{2C22FF75-4081-48AC-A9BE-DFF6B26E19BD}"
	ProjectSection(ProjectDependencies) = postProject
		{C0DEE18A-189A-444C-99E2-BCF2FE865792} = {C0DEE18A-189A-444C-99E2-BCF2FE865792}
		{AF4C8F39-3AB3-43C5-A36E-0628D5C334CD} = {AF4C8F39-3AB3-43C5-A36E-0628D5C334CD}
		{9F8ECD24-A06B-4F6D-BF2C-B51334E14C0F} = {9F8ECD24-A06B-4F6D-BF2C-B51334E14C0F}
	EndProjectSection
EndProject
Project("{8BC9CEB8-8B4A-11D0-8D11-00A0C91BC942}") = "DODContentStore", "Phase2\DODContentStore\DODContentStore.vcproj", "{CEDD9A6B-DD7E-4091-BC14-C30FBF7B2A12}"
	ProjectSection(ProjectDependencies) = postProject
		{8162B094-7F98-42D1-9DF1-9EDE698A4598} = {8162B094-7F98-42D1-9DF1-9EDE698A4598}
		{EC152ADA-BADB-4312-8BB3-106264D9F149} = {EC152ADA-BADB-4312-8BB3-106264D9F149}
		{A94D8EEC-4B58-4811-961F-3AA78BAA6C87} = {A94D8EEC-4B58-4811-961F-3AA78BAA6C87}
		{7A2946C2-49B6-43E1-AE6B-D7CE019CED73} = {7A2946C2-49B6-43E1-AE6B-D7CE019CED73}
		{C0DEE18A-189A-444C-99E2-BCF2FE865792} = {C0DEE18A-189A-444C-99E2-BCF2FE865792}
		{8E824A81-8EBB-453E-8EBA-6362F6F31AFB} = {8E824A81-8EBB-453E-8EBA-6362F6F31AFB}
		{AF4C8F39-3AB3-43C5-A36E-0628D5C334CD} = {AF4C8F39-3AB3-43C5-A36E-0628D5C334CD}
		{A49A8C2D-3A3E-4A29-B8E5-362D3ECAFA8C} = {A49A8C2D-3A3E-4A29-B8E5-362D3ECAFA8C}
		{9F8ECD24-A06B-4F6D-BF2C-B51334E14C0F} = {9F8ECD24-A06B-4F6D-BF2C-B51334E14C0F}
	EndProjectSection
EndProject
Project("{8BC9CEB8-8B4A-11D0-8D11-00A0C91BC942}") = "DODGraphTest", "Phase2\DODContentStore\DODGraphTest\DODGraphTest.vcproj", "{FA045C3F-854D-418C-B72D-CF3B4848B7D4}"
	ProjectSection(ProjectDependencies) = postProject
		{A49A8C2D-3A3E-4A29-B8E5-362D3ECAFA8C} = {A49A8C2D-3A3E-4A29-B8E5-362D3ECAFA8C}
	EndProjectSection
EndProject
Project("{8BC9CEB8-8B4A-11D0-8D11-00A0C91BC942}") = "DSClient", "Phase2\DSClient\DSClient.vcproj", "{9FD35974-4CE8-4BB4-BAB3-691CB142A70A}"
	ProjectSection(ProjectDependencies) = postProject
		{9F8ECD24-A06B-4F6D-BF2C-B51334E14C0F} = {9F8ECD24-A06B-4F6D-BF2C-B51334E14C0F}
		{C0DEE18A-189A-444C-99E2-BCF2FE865792} = {C0DEE18A-189A-444C-99E2-BCF2FE865792}
	EndProjectSection
EndProject
Project("{8BC9CEB8-8B4A-11D0-8D11-00A0C91BC942}") = "DataStream", "Phase2\DataStream\DataStream.vcproj", "{5554E53A-E58C-4565-81A4-1E7377F84A6D}"
	ProjectSection(ProjectDependencies) = postProject
		{9F8ECD24-A06B-4F6D-BF2C-B51334E14C0F} = {9F8ECD24-A06B-4F6D-BF2C-B51334E14C0F}
		{9FD35974-4CE8-4BB4-BAB3-691CB142A70A} = {9FD35974-4CE8-4BB4-BAB3-691CB142A70A}
		{8E824A81-8EBB-453E-8EBA-6362F6F31AFB} = {8E824A81-8EBB-453E-8EBA-6362F6F31AFB}
		{C0DEE18A-189A-444C-99E2-BCF2FE865792} = {C0DEE18A-189A-444C-99E2-BCF2FE865792}
		{8162B094-7F98-42D1-9DF1-9EDE698A4598} = {8162B094-7F98-42D1-9DF1-9EDE698A4598}
		{7A2946C2-49B6-43E1-AE6B-D7CE019CED73} = {7A2946C2-49B6-43E1-AE6B-D7CE019CED73}
		{EC152ADA-BADB-4312-8BB3-106264D9F149} = {EC152ADA-BADB-4312-8BB3-106264D9F149}
		{A94D8EEC-4B58-4811-961F-3AA78BAA6C87} = {A94D8EEC-4B58-4811-961F-3AA78BAA6C87}
	EndProjectSection
EndProject
Project("{8BC9CEB8-8B4A-11D0-8D11-00A0C91BC942}") = "DodPho", "Phase2\DodPho\DodPho.vcproj", "{47A24C97-2159-423A-8438-1C9C98A5F331}"
	ProjectSection(ProjectDependencies) = postProject
		{9F8ECD24-A06B-4F6D-BF2C-B51334E14C0F} = {9F8ECD24-A06B-4F6D-BF2C-B51334E14C0F}
		{AF4C8F39-3AB3-43C5-A36E-0628D5C334CD} = {AF4C8F39-3AB3-43C5-A36E-0628D5C334CD}
		{C0DEE18A-189A-444C-99E2-BCF2FE865792} = {C0DEE18A-189A-444C-99E2-BCF2FE865792}
	EndProjectSection
EndProject
Project("{8BC9CEB8-8B4A-11D0-8D11-00A0C91BC942}") = "JMSCpp", "..\..\generic\JMSCppLib\JMSCpp\JMSCpp.vcproj", "{D3451226-25B5-4945-B4FA-65AA21697974}"
EndProject
Project("{8BC9CEB8-8B4A-11D0-8D11-00A0C91BC942}") = "JMSDispatch", "Phase2\dodapp\JMSDispatch\JMSDispatch.vcproj", "{9382DA55-17F6-4CB9-B536-9E932F64A278}"
	ProjectSection(ProjectDependencies) = postProject
		{C0DEE18A-189A-444C-99E2-BCF2FE865792} = {C0DEE18A-189A-444C-99E2-BCF2FE865792}
		{D3451226-25B5-4945-B4FA-65AA21697974} = {D3451226-25B5-4945-B4FA-65AA21697974}
		{9F8ECD24-A06B-4F6D-BF2C-B51334E14C0F} = {9F8ECD24-A06B-4F6D-BF2C-B51334E14C0F}
	EndProjectSection
EndProject
Project("{8BC9CEB8-8B4A-11D0-8D11-00A0C91BC942}") = "STBParser", "Phase2\DODContentStore\itv_parse\STBParser.vcproj", "{A49A8C2D-3A3E-4A29-B8E5-362D3ECAFA8C}"
EndProject
Project("{8BC9CEB8-8B4A-11D0-8D11-00A0C91BC942}") = "TianShanCommon", "..\common\TianShanCommon.vcproj", "{AF4C8F39-3AB3-43C5-A36E-0628D5C334CD}"
EndProject
Project("{8BC9CEB8-8B4A-11D0-8D11-00A0C91BC942}") = "TianShanIce", "..\Ice\TianShanIce.vcproj", "{9F8ECD24-A06B-4F6D-BF2C-B51334E14C0F}"
EndProject
Project("{8BC9CEB8-8B4A-11D0-8D11-00A0C91BC942}") = "TianShanShell", "..\Shell\ZQShell\TianShanShell.vcproj", "{8162B094-7F98-42D1-9DF1-9EDE698A4598}"
	ProjectSection(ProjectDependencies) = postProject
		{8E824A81-8EBB-453E-8EBA-6362F6F31AFB} = {8E824A81-8EBB-453E-8EBA-6362F6F31AFB}
		{7A2946C2-49B6-43E1-AE6B-D7CE019CED73} = {7A2946C2-49B6-43E1-AE6B-D7CE019CED73}
		{EC152ADA-BADB-4312-8BB3-106264D9F149} = {EC152ADA-BADB-4312-8BB3-106264D9F149}
	EndProjectSection
EndProject
Project("{8BC9CEB8-8B4A-11D0-8D11-00A0C91BC942}") = "ZQAppshell", "..\Shell\ZQAppShell\zqappshell.vcproj", "{8E824A81-8EBB-453E-8EBA-6362F6F31AFB}"
	ProjectSection(ProjectDependencies) = postProject
		{A94D8EEC-4B58-4811-961F-3AA78BAA6C87} = {A94D8EEC-4B58-4811-961F-3AA78BAA6C87}
		{EC152ADA-BADB-4312-8BB3-106264D9F149} = {EC152ADA-BADB-4312-8BB3-106264D9F149}
		{7A2946C2-49B6-43E1-AE6B-D7CE019CED73} = {7A2946C2-49B6-43E1-AE6B-D7CE019CED73}
	EndProjectSection
EndProject
Project("{8BC9CEB8-8B4A-11D0-8D11-00A0C91BC942}") = "ZQCfgPkg", "..\Shell\ZQCfgPkg\ZQcfgpkg.vcproj", "{EC152ADA-BADB-4312-8BB3-106264D9F149}"
EndProject
Project("{8BC9CEB8-8B4A-11D0-8D11-00A0C91BC942}") = "ZQCommonStlp", "..\..\Common\dll\ZQCommonStlp.vcproj", "{C0DEE18A-189A-444C-99E2-BCF2FE865792}"
EndProject
Project("{8BC9CEB8-8B4A-11D0-8D11-00A0C91BC942}") = "ZQSNMPManPkg", "..\Shell\ZQSNMPManPkg\ZQSNMPManPkg.vcproj", "{A94D8EEC-4B58-4811-961F-3AA78BAA6C87}"
	ProjectSection(ProjectDependencies) = postProject
		{EC152ADA-BADB-4312-8BB3-106264D9F149} = {EC152ADA-BADB-4312-8BB3-106264D9F149}
		{C0DEE18A-189A-444C-99E2-BCF2FE865792} = {C0DEE18A-189A-444C-99E2-BCF2FE865792}
	EndProjectSection
EndProject
Project("{8BC9CEB8-8B4A-11D0-8D11-00A0C91BC942}") = "ZQShellMsgs", "..\Shell\ZQShellMsgs\ZQShellMsgs.vcproj", "{7A2946C2-49B6-43E1-AE6B-D7CE019CED73}"
EndProject
Project("{8BC9CEB8-8B4A-11D0-8D11-00A0C91BC942}") = "tsdump", "Phase2\TsDump\tsdump.vcproj", "{7E8DFB18-054D-4A8B-A9B1-5FB50F25A7EA}"
EndProject
Project("{8BC9CEB8-8B4A-11D0-8D11-00A0C91BC942}") = "Buildall_x64", "Buildall_x64.vcproj", "{7F6F9DE8-A3B5-408E-B4F3-E8A562D44A97}"
	ProjectSection(ProjectDependencies) = postProject
		{CEDD9A6B-DD7E-4091-BC14-C30FBF7B2A12} = {CEDD9A6B-DD7E-4091-BC14-C30FBF7B2A12}
		{9FD35974-4CE8-4BB4-BAB3-691CB142A70A} = {9FD35974-4CE8-4BB4-BAB3-691CB142A70A}
		{47A24C97-2159-423A-8438-1C9C98A5F331} = {47A24C97-2159-423A-8438-1C9C98A5F331}
		{5554E53A-E58C-4565-81A4-1E7377F84A6D} = {5554E53A-E58C-4565-81A4-1E7377F84A6D}
	EndProjectSection
EndProject
Global
	GlobalSection(SourceCodeControl) = preSolution
		SccNumberOfProjects = 6
		SccProjectUniqueName0 = Phase2\\dodapp\\DODApp.vcproj
		SccProjectName0 = \u0022$/ZQProjs/Tianshan/DataOnDemand/Phase1/DODApp\u0022,\u0020FXXAAAAA
		SccLocalPath0 = Phase2\\dodapp
		SccProvider0 = MSSCCI:SourceOffSite
		SccProjectUniqueName1 = Phase2\\DSClient\\DSClient.vcproj
		SccProjectName1 = $/ZQProjs/Tianshan/DataOnDemand/Phase2/DSClient
		SccLocalPath1 = Phase2\\DSClient
		SccProvider1 = MSSCCI:SourceOffSite
		SccProjectUniqueName2 = Phase2\\DataStream\\DataStream.vcproj
		SccProjectName2 = $/ZQProjs/Tianshan/DataOnDemand/Phase2/DataStream
		SccLocalPath2 = Phase2\\DataStream
		SccProvider2 = MSSCCI:SourceOffSite
		SccProjectUniqueName3 = Phase2\\DodPho\\DodPho.vcproj
		SccProjectName3 = $/ZQProjs/Tianshan/DataOnDemand/Phase2/DodPho
		SccLocalPath3 = Phase2\\DodPho
		SccProvider3 = MSSCCI:SourceOffSite
		SccProjectUniqueName4 = Phase2\\dodapp\\JMSDispatch\\JMSDispatch.vcproj
		SccProjectName4 = \u0022$/ZQProjs/Tianshan/DataOnDemand/Phase1/DODApp/JMSDispatch\u0022,\u0020IXXAAAAA
		SccLocalPath4 = Phase2\\dodapp\\JMSDispatch
		SccProvider4 = MSSCCI:SourceOffSite
		SccProjectUniqueName5 = Phase2\\TsDump\\tsdump.vcproj
		SccProjectName5 = \u0022$/ZQProjs/Generic/TsDump\u0022,\u0020IXWAAAAA
		SccLocalPath5 = Phase2\\TsDump
		SccProvider5 = MSSCCI:SourceOffSite
	EndGlobalSection
	GlobalSection(SolutionConfigurationPlatforms) = preSolution
		Debug|Win32 = Debug|Win32
		Debug|x64 = Debug|x64
		Java|Win32 = Java|Win32
		Java|x64 = Java|x64
		Release|Win32 = Release|Win32
		Release|x64 = Release|x64
		Unicode Debug|Win32 = Unicode Debug|Win32
		Unicode Debug|x64 = Unicode Debug|x64
		Unicode Release|Win32 = Unicode Release|Win32
		Unicode Release|x64 = Unicode Release|x64
	EndGlobalSection
	GlobalSection(ProjectConfigurationPlatforms) = postSolution
		{19C8DAF2-AE54-4AA9-B9C3-B31D34E3E093}.Debug|Win32.ActiveCfg = Debug|Win32
		{19C8DAF2-AE54-4AA9-B9C3-B31D34E3E093}.Debug|Win32.Build.0 = Debug|Win32
		{19C8DAF2-AE54-4AA9-B9C3-B31D34E3E093}.Debug|x64.ActiveCfg = Debug|Win32
		{19C8DAF2-AE54-4AA9-B9C3-B31D34E3E093}.Java|Win32.ActiveCfg = Release|Win32
		{19C8DAF2-AE54-4AA9-B9C3-B31D34E3E093}.Java|Win32.Build.0 = Release|Win32
		{19C8DAF2-AE54-4AA9-B9C3-B31D34E3E093}.Java|x64.ActiveCfg = Release|Win32
		{19C8DAF2-AE54-4AA9-B9C3-B31D34E3E093}.Release|Win32.ActiveCfg = Release|Win32
		{19C8DAF2-AE54-4AA9-B9C3-B31D34E3E093}.Release|Win32.Build.0 = Release|Win32
		{19C8DAF2-AE54-4AA9-B9C3-B31D34E3E093}.Release|x64.ActiveCfg = Release|x64
		{19C8DAF2-AE54-4AA9-B9C3-B31D34E3E093}.Release|x64.Build.0 = Release|x64
		{19C8DAF2-AE54-4AA9-B9C3-B31D34E3E093}.Unicode Debug|Win32.ActiveCfg = Debug|Win32
		{19C8DAF2-AE54-4AA9-B9C3-B31D34E3E093}.Unicode Debug|Win32.Build.0 = Debug|Win32
		{19C8DAF2-AE54-4AA9-B9C3-B31D34E3E093}.Unicode Debug|x64.ActiveCfg = Debug|Win32
		{19C8DAF2-AE54-4AA9-B9C3-B31D34E3E093}.Unicode Release|Win32.ActiveCfg = Release|Win32
		{19C8DAF2-AE54-4AA9-B9C3-B31D34E3E093}.Unicode Release|Win32.Build.0 = Release|Win32
		{19C8DAF2-AE54-4AA9-B9C3-B31D34E3E093}.Unicode Release|x64.ActiveCfg = Release|Win32
		{D4F2A5C4-D3E0-4027-87AF-87BEDCE669C0}.Debug|Win32.ActiveCfg = Debug|Win32
		{D4F2A5C4-D3E0-4027-87AF-87BEDCE669C0}.Debug|Win32.Build.0 = Debug|Win32
		{D4F2A5C4-D3E0-4027-87AF-87BEDCE669C0}.Debug|x64.ActiveCfg = Debug|Win32
		{D4F2A5C4-D3E0-4027-87AF-87BEDCE669C0}.Java|Win32.ActiveCfg = Release|Win32
		{D4F2A5C4-D3E0-4027-87AF-87BEDCE669C0}.Java|Win32.Build.0 = Release|Win32
		{D4F2A5C4-D3E0-4027-87AF-87BEDCE669C0}.Java|x64.ActiveCfg = Release|Win32
		{D4F2A5C4-D3E0-4027-87AF-87BEDCE669C0}.Release|Win32.ActiveCfg = Release|Win32
		{D4F2A5C4-D3E0-4027-87AF-87BEDCE669C0}.Release|Win32.Build.0 = Release|Win32
		{D4F2A5C4-D3E0-4027-87AF-87BEDCE669C0}.Release|x64.ActiveCfg = Release|x64
		{D4F2A5C4-D3E0-4027-87AF-87BEDCE669C0}.Release|x64.Build.0 = Release|x64
		{D4F2A5C4-D3E0-4027-87AF-87BEDCE669C0}.Unicode Debug|Win32.ActiveCfg = Debug|Win32
		{D4F2A5C4-D3E0-4027-87AF-87BEDCE669C0}.Unicode Debug|Win32.Build.0 = Debug|Win32
		{D4F2A5C4-D3E0-4027-87AF-87BEDCE669C0}.Unicode Debug|x64.ActiveCfg = Debug|Win32
		{D4F2A5C4-D3E0-4027-87AF-87BEDCE669C0}.Unicode Release|Win32.ActiveCfg = Release|Win32
		{D4F2A5C4-D3E0-4027-87AF-87BEDCE669C0}.Unicode Release|Win32.Build.0 = Release|Win32
		{D4F2A5C4-D3E0-4027-87AF-87BEDCE669C0}.Unicode Release|x64.ActiveCfg = Release|Win32
		{2C22FF75-4081-48AC-A9BE-DFF6B26E19BD}.Debug|Win32.ActiveCfg = Debug|Win32
		{2C22FF75-4081-48AC-A9BE-DFF6B26E19BD}.Debug|Win32.Build.0 = Debug|Win32
		{2C22FF75-4081-48AC-A9BE-DFF6B26E19BD}.Debug|x64.ActiveCfg = Debug|Win32
		{2C22FF75-4081-48AC-A9BE-DFF6B26E19BD}.Java|Win32.ActiveCfg = Release|Win32
		{2C22FF75-4081-48AC-A9BE-DFF6B26E19BD}.Java|Win32.Build.0 = Release|Win32
		{2C22FF75-4081-48AC-A9BE-DFF6B26E19BD}.Java|x64.ActiveCfg = Release|Win32
		{2C22FF75-4081-48AC-A9BE-DFF6B26E19BD}.Release|Win32.ActiveCfg = Release|Win32
		{2C22FF75-4081-48AC-A9BE-DFF6B26E19BD}.Release|Win32.Build.0 = Release|Win32
		{2C22FF75-4081-48AC-A9BE-DFF6B26E19BD}.Release|x64.ActiveCfg = Release|x64
		{2C22FF75-4081-48AC-A9BE-DFF6B26E19BD}.Release|x64.Build.0 = Release|x64
		{2C22FF75-4081-48AC-A9BE-DFF6B26E19BD}.Unicode Debug|Win32.ActiveCfg = Debug|Win32
		{2C22FF75-4081-48AC-A9BE-DFF6B26E19BD}.Unicode Debug|Win32.Build.0 = Debug|Win32
		{2C22FF75-4081-48AC-A9BE-DFF6B26E19BD}.Unicode Debug|x64.ActiveCfg = Debug|Win32
		{2C22FF75-4081-48AC-A9BE-DFF6B26E19BD}.Unicode Release|Win32.ActiveCfg = Release|Win32
		{2C22FF75-4081-48AC-A9BE-DFF6B26E19BD}.Unicode Release|Win32.Build.0 = Release|Win32
		{2C22FF75-4081-48AC-A9BE-DFF6B26E19BD}.Unicode Release|x64.ActiveCfg = Release|Win32
		{CEDD9A6B-DD7E-4091-BC14-C30FBF7B2A12}.Debug|Win32.ActiveCfg = Debug|Win32
		{CEDD9A6B-DD7E-4091-BC14-C30FBF7B2A12}.Debug|Win32.Build.0 = Debug|Win32
		{CEDD9A6B-DD7E-4091-BC14-C30FBF7B2A12}.Debug|x64.ActiveCfg = Debug|Win32
		{CEDD9A6B-DD7E-4091-BC14-C30FBF7B2A12}.Java|Win32.ActiveCfg = Release|Win32
		{CEDD9A6B-DD7E-4091-BC14-C30FBF7B2A12}.Java|Win32.Build.0 = Release|Win32
		{CEDD9A6B-DD7E-4091-BC14-C30FBF7B2A12}.Java|x64.ActiveCfg = Release|Win32
		{CEDD9A6B-DD7E-4091-BC14-C30FBF7B2A12}.Release|Win32.ActiveCfg = Release|Win32
		{CEDD9A6B-DD7E-4091-BC14-C30FBF7B2A12}.Release|Win32.Build.0 = Release|Win32
		{CEDD9A6B-DD7E-4091-BC14-C30FBF7B2A12}.Release|x64.ActiveCfg = Release|x64
		{CEDD9A6B-DD7E-4091-BC14-C30FBF7B2A12}.Release|x64.Build.0 = Release|x64
		{CEDD9A6B-DD7E-4091-BC14-C30FBF7B2A12}.Unicode Debug|Win32.ActiveCfg = Debug|Win32
		{CEDD9A6B-DD7E-4091-BC14-C30FBF7B2A12}.Unicode Debug|Win32.Build.0 = Debug|Win32
		{CEDD9A6B-DD7E-4091-BC14-C30FBF7B2A12}.Unicode Debug|x64.ActiveCfg = Debug|Win32
		{CEDD9A6B-DD7E-4091-BC14-C30FBF7B2A12}.Unicode Release|Win32.ActiveCfg = Release|Win32
		{CEDD9A6B-DD7E-4091-BC14-C30FBF7B2A12}.Unicode Release|Win32.Build.0 = Release|Win32
		{CEDD9A6B-DD7E-4091-BC14-C30FBF7B2A12}.Unicode Release|x64.ActiveCfg = Release|Win32
		{FA045C3F-854D-418C-B72D-CF3B4848B7D4}.Debug|Win32.ActiveCfg = Debug|Win32
		{FA045C3F-854D-418C-B72D-CF3B4848B7D4}.Debug|Win32.Build.0 = Debug|Win32
		{FA045C3F-854D-418C-B72D-CF3B4848B7D4}.Debug|x64.ActiveCfg = Debug|Win32
		{FA045C3F-854D-418C-B72D-CF3B4848B7D4}.Java|Win32.ActiveCfg = Release|Win32
		{FA045C3F-854D-418C-B72D-CF3B4848B7D4}.Java|Win32.Build.0 = Release|Win32
		{FA045C3F-854D-418C-B72D-CF3B4848B7D4}.Java|x64.ActiveCfg = Release|Win32
		{FA045C3F-854D-418C-B72D-CF3B4848B7D4}.Release|Win32.ActiveCfg = Release|Win32
		{FA045C3F-854D-418C-B72D-CF3B4848B7D4}.Release|Win32.Build.0 = Release|Win32
		{FA045C3F-854D-418C-B72D-CF3B4848B7D4}.Release|x64.ActiveCfg = Release|x64
		{FA045C3F-854D-418C-B72D-CF3B4848B7D4}.Release|x64.Build.0 = Release|x64
		{FA045C3F-854D-418C-B72D-CF3B4848B7D4}.Unicode Debug|Win32.ActiveCfg = Debug|Win32
		{FA045C3F-854D-418C-B72D-CF3B4848B7D4}.Unicode Debug|Win32.Build.0 = Debug|Win32
		{FA045C3F-854D-418C-B72D-CF3B4848B7D4}.Unicode Debug|x64.ActiveCfg = Debug|Win32
		{FA045C3F-854D-418C-B72D-CF3B4848B7D4}.Unicode Release|Win32.ActiveCfg = Release|Win32
		{FA045C3F-854D-418C-B72D-CF3B4848B7D4}.Unicode Release|Win32.Build.0 = Release|Win32
		{FA045C3F-854D-418C-B72D-CF3B4848B7D4}.Unicode Release|x64.ActiveCfg = Release|Win32
		{9FD35974-4CE8-4BB4-BAB3-691CB142A70A}.Debug|Win32.ActiveCfg = Debug|Win32
		{9FD35974-4CE8-4BB4-BAB3-691CB142A70A}.Debug|Win32.Build.0 = Debug|Win32
		{9FD35974-4CE8-4BB4-BAB3-691CB142A70A}.Debug|x64.ActiveCfg = Debug|Win32
		{9FD35974-4CE8-4BB4-BAB3-691CB142A70A}.Java|Win32.ActiveCfg = Release|Win32
		{9FD35974-4CE8-4BB4-BAB3-691CB142A70A}.Java|Win32.Build.0 = Release|Win32
		{9FD35974-4CE8-4BB4-BAB3-691CB142A70A}.Java|x64.ActiveCfg = Release|Win32
		{9FD35974-4CE8-4BB4-BAB3-691CB142A70A}.Release|Win32.ActiveCfg = Release|Win32
		{9FD35974-4CE8-4BB4-BAB3-691CB142A70A}.Release|Win32.Build.0 = Release|Win32
		{9FD35974-4CE8-4BB4-BAB3-691CB142A70A}.Release|x64.ActiveCfg = Release|x64
		{9FD35974-4CE8-4BB4-BAB3-691CB142A70A}.Release|x64.Build.0 = Release|x64
		{9FD35974-4CE8-4BB4-BAB3-691CB142A70A}.Unicode Debug|Win32.ActiveCfg = Debug|Win32
		{9FD35974-4CE8-4BB4-BAB3-691CB142A70A}.Unicode Debug|Win32.Build.0 = Debug|Win32
		{9FD35974-4CE8-4BB4-BAB3-691CB142A70A}.Unicode Debug|x64.ActiveCfg = Debug|Win32
		{9FD35974-4CE8-4BB4-BAB3-691CB142A70A}.Unicode Release|Win32.ActiveCfg = Release|Win32
		{9FD35974-4CE8-4BB4-BAB3-691CB142A70A}.Unicode Release|Win32.Build.0 = Release|Win32
		{9FD35974-4CE8-4BB4-BAB3-691CB142A70A}.Unicode Release|x64.ActiveCfg = Release|Win32
		{5554E53A-E58C-4565-81A4-1E7377F84A6D}.Debug|Win32.ActiveCfg = Debug|Win32
		{5554E53A-E58C-4565-81A4-1E7377F84A6D}.Debug|Win32.Build.0 = Debug|Win32
		{5554E53A-E58C-4565-81A4-1E7377F84A6D}.Debug|x64.ActiveCfg = Debug|Win32
		{5554E53A-E58C-4565-81A4-1E7377F84A6D}.Java|Win32.ActiveCfg = Debug|Win32
		{5554E53A-E58C-4565-81A4-1E7377F84A6D}.Java|Win32.Build.0 = Debug|Win32
		{5554E53A-E58C-4565-81A4-1E7377F84A6D}.Java|x64.ActiveCfg = Debug|Win32
		{5554E53A-E58C-4565-81A4-1E7377F84A6D}.Release|Win32.ActiveCfg = Release|Win32
		{5554E53A-E58C-4565-81A4-1E7377F84A6D}.Release|Win32.Build.0 = Release|Win32
		{5554E53A-E58C-4565-81A4-1E7377F84A6D}.Release|x64.ActiveCfg = Release|x64
		{5554E53A-E58C-4565-81A4-1E7377F84A6D}.Release|x64.Build.0 = Release|x64
		{5554E53A-E58C-4565-81A4-1E7377F84A6D}.Unicode Debug|Win32.ActiveCfg = Debug|Win32
		{5554E53A-E58C-4565-81A4-1E7377F84A6D}.Unicode Debug|Win32.Build.0 = Debug|Win32
		{5554E53A-E58C-4565-81A4-1E7377F84A6D}.Unicode Debug|x64.ActiveCfg = Debug|Win32
		{5554E53A-E58C-4565-81A4-1E7377F84A6D}.Unicode Release|Win32.ActiveCfg = Release|Win32
		{5554E53A-E58C-4565-81A4-1E7377F84A6D}.Unicode Release|Win32.Build.0 = Release|Win32
		{5554E53A-E58C-4565-81A4-1E7377F84A6D}.Unicode Release|x64.ActiveCfg = Release|Win32
		{47A24C97-2159-423A-8438-1C9C98A5F331}.Debug|Win32.ActiveCfg = Debug|Win32
		{47A24C97-2159-423A-8438-1C9C98A5F331}.Debug|Win32.Build.0 = Debug|Win32
		{47A24C97-2159-423A-8438-1C9C98A5F331}.Debug|x64.ActiveCfg = Debug|Win32
		{47A24C97-2159-423A-8438-1C9C98A5F331}.Java|Win32.ActiveCfg = Release|Win32
		{47A24C97-2159-423A-8438-1C9C98A5F331}.Java|Win32.Build.0 = Release|Win32
		{47A24C97-2159-423A-8438-1C9C98A5F331}.Java|x64.ActiveCfg = Release|Win32
		{47A24C97-2159-423A-8438-1C9C98A5F331}.Release|Win32.ActiveCfg = Release|Win32
		{47A24C97-2159-423A-8438-1C9C98A5F331}.Release|Win32.Build.0 = Release|Win32
		{47A24C97-2159-423A-8438-1C9C98A5F331}.Release|x64.ActiveCfg = Release|x64
		{47A24C97-2159-423A-8438-1C9C98A5F331}.Release|x64.Build.0 = Release|x64
		{47A24C97-2159-423A-8438-1C9C98A5F331}.Unicode Debug|Win32.ActiveCfg = Debug|Win32
		{47A24C97-2159-423A-8438-1C9C98A5F331}.Unicode Debug|Win32.Build.0 = Debug|Win32
		{47A24C97-2159-423A-8438-1C9C98A5F331}.Unicode Debug|x64.ActiveCfg = Debug|Win32
		{47A24C97-2159-423A-8438-1C9C98A5F331}.Unicode Release|Win32.ActiveCfg = Release|Win32
		{47A24C97-2159-423A-8438-1C9C98A5F331}.Unicode Release|Win32.Build.0 = Release|Win32
		{47A24C97-2159-423A-8438-1C9C98A5F331}.Unicode Release|x64.ActiveCfg = Release|Win32
		{D3451226-25B5-4945-B4FA-65AA21697974}.Debug|Win32.ActiveCfg = Debug|Win32
		{D3451226-25B5-4945-B4FA-65AA21697974}.Debug|Win32.Build.0 = Debug|Win32
		{D3451226-25B5-4945-B4FA-65AA21697974}.Debug|x64.ActiveCfg = Debug|Win32
		{D3451226-25B5-4945-B4FA-65AA21697974}.Java|Win32.ActiveCfg = Debug|Win32
		{D3451226-25B5-4945-B4FA-65AA21697974}.Java|Win32.Build.0 = Debug|Win32
		{D3451226-25B5-4945-B4FA-65AA21697974}.Java|x64.ActiveCfg = Debug|Win32
		{D3451226-25B5-4945-B4FA-65AA21697974}.Release|Win32.ActiveCfg = Release|Win32
		{D3451226-25B5-4945-B4FA-65AA21697974}.Release|Win32.Build.0 = Release|Win32
		{D3451226-25B5-4945-B4FA-65AA21697974}.Release|x64.ActiveCfg = Release|x64
		{D3451226-25B5-4945-B4FA-65AA21697974}.Release|x64.Build.0 = Release|x64
		{D3451226-25B5-4945-B4FA-65AA21697974}.Unicode Debug|Win32.ActiveCfg = Unicode Debug|Win32
		{D3451226-25B5-4945-B4FA-65AA21697974}.Unicode Debug|Win32.Build.0 = Unicode Debug|Win32
		{D3451226-25B5-4945-B4FA-65AA21697974}.Unicode Debug|x64.ActiveCfg = Unicode Debug|Win32
		{D3451226-25B5-4945-B4FA-65AA21697974}.Unicode Release|Win32.ActiveCfg = Unicode Release|Win32
		{D3451226-25B5-4945-B4FA-65AA21697974}.Unicode Release|Win32.Build.0 = Unicode Release|Win32
		{D3451226-25B5-4945-B4FA-65AA21697974}.Unicode Release|x64.ActiveCfg = Unicode Release|Win32
		{9382DA55-17F6-4CB9-B536-9E932F64A278}.Debug|Win32.ActiveCfg = Debug|Win32
		{9382DA55-17F6-4CB9-B536-9E932F64A278}.Debug|Win32.Build.0 = Debug|Win32
		{9382DA55-17F6-4CB9-B536-9E932F64A278}.Debug|x64.ActiveCfg = Debug|Win32
		{9382DA55-17F6-4CB9-B536-9E932F64A278}.Java|Win32.ActiveCfg = Release|Win32
		{9382DA55-17F6-4CB9-B536-9E932F64A278}.Java|Win32.Build.0 = Release|Win32
		{9382DA55-17F6-4CB9-B536-9E932F64A278}.Java|x64.ActiveCfg = Release|Win32
		{9382DA55-17F6-4CB9-B536-9E932F64A278}.Release|Win32.ActiveCfg = Release|Win32
		{9382DA55-17F6-4CB9-B536-9E932F64A278}.Release|Win32.Build.0 = Release|Win32
		{9382DA55-17F6-4CB9-B536-9E932F64A278}.Release|x64.ActiveCfg = Release|x64
		{9382DA55-17F6-4CB9-B536-9E932F64A278}.Release|x64.Build.0 = Release|x64
		{9382DA55-17F6-4CB9-B536-9E932F64A278}.Unicode Debug|Win32.ActiveCfg = Debug|Win32
		{9382DA55-17F6-4CB9-B536-9E932F64A278}.Unicode Debug|Win32.Build.0 = Debug|Win32
		{9382DA55-17F6-4CB9-B536-9E932F64A278}.Unicode Debug|x64.ActiveCfg = Debug|Win32
		{9382DA55-17F6-4CB9-B536-9E932F64A278}.Unicode Release|Win32.ActiveCfg = Release|Win32
		{9382DA55-17F6-4CB9-B536-9E932F64A278}.Unicode Release|Win32.Build.0 = Release|Win32
		{9382DA55-17F6-4CB9-B536-9E932F64A278}.Unicode Release|x64.ActiveCfg = Release|Win32
		{A49A8C2D-3A3E-4A29-B8E5-362D3ECAFA8C}.Debug|Win32.ActiveCfg = Debug|Win32
		{A49A8C2D-3A3E-4A29-B8E5-362D3ECAFA8C}.Debug|Win32.Build.0 = Debug|Win32
		{A49A8C2D-3A3E-4A29-B8E5-362D3ECAFA8C}.Debug|x64.ActiveCfg = Debug|Win32
		{A49A8C2D-3A3E-4A29-B8E5-362D3ECAFA8C}.Java|Win32.ActiveCfg = Release|Win32
		{A49A8C2D-3A3E-4A29-B8E5-362D3ECAFA8C}.Java|Win32.Build.0 = Release|Win32
		{A49A8C2D-3A3E-4A29-B8E5-362D3ECAFA8C}.Java|x64.ActiveCfg = Release|Win32
		{A49A8C2D-3A3E-4A29-B8E5-362D3ECAFA8C}.Release|Win32.ActiveCfg = Release|Win32
		{A49A8C2D-3A3E-4A29-B8E5-362D3ECAFA8C}.Release|Win32.Build.0 = Release|Win32
		{A49A8C2D-3A3E-4A29-B8E5-362D3ECAFA8C}.Release|x64.ActiveCfg = Release|x64
		{A49A8C2D-3A3E-4A29-B8E5-362D3ECAFA8C}.Release|x64.Build.0 = Release|x64
		{A49A8C2D-3A3E-4A29-B8E5-362D3ECAFA8C}.Unicode Debug|Win32.ActiveCfg = Debug|Win32
		{A49A8C2D-3A3E-4A29-B8E5-362D3ECAFA8C}.Unicode Debug|Win32.Build.0 = Debug|Win32
		{A49A8C2D-3A3E-4A29-B8E5-362D3ECAFA8C}.Unicode Debug|x64.ActiveCfg = Debug|Win32
		{A49A8C2D-3A3E-4A29-B8E5-362D3ECAFA8C}.Unicode Release|Win32.ActiveCfg = Release|Win32
		{A49A8C2D-3A3E-4A29-B8E5-362D3ECAFA8C}.Unicode Release|Win32.Build.0 = Release|Win32
		{A49A8C2D-3A3E-4A29-B8E5-362D3ECAFA8C}.Unicode Release|x64.ActiveCfg = Release|Win32
		{AF4C8F39-3AB3-43C5-A36E-0628D5C334CD}.Debug|Win32.ActiveCfg = Debug|Win32
		{AF4C8F39-3AB3-43C5-A36E-0628D5C334CD}.Debug|Win32.Build.0 = Debug|Win32
		{AF4C8F39-3AB3-43C5-A36E-0628D5C334CD}.Debug|x64.ActiveCfg = Debug|x64
		{AF4C8F39-3AB3-43C5-A36E-0628D5C334CD}.Debug|x64.Build.0 = Debug|x64
		{AF4C8F39-3AB3-43C5-A36E-0628D5C334CD}.Java|Win32.ActiveCfg = Unicode Release|x64
		{AF4C8F39-3AB3-43C5-A36E-0628D5C334CD}.Java|x64.ActiveCfg = Unicode Release|x64
		{AF4C8F39-3AB3-43C5-A36E-0628D5C334CD}.Java|x64.Build.0 = Unicode Release|x64
		{AF4C8F39-3AB3-43C5-A36E-0628D5C334CD}.Release|Win32.ActiveCfg = Release|Win32
		{AF4C8F39-3AB3-43C5-A36E-0628D5C334CD}.Release|Win32.Build.0 = Release|Win32
		{AF4C8F39-3AB3-43C5-A36E-0628D5C334CD}.Release|x64.ActiveCfg = Release|x64
		{AF4C8F39-3AB3-43C5-A36E-0628D5C334CD}.Release|x64.Build.0 = Release|x64
		{AF4C8F39-3AB3-43C5-A36E-0628D5C334CD}.Unicode Debug|Win32.ActiveCfg = Unicode Debug|Win32
		{AF4C8F39-3AB3-43C5-A36E-0628D5C334CD}.Unicode Debug|Win32.Build.0 = Unicode Debug|Win32
		{AF4C8F39-3AB3-43C5-A36E-0628D5C334CD}.Unicode Debug|x64.ActiveCfg = Unicode Debug|x64
		{AF4C8F39-3AB3-43C5-A36E-0628D5C334CD}.Unicode Debug|x64.Build.0 = Unicode Debug|x64
		{AF4C8F39-3AB3-43C5-A36E-0628D5C334CD}.Unicode Release|Win32.ActiveCfg = Unicode Release|Win32
		{AF4C8F39-3AB3-43C5-A36E-0628D5C334CD}.Unicode Release|Win32.Build.0 = Unicode Release|Win32
		{AF4C8F39-3AB3-43C5-A36E-0628D5C334CD}.Unicode Release|x64.ActiveCfg = Unicode Release|x64
		{AF4C8F39-3AB3-43C5-A36E-0628D5C334CD}.Unicode Release|x64.Build.0 = Unicode Release|x64
		{9F8ECD24-A06B-4F6D-BF2C-B51334E14C0F}.Debug|Win32.ActiveCfg = Debug|Win32
		{9F8ECD24-A06B-4F6D-BF2C-B51334E14C0F}.Debug|Win32.Build.0 = Debug|Win32
		{9F8ECD24-A06B-4F6D-BF2C-B51334E14C0F}.Debug|x64.ActiveCfg = Debug|x64
		{9F8ECD24-A06B-4F6D-BF2C-B51334E14C0F}.Debug|x64.Build.0 = Debug|x64
		{9F8ECD24-A06B-4F6D-BF2C-B51334E14C0F}.Java|Win32.ActiveCfg = Java|Win32
		{9F8ECD24-A06B-4F6D-BF2C-B51334E14C0F}.Java|Win32.Build.0 = Java|Win32
		{9F8ECD24-A06B-4F6D-BF2C-B51334E14C0F}.Java|x64.ActiveCfg = Java|x64
		{9F8ECD24-A06B-4F6D-BF2C-B51334E14C0F}.Java|x64.Build.0 = Java|x64
		{9F8ECD24-A06B-4F6D-BF2C-B51334E14C0F}.Release|Win32.ActiveCfg = Release|Win32
		{9F8ECD24-A06B-4F6D-BF2C-B51334E14C0F}.Release|Win32.Build.0 = Release|Win32
		{9F8ECD24-A06B-4F6D-BF2C-B51334E14C0F}.Release|x64.ActiveCfg = Release|x64
		{9F8ECD24-A06B-4F6D-BF2C-B51334E14C0F}.Release|x64.Build.0 = Release|x64
		{9F8ECD24-A06B-4F6D-BF2C-B51334E14C0F}.Unicode Debug|Win32.ActiveCfg = Debug|Win32
		{9F8ECD24-A06B-4F6D-BF2C-B51334E14C0F}.Unicode Debug|Win32.Build.0 = Debug|Win32
		{9F8ECD24-A06B-4F6D-BF2C-B51334E14C0F}.Unicode Debug|x64.ActiveCfg = Debug|x64
		{9F8ECD24-A06B-4F6D-BF2C-B51334E14C0F}.Unicode Debug|x64.Build.0 = Debug|x64
		{9F8ECD24-A06B-4F6D-BF2C-B51334E14C0F}.Unicode Release|Win32.ActiveCfg = Release|Win32
		{9F8ECD24-A06B-4F6D-BF2C-B51334E14C0F}.Unicode Release|Win32.Build.0 = Release|Win32
		{9F8ECD24-A06B-4F6D-BF2C-B51334E14C0F}.Unicode Release|x64.ActiveCfg = Release|x64
		{9F8ECD24-A06B-4F6D-BF2C-B51334E14C0F}.Unicode Release|x64.Build.0 = Release|x64
		{8162B094-7F98-42D1-9DF1-9EDE698A4598}.Debug|Win32.ActiveCfg = Debug|Win32
		{8162B094-7F98-42D1-9DF1-9EDE698A4598}.Debug|Win32.Build.0 = Debug|Win32
		{8162B094-7F98-42D1-9DF1-9EDE698A4598}.Debug|x64.ActiveCfg = Debug|x64
		{8162B094-7F98-42D1-9DF1-9EDE698A4598}.Debug|x64.Build.0 = Debug|x64
		{8162B094-7F98-42D1-9DF1-9EDE698A4598}.Java|Win32.ActiveCfg = Unicode Debug|x64
		{8162B094-7F98-42D1-9DF1-9EDE698A4598}.Java|x64.ActiveCfg = Unicode Debug|x64
		{8162B094-7F98-42D1-9DF1-9EDE698A4598}.Java|x64.Build.0 = Unicode Debug|x64
		{8162B094-7F98-42D1-9DF1-9EDE698A4598}.Release|Win32.ActiveCfg = Release|Win32
		{8162B094-7F98-42D1-9DF1-9EDE698A4598}.Release|Win32.Build.0 = Release|Win32
		{8162B094-7F98-42D1-9DF1-9EDE698A4598}.Release|x64.ActiveCfg = Release|x64
		{8162B094-7F98-42D1-9DF1-9EDE698A4598}.Release|x64.Build.0 = Release|x64
		{8162B094-7F98-42D1-9DF1-9EDE698A4598}.Unicode Debug|Win32.ActiveCfg = Unicode Debug|Win32
		{8162B094-7F98-42D1-9DF1-9EDE698A4598}.Unicode Debug|Win32.Build.0 = Unicode Debug|Win32
		{8162B094-7F98-42D1-9DF1-9EDE698A4598}.Unicode Debug|x64.ActiveCfg = Unicode Debug|x64
		{8162B094-7F98-42D1-9DF1-9EDE698A4598}.Unicode Debug|x64.Build.0 = Unicode Debug|x64
		{8162B094-7F98-42D1-9DF1-9EDE698A4598}.Unicode Release|Win32.ActiveCfg = Unicode Release|Win32
		{8162B094-7F98-42D1-9DF1-9EDE698A4598}.Unicode Release|Win32.Build.0 = Unicode Release|Win32
		{8162B094-7F98-42D1-9DF1-9EDE698A4598}.Unicode Release|x64.ActiveCfg = Unicode Release|x64
		{8162B094-7F98-42D1-9DF1-9EDE698A4598}.Unicode Release|x64.Build.0 = Unicode Release|x64
		{8E824A81-8EBB-453E-8EBA-6362F6F31AFB}.Debug|Win32.ActiveCfg = Debug|Win32
		{8E824A81-8EBB-453E-8EBA-6362F6F31AFB}.Debug|Win32.Build.0 = Debug|Win32
		{8E824A81-8EBB-453E-8EBA-6362F6F31AFB}.Debug|x64.ActiveCfg = Debug|x64
		{8E824A81-8EBB-453E-8EBA-6362F6F31AFB}.Debug|x64.Build.0 = Debug|x64
		{8E824A81-8EBB-453E-8EBA-6362F6F31AFB}.Java|Win32.ActiveCfg = Unicode Release|x64
		{8E824A81-8EBB-453E-8EBA-6362F6F31AFB}.Java|x64.ActiveCfg = Unicode Release|x64
		{8E824A81-8EBB-453E-8EBA-6362F6F31AFB}.Java|x64.Build.0 = Unicode Release|x64
		{8E824A81-8EBB-453E-8EBA-6362F6F31AFB}.Release|Win32.ActiveCfg = Release|Win32
		{8E824A81-8EBB-453E-8EBA-6362F6F31AFB}.Release|Win32.Build.0 = Release|Win32
		{8E824A81-8EBB-453E-8EBA-6362F6F31AFB}.Release|x64.ActiveCfg = Release|x64
		{8E824A81-8EBB-453E-8EBA-6362F6F31AFB}.Release|x64.Build.0 = Release|x64
		{8E824A81-8EBB-453E-8EBA-6362F6F31AFB}.Unicode Debug|Win32.ActiveCfg = Unicode Debug|Win32
		{8E824A81-8EBB-453E-8EBA-6362F6F31AFB}.Unicode Debug|Win32.Build.0 = Unicode Debug|Win32
		{8E824A81-8EBB-453E-8EBA-6362F6F31AFB}.Unicode Debug|x64.ActiveCfg = Unicode Debug|x64
		{8E824A81-8EBB-453E-8EBA-6362F6F31AFB}.Unicode Debug|x64.Build.0 = Unicode Debug|x64
		{8E824A81-8EBB-453E-8EBA-6362F6F31AFB}.Unicode Release|Win32.ActiveCfg = Unicode Release|Win32
		{8E824A81-8EBB-453E-8EBA-6362F6F31AFB}.Unicode Release|Win32.Build.0 = Unicode Release|Win32
		{8E824A81-8EBB-453E-8EBA-6362F6F31AFB}.Unicode Release|x64.ActiveCfg = Unicode Release|x64
		{8E824A81-8EBB-453E-8EBA-6362F6F31AFB}.Unicode Release|x64.Build.0 = Unicode Release|x64
		{EC152ADA-BADB-4312-8BB3-106264D9F149}.Debug|Win32.ActiveCfg = Debug|Win32
		{EC152ADA-BADB-4312-8BB3-106264D9F149}.Debug|Win32.Build.0 = Debug|Win32
		{EC152ADA-BADB-4312-8BB3-106264D9F149}.Debug|x64.ActiveCfg = Debug|x64
		{EC152ADA-BADB-4312-8BB3-106264D9F149}.Debug|x64.Build.0 = Debug|x64
		{EC152ADA-BADB-4312-8BB3-106264D9F149}.Java|Win32.ActiveCfg = Unicode Release|x64
		{EC152ADA-BADB-4312-8BB3-106264D9F149}.Java|x64.ActiveCfg = Unicode Release|x64
		{EC152ADA-BADB-4312-8BB3-106264D9F149}.Java|x64.Build.0 = Unicode Release|x64
		{EC152ADA-BADB-4312-8BB3-106264D9F149}.Release|Win32.ActiveCfg = Release|Win32
		{EC152ADA-BADB-4312-8BB3-106264D9F149}.Release|Win32.Build.0 = Release|Win32
		{EC152ADA-BADB-4312-8BB3-106264D9F149}.Release|x64.ActiveCfg = Release|x64
		{EC152ADA-BADB-4312-8BB3-106264D9F149}.Release|x64.Build.0 = Release|x64
		{EC152ADA-BADB-4312-8BB3-106264D9F149}.Unicode Debug|Win32.ActiveCfg = Unicode Debug|Win32
		{EC152ADA-BADB-4312-8BB3-106264D9F149}.Unicode Debug|Win32.Build.0 = Unicode Debug|Win32
		{EC152ADA-BADB-4312-8BB3-106264D9F149}.Unicode Debug|x64.ActiveCfg = Unicode Debug|x64
		{EC152ADA-BADB-4312-8BB3-106264D9F149}.Unicode Debug|x64.Build.0 = Unicode Debug|x64
		{EC152ADA-BADB-4312-8BB3-106264D9F149}.Unicode Release|Win32.ActiveCfg = Unicode Release|Win32
		{EC152ADA-BADB-4312-8BB3-106264D9F149}.Unicode Release|Win32.Build.0 = Unicode Release|Win32
		{EC152ADA-BADB-4312-8BB3-106264D9F149}.Unicode Release|x64.ActiveCfg = Unicode Release|x64
		{EC152ADA-BADB-4312-8BB3-106264D9F149}.Unicode Release|x64.Build.0 = Unicode Release|x64
		{C0DEE18A-189A-444C-99E2-BCF2FE865792}.Debug|Win32.ActiveCfg = Debug|Win32
		{C0DEE18A-189A-444C-99E2-BCF2FE865792}.Debug|Win32.Build.0 = Debug|Win32
		{C0DEE18A-189A-444C-99E2-BCF2FE865792}.Debug|x64.ActiveCfg = Debug|x64
		{C0DEE18A-189A-444C-99E2-BCF2FE865792}.Debug|x64.Build.0 = Debug|x64
		{C0DEE18A-189A-444C-99E2-BCF2FE865792}.Java|Win32.ActiveCfg = Debug|x64
		{C0DEE18A-189A-444C-99E2-BCF2FE865792}.Java|x64.ActiveCfg = Debug|x64
		{C0DEE18A-189A-444C-99E2-BCF2FE865792}.Java|x64.Build.0 = Debug|x64
		{C0DEE18A-189A-444C-99E2-BCF2FE865792}.Release|Win32.ActiveCfg = Release|Win32
		{C0DEE18A-189A-444C-99E2-BCF2FE865792}.Release|Win32.Build.0 = Release|Win32
		{C0DEE18A-189A-444C-99E2-BCF2FE865792}.Release|x64.ActiveCfg = Release|x64
		{C0DEE18A-189A-444C-99E2-BCF2FE865792}.Release|x64.Build.0 = Release|x64
		{C0DEE18A-189A-444C-99E2-BCF2FE865792}.Unicode Debug|Win32.ActiveCfg = Unicode Debug|Win32
		{C0DEE18A-189A-444C-99E2-BCF2FE865792}.Unicode Debug|Win32.Build.0 = Unicode Debug|Win32
		{C0DEE18A-189A-444C-99E2-BCF2FE865792}.Unicode Debug|x64.ActiveCfg = Unicode Debug|x64
		{C0DEE18A-189A-444C-99E2-BCF2FE865792}.Unicode Debug|x64.Build.0 = Unicode Debug|x64
		{C0DEE18A-189A-444C-99E2-BCF2FE865792}.Unicode Release|Win32.ActiveCfg = Unicode Release|Win32
		{C0DEE18A-189A-444C-99E2-BCF2FE865792}.Unicode Release|Win32.Build.0 = Unicode Release|Win32
		{C0DEE18A-189A-444C-99E2-BCF2FE865792}.Unicode Release|x64.ActiveCfg = Unicode Release|x64
		{C0DEE18A-189A-444C-99E2-BCF2FE865792}.Unicode Release|x64.Build.0 = Unicode Release|x64
		{A94D8EEC-4B58-4811-961F-3AA78BAA6C87}.Debug|Win32.ActiveCfg = Debug|Win32
		{A94D8EEC-4B58-4811-961F-3AA78BAA6C87}.Debug|Win32.Build.0 = Debug|Win32
		{A94D8EEC-4B58-4811-961F-3AA78BAA6C87}.Debug|x64.ActiveCfg = Debug|x64
		{A94D8EEC-4B58-4811-961F-3AA78BAA6C87}.Debug|x64.Build.0 = Debug|x64
		{A94D8EEC-4B58-4811-961F-3AA78BAA6C87}.Java|Win32.ActiveCfg = Unicode Debug|x64
		{A94D8EEC-4B58-4811-961F-3AA78BAA6C87}.Java|x64.ActiveCfg = Unicode Debug|x64
		{A94D8EEC-4B58-4811-961F-3AA78BAA6C87}.Java|x64.Build.0 = Unicode Debug|x64
		{A94D8EEC-4B58-4811-961F-3AA78BAA6C87}.Release|Win32.ActiveCfg = Release|Win32
		{A94D8EEC-4B58-4811-961F-3AA78BAA6C87}.Release|Win32.Build.0 = Release|Win32
		{A94D8EEC-4B58-4811-961F-3AA78BAA6C87}.Release|x64.ActiveCfg = Release|x64
		{A94D8EEC-4B58-4811-961F-3AA78BAA6C87}.Release|x64.Build.0 = Release|x64
		{A94D8EEC-4B58-4811-961F-3AA78BAA6C87}.Unicode Debug|Win32.ActiveCfg = Unicode Debug|Win32
		{A94D8EEC-4B58-4811-961F-3AA78BAA6C87}.Unicode Debug|Win32.Build.0 = Unicode Debug|Win32
		{A94D8EEC-4B58-4811-961F-3AA78BAA6C87}.Unicode Debug|x64.ActiveCfg = Unicode Debug|x64
		{A94D8EEC-4B58-4811-961F-3AA78BAA6C87}.Unicode Debug|x64.Build.0 = Unicode Debug|x64
		{A94D8EEC-4B58-4811-961F-3AA78BAA6C87}.Unicode Release|Win32.ActiveCfg = Unicode Release|Win32
		{A94D8EEC-4B58-4811-961F-3AA78BAA6C87}.Unicode Release|Win32.Build.0 = Unicode Release|Win32
		{A94D8EEC-4B58-4811-961F-3AA78BAA6C87}.Unicode Release|x64.ActiveCfg = Unicode Release|x64
		{A94D8EEC-4B58-4811-961F-3AA78BAA6C87}.Unicode Release|x64.Build.0 = Unicode Release|x64
		{7A2946C2-49B6-43E1-AE6B-D7CE019CED73}.Debug|Win32.ActiveCfg = Debug|Win32
		{7A2946C2-49B6-43E1-AE6B-D7CE019CED73}.Debug|Win32.Build.0 = Debug|Win32
		{7A2946C2-49B6-43E1-AE6B-D7CE019CED73}.Debug|x64.ActiveCfg = Debug|x64
		{7A2946C2-49B6-43E1-AE6B-D7CE019CED73}.Debug|x64.Build.0 = Debug|x64
		{7A2946C2-49B6-43E1-AE6B-D7CE019CED73}.Java|Win32.ActiveCfg = Debug|x64
		{7A2946C2-49B6-43E1-AE6B-D7CE019CED73}.Java|x64.ActiveCfg = Debug|x64
		{7A2946C2-49B6-43E1-AE6B-D7CE019CED73}.Java|x64.Build.0 = Debug|x64
		{7A2946C2-49B6-43E1-AE6B-D7CE019CED73}.Release|Win32.ActiveCfg = Release|Win32
		{7A2946C2-49B6-43E1-AE6B-D7CE019CED73}.Release|Win32.Build.0 = Release|Win32
		{7A2946C2-49B6-43E1-AE6B-D7CE019CED73}.Release|x64.ActiveCfg = Release|x64
		{7A2946C2-49B6-43E1-AE6B-D7CE019CED73}.Release|x64.Build.0 = Release|x64
		{7A2946C2-49B6-43E1-AE6B-D7CE019CED73}.Unicode Debug|Win32.ActiveCfg = Unicode Debug|Win32
		{7A2946C2-49B6-43E1-AE6B-D7CE019CED73}.Unicode Debug|Win32.Build.0 = Unicode Debug|Win32
		{7A2946C2-49B6-43E1-AE6B-D7CE019CED73}.Unicode Debug|x64.ActiveCfg = Unicode Debug|x64
		{7A2946C2-49B6-43E1-AE6B-D7CE019CED73}.Unicode Debug|x64.Build.0 = Unicode Debug|x64
		{7A2946C2-49B6-43E1-AE6B-D7CE019CED73}.Unicode Release|Win32.ActiveCfg = Unicode Release|Win32
		{7A2946C2-49B6-43E1-AE6B-D7CE019CED73}.Unicode Release|Win32.Build.0 = Unicode Release|Win32
		{7A2946C2-49B6-43E1-AE6B-D7CE019CED73}.Unicode Release|x64.ActiveCfg = Unicode Release|x64
		{7A2946C2-49B6-43E1-AE6B-D7CE019CED73}.Unicode Release|x64.Build.0 = Unicode Release|x64
		{7E8DFB18-054D-4A8B-A9B1-5FB50F25A7EA}.Debug|Win32.ActiveCfg = Debug|Win32
		{7E8DFB18-054D-4A8B-A9B1-5FB50F25A7EA}.Debug|Win32.Build.0 = Debug|Win32
		{7E8DFB18-054D-4A8B-A9B1-5FB50F25A7EA}.Debug|x64.ActiveCfg = Debug|Win32
		{7E8DFB18-054D-4A8B-A9B1-5FB50F25A7EA}.Java|Win32.ActiveCfg = Debug|Win32
		{7E8DFB18-054D-4A8B-A9B1-5FB50F25A7EA}.Java|Win32.Build.0 = Debug|Win32
		{7E8DFB18-054D-4A8B-A9B1-5FB50F25A7EA}.Java|x64.ActiveCfg = Debug|Win32
		{7E8DFB18-054D-4A8B-A9B1-5FB50F25A7EA}.Release|Win32.ActiveCfg = Release|Win32
		{7E8DFB18-054D-4A8B-A9B1-5FB50F25A7EA}.Release|Win32.Build.0 = Release|Win32
		{7E8DFB18-054D-4A8B-A9B1-5FB50F25A7EA}.Release|x64.ActiveCfg = Release|x64
		{7E8DFB18-054D-4A8B-A9B1-5FB50F25A7EA}.Release|x64.Build.0 = Release|x64
		{7E8DFB18-054D-4A8B-A9B1-5FB50F25A7EA}.Unicode Debug|Win32.ActiveCfg = Debug|Win32
		{7E8DFB18-054D-4A8B-A9B1-5FB50F25A7EA}.Unicode Debug|Win32.Build.0 = Debug|Win32
		{7E8DFB18-054D-4A8B-A9B1-5FB50F25A7EA}.Unicode Debug|x64.ActiveCfg = Debug|Win32
		{7E8DFB18-054D-4A8B-A9B1-5FB50F25A7EA}.Unicode Release|Win32.ActiveCfg = Release|Win32
		{7E8DFB18-054D-4A8B-A9B1-5FB50F25A7EA}.Unicode Release|Win32.Build.0 = Release|Win32
		{7E8DFB18-054D-4A8B-A9B1-5FB50F25A7EA}.Unicode Release|x64.ActiveCfg = Release|Win32
		{7F6F9DE8-A3B5-408E-B4F3-E8A562D44A97}.Debug|Win32.ActiveCfg = Debug|Win32
		{7F6F9DE8-A3B5-408E-B4F3-E8A562D44A97}.Debug|Win32.Build.0 = Debug|Win32
		{7F6F9DE8-A3B5-408E-B4F3-E8A562D44A97}.Debug|x64.ActiveCfg = Debug|x64
		{7F6F9DE8-A3B5-408E-B4F3-E8A562D44A97}.Debug|x64.Build.0 = Debug|x64
		{7F6F9DE8-A3B5-408E-B4F3-E8A562D44A97}.Java|Win32.ActiveCfg = Release|x64
		{7F6F9DE8-A3B5-408E-B4F3-E8A562D44A97}.Java|x64.ActiveCfg = Release|x64
		{7F6F9DE8-A3B5-408E-B4F3-E8A562D44A97}.Java|x64.Build.0 = Release|x64
		{7F6F9DE8-A3B5-408E-B4F3-E8A562D44A97}.Release|Win32.ActiveCfg = Release|Win32
		{7F6F9DE8-A3B5-408E-B4F3-E8A562D44A97}.Release|Win32.Build.0 = Release|Win32
		{7F6F9DE8-A3B5-408E-B4F3-E8A562D44A97}.Release|x64.ActiveCfg = Release|x64
		{7F6F9DE8-A3B5-408E-B4F3-E8A562D44A97}.Release|x64.Build.0 = Release|x64
		{7F6F9DE8-A3B5-408E-B4F3-E8A562D44A97}.Unicode Debug|Win32.ActiveCfg = Debug|Win32
		{7F6F9DE8-A3B5-408E-B4F3-E8A562D44A97}.Unicode Debug|Win32.Build.0 = Debug|Win32
		{7F6F9DE8-A3B5-408E-B4F3-E8A562D44A97}.Unicode Debug|x64.ActiveCfg = Debug|x64
		{7F6F9DE8-A3B5-408E-B4F3-E8A562D44A97}.Unicode Debug|x64.Build.0 = Debug|x64
		{7F6F9DE8-A3B5-408E-B4F3-E8A562D44A97}.Unicode Release|Win32.ActiveCfg = Release|Win32
		{7F6F9DE8-A3B5-408E-B4F3-E8A562D44A97}.Unicode Release|Win32.Build.0 = Release|Win32
		{7F6F9DE8-A3B5-408E-B4F3-E8A562D44A97}.Unicode Release|x64.ActiveCfg = Release|x64
		{7F6F9DE8-A3B5-408E-B4F3-E8A562D44A97}.Unicode Release|x64.Build.0 = Release|x64
	EndGlobalSection
	GlobalSection(SolutionProperties) = preSolution
		HideSolutionNode = FALSE
	EndGlobalSection
EndGlobal
